// !$*UTF8*$!
{
	archiveVersion = 1;
	classes = {
	};
	objectVersion = 51;
	objects = {

/* Begin PBXBuildFile section */
		E110B4CF177FCFCC004071B5 /* ARB_Q.h in Headers */ = {isa = PBXBuildFile; fileRef = E110B4A8177FCFCC004071B5 /* ARB_Q.h */; };
		E110B4D0177FCFCC004071B5 /* ARBAgilityRecordBook.h in Headers */ = {isa = PBXBuildFile; fileRef = E110B4A9177FCFCC004071B5 /* ARBAgilityRecordBook.h */; };
		E110B4D1177FCFCC004071B5 /* ARBBase.h in Headers */ = {isa = PBXBuildFile; fileRef = E110B4AA177FCFCC004071B5 /* ARBBase.h */; };
		E110B4D2177FCFCC004071B5 /* ARBCalcPoints.h in Headers */ = {isa = PBXBuildFile; fileRef = E110B4AB177FCFCC004071B5 /* ARBCalcPoints.h */; };
		E110B4D3177FCFCC004071B5 /* ARBCalendar.h in Headers */ = {isa = PBXBuildFile; fileRef = E110B4AC177FCFCC004071B5 /* ARBCalendar.h */; };
		E110B4D4177FCFCC004071B5 /* ARBConfig.h in Headers */ = {isa = PBXBuildFile; fileRef = E110B4AD177FCFCC004071B5 /* ARBConfig.h */; };
		E110B4D5177FCFCC004071B5 /* ARBConfigAction.h in Headers */ = {isa = PBXBuildFile; fileRef = E110B4AE177FCFCC004071B5 /* ARBConfigAction.h */; };
		E110B4D6177FCFCC004071B5 /* ARBConfigCalSite.h in Headers */ = {isa = PBXBuildFile; fileRef = E110B4AF177FCFCC004071B5 /* ARBConfigCalSite.h */; };
		E110B4D7177FCFCC004071B5 /* ARBConfigDivision.h in Headers */ = {isa = PBXBuildFile; fileRef = E110B4B0177FCFCC004071B5 /* ARBConfigDivision.h */; };
		E110B4D8177FCFCC004071B5 /* ARBConfigEvent.h in Headers */ = {isa = PBXBuildFile; fileRef = E110B4B1177FCFCC004071B5 /* ARBConfigEvent.h */; };
		E110B4D9177FCFCC004071B5 /* ARBConfigFault.h in Headers */ = {isa = PBXBuildFile; fileRef = E110B4B2177FCFCC004071B5 /* ARBConfigFault.h */; };
		E110B4DA177FCFCC004071B5 /* ARBConfigLevel.h in Headers */ = {isa = PBXBuildFile; fileRef = E110B4B3177FCFCC004071B5 /* ARBConfigLevel.h */; };
		E110B4DB177FCFCC004071B5 /* ARBConfigLifetimePoints.h in Headers */ = {isa = PBXBuildFile; fileRef = E110B4B4177FCFCC004071B5 /* ARBConfigLifetimePoints.h */; };
		E110B4DC177FCFCC004071B5 /* ARBConfigMultiQ.h in Headers */ = {isa = PBXBuildFile; fileRef = E110B4B5177FCFCC004071B5 /* ARBConfigMultiQ.h */; };
		E110B4DD177FCFCC004071B5 /* ARBConfigOtherPoints.h in Headers */ = {isa = PBXBuildFile; fileRef = E110B4B6177FCFCC004071B5 /* ARBConfigOtherPoints.h */; };
		E110B4DE177FCFCC004071B5 /* ARBConfigPlaceInfo.h in Headers */ = {isa = PBXBuildFile; fileRef = E110B4B7177FCFCC004071B5 /* ARBConfigPlaceInfo.h */; };
		E110B4DF177FCFCC004071B5 /* ARBConfigScoring.h in Headers */ = {isa = PBXBuildFile; fileRef = E110B4B8177FCFCC004071B5 /* ARBConfigScoring.h */; };
		E110B4E0177FCFCC004071B5 /* ARBConfigSubLevel.h in Headers */ = {isa = PBXBuildFile; fileRef = E110B4B9177FCFCC004071B5 /* ARBConfigSubLevel.h */; };
		E110B4E1177FCFCC004071B5 /* ARBConfigTitle.h in Headers */ = {isa = PBXBuildFile; fileRef = E110B4BA177FCFCC004071B5 /* ARBConfigTitle.h */; };
		E110B4E2177FCFCC004071B5 /* ARBConfigTitlePoints.h in Headers */ = {isa = PBXBuildFile; fileRef = E110B4BB177FCFCC004071B5 /* ARBConfigTitlePoints.h */; };
		E110B4E3177FCFCC004071B5 /* ARBConfigVenue.h in Headers */ = {isa = PBXBuildFile; fileRef = E110B4BC177FCFCC004071B5 /* ARBConfigVenue.h */; };
		E110B4E4177FCFCC004071B5 /* ARBDog.h in Headers */ = {isa = PBXBuildFile; fileRef = E110B4BD177FCFCC004071B5 /* ARBDog.h */; };
		E110B4E5177FCFCC004071B5 /* ARBDogClub.h in Headers */ = {isa = PBXBuildFile; fileRef = E110B4BE177FCFCC004071B5 /* ARBDogClub.h */; };
		E110B4E6177FCFCC004071B5 /* ARBDogExistingPoints.h in Headers */ = {isa = PBXBuildFile; fileRef = E110B4BF177FCFCC004071B5 /* ARBDogExistingPoints.h */; };
		E110B4E7177FCFCC004071B5 /* ARBDogNotes.h in Headers */ = {isa = PBXBuildFile; fileRef = E110B4C0177FCFCC004071B5 /* ARBDogNotes.h */; };
		E110B4E8177FCFCC004071B5 /* ARBDogReferenceRun.h in Headers */ = {isa = PBXBuildFile; fileRef = E110B4C1177FCFCC004071B5 /* ARBDogReferenceRun.h */; };
		E110B4E9177FCFCC004071B5 /* ARBDogRegNum.h in Headers */ = {isa = PBXBuildFile; fileRef = E110B4C2177FCFCC004071B5 /* ARBDogRegNum.h */; };
		E110B4EA177FCFCC004071B5 /* ARBDogRun.h in Headers */ = {isa = PBXBuildFile; fileRef = E110B4C3177FCFCC004071B5 /* ARBDogRun.h */; };
		E110B4EB177FCFCC004071B5 /* ARBDogRunOtherPoints.h in Headers */ = {isa = PBXBuildFile; fileRef = E110B4C4177FCFCC004071B5 /* ARBDogRunOtherPoints.h */; };
		E110B4EC177FCFCC004071B5 /* ARBDogRunPartner.h in Headers */ = {isa = PBXBuildFile; fileRef = E110B4C5177FCFCC004071B5 /* ARBDogRunPartner.h */; };
		E110B4ED177FCFCC004071B5 /* ARBDogRunScoring.h in Headers */ = {isa = PBXBuildFile; fileRef = E110B4C6177FCFCC004071B5 /* ARBDogRunScoring.h */; };
		E110B4EE177FCFCC004071B5 /* ARBDogTitle.h in Headers */ = {isa = PBXBuildFile; fileRef = E110B4C7177FCFCC004071B5 /* ARBDogTitle.h */; };
		E110B4EF177FCFCC004071B5 /* ARBDogTrial.h in Headers */ = {isa = PBXBuildFile; fileRef = E110B4C8177FCFCC004071B5 /* ARBDogTrial.h */; };
		E110B4F0177FCFCC004071B5 /* ARBInfo.h in Headers */ = {isa = PBXBuildFile; fileRef = E110B4C9177FCFCC004071B5 /* ARBInfo.h */; };
		E110B4F1177FCFCC004071B5 /* ARBInfoItem.h in Headers */ = {isa = PBXBuildFile; fileRef = E110B4CA177FCFCC004071B5 /* ARBInfoItem.h */; };
		E110B4F2177FCFCC004071B5 /* ARBLocalization.h in Headers */ = {isa = PBXBuildFile; fileRef = E110B4CB177FCFCC004071B5 /* ARBLocalization.h */; };
		E110B4F3177FCFCC004071B5 /* ARBStructure.h in Headers */ = {isa = PBXBuildFile; fileRef = E110B4CC177FCFCC004071B5 /* ARBStructure.h */; };
		E110B4F4177FCFCC004071B5 /* ARBTraining.h in Headers */ = {isa = PBXBuildFile; fileRef = E110B4CD177FCFCC004071B5 /* ARBTraining.h */; };
		E110B4F5177FCFCC004071B5 /* ARBTypes2.h in Headers */ = {isa = PBXBuildFile; fileRef = E110B4CE177FCFCC004071B5 /* ARBTypes2.h */; };
		E161B7CA201E78FE000CCF24 /* ARBDebug.h in Headers */ = {isa = PBXBuildFile; fileRef = E161B7C9201E78FE000CCF24 /* ARBDebug.h */; };
		E19B65D5166C1054004DEDA4 /* ICalendarSite.h in Headers */ = {isa = PBXBuildFile; fileRef = E19B65D1166C1054004DEDA4 /* ICalendarSite.h */; };
		E19B65D6166C1054004DEDA4 /* IProgressMeter.h in Headers */ = {isa = PBXBuildFile; fileRef = E19B65D2166C1054004DEDA4 /* IProgressMeter.h */; };
		E19B65D7166C1054004DEDA4 /* VersionNumber.h in Headers */ = {isa = PBXBuildFile; fileRef = E19B65D4166C1054004DEDA4 /* VersionNumber.h */; };
		E19E1A0E1C62D15C001F7FF1 /* ARBConfigLifetimeName.h in Headers */ = {isa = PBXBuildFile; fileRef = E19E1A0D1C62D15C001F7FF1 /* ARBConfigLifetimeName.h */; };
		E1BED404237F8FEB0091278E /* ARBDogRegNum.cpp in Sources */ = {isa = PBXBuildFile; fileRef = E1BED3DC237F8FE50091278E /* ARBDogRegNum.cpp */; };
		E1BED405237F8FEB0091278E /* ARBBase.cpp in Sources */ = {isa = PBXBuildFile; fileRef = E1BED3DD237F8FE50091278E /* ARBBase.cpp */; };
		E1BED406237F8FEB0091278E /* ARBConfigTitle.cpp in Sources */ = {isa = PBXBuildFile; fileRef = E1BED3DE237F8FE60091278E /* ARBConfigTitle.cpp */; };
		E1BED407237F8FEB0091278E /* ARBDogNotes.cpp in Sources */ = {isa = PBXBuildFile; fileRef = E1BED3DF237F8FE60091278E /* ARBDogNotes.cpp */; };
		E1BED408237F8FEB0091278E /* ARBConfigOtherPoints.cpp in Sources */ = {isa = PBXBuildFile; fileRef = E1BED3E0237F8FE60091278E /* ARBConfigOtherPoints.cpp */; };
		E1BED409237F8FEB0091278E /* ARBCalendar.cpp in Sources */ = {isa = PBXBuildFile; fileRef = E1BED3E1237F8FE60091278E /* ARBCalendar.cpp */; };
		E1BED40A237F8FEB0091278E /* ARBTraining.cpp in Sources */ = {isa = PBXBuildFile; fileRef = E1BED3E2237F8FE60091278E /* ARBTraining.cpp */; };
		E1BED40B237F8FEB0091278E /* ARBDogReferenceRun.cpp in Sources */ = {isa = PBXBuildFile; fileRef = E1BED3E3237F8FE60091278E /* ARBDogReferenceRun.cpp */; };
		E1BED40C237F8FEB0091278E /* ARBConfigMultiQ.cpp in Sources */ = {isa = PBXBuildFile; fileRef = E1BED3E4237F8FE60091278E /* ARBConfigMultiQ.cpp */; };
		E1BED40D237F8FEB0091278E /* ARBConfigDivision.cpp in Sources */ = {isa = PBXBuildFile; fileRef = E1BED3E5237F8FE60091278E /* ARBConfigDivision.cpp */; };
		E1BED40E237F8FEB0091278E /* stdafx.h in Headers */ = {isa = PBXBuildFile; fileRef = E1BED3E6237F8FE60091278E /* stdafx.h */; };
		E1BED40F237F8FEB0091278E /* ARB_Q.cpp in Sources */ = {isa = PBXBuildFile; fileRef = E1BED3E7237F8FE60091278E /* ARB_Q.cpp */; };
		E1BED410237F8FEB0091278E /* ARBCalcPoints.cpp in Sources */ = {isa = PBXBuildFile; fileRef = E1BED3E8237F8FE70091278E /* ARBCalcPoints.cpp */; };
		E1BED411237F8FEB0091278E /* ARBAgilityRecordBook.cpp in Sources */ = {isa = PBXBuildFile; fileRef = E1BED3E9237F8FE70091278E /* ARBAgilityRecordBook.cpp */; };
		E1BED412237F8FEB0091278E /* ARBDogRunPartner.cpp in Sources */ = {isa = PBXBuildFile; fileRef = E1BED3EA237F8FE70091278E /* ARBDogRunPartner.cpp */; };
		E1BED413237F8FEB0091278E /* ARBConfigVenue.cpp in Sources */ = {isa = PBXBuildFile; fileRef = E1BED3EB237F8FE70091278E /* ARBConfigVenue.cpp */; };
		E1BED414237F8FEB0091278E /* ARBConfigFault.cpp in Sources */ = {isa = PBXBuildFile; fileRef = E1BED3EC237F8FE70091278E /* ARBConfigFault.cpp */; };
		E1BED415237F8FEB0091278E /* ARBConfigLevel.cpp in Sources */ = {isa = PBXBuildFile; fileRef = E1BED3ED237F8FE70091278E /* ARBConfigLevel.cpp */; };
		E1BED416237F8FEB0091278E /* ARBConfig.cpp in Sources */ = {isa = PBXBuildFile; fileRef = E1BED3EE237F8FE70091278E /* ARBConfig.cpp */; };
		E1BED417237F8FEB0091278E /* ARBConfigAction.cpp in Sources */ = {isa = PBXBuildFile; fileRef = E1BED3EF237F8FE70091278E /* ARBConfigAction.cpp */; };
		E1BED418237F8FEB0091278E /* ARBDogRun.cpp in Sources */ = {isa = PBXBuildFile; fileRef = E1BED3F0237F8FE80091278E /* ARBDogRun.cpp */; };
		E1BED419237F8FEB0091278E /* ARBDogRunScoring.cpp in Sources */ = {isa = PBXBuildFile; fileRef = E1BED3F1237F8FE80091278E /* ARBDogRunScoring.cpp */; };
		E1BED41A237F8FEB0091278E /* ARBConfigTitlePoints.cpp in Sources */ = {isa = PBXBuildFile; fileRef = E1BED3F2237F8FE80091278E /* ARBConfigTitlePoints.cpp */; };
		E1BED41B237F8FEB0091278E /* ARBConfigLifetimeName.cpp in Sources */ = {isa = PBXBuildFile; fileRef = E1BED3F3237F8FE80091278E /* ARBConfigLifetimeName.cpp */; };
		E1BED41C237F8FEB0091278E /* ARBDogClub.cpp in Sources */ = {isa = PBXBuildFile; fileRef = E1BED3F4237F8FE80091278E /* ARBDogClub.cpp */; };
		E1BED41D237F8FEB0091278E /* ARBConfigPlaceInfo.cpp in Sources */ = {isa = PBXBuildFile; fileRef = E1BED3F5237F8FE80091278E /* ARBConfigPlaceInfo.cpp */; };
		E1BED41E237F8FEB0091278E /* ARBConfigCalSite.cpp in Sources */ = {isa = PBXBuildFile; fileRef = E1BED3F6237F8FE90091278E /* ARBConfigCalSite.cpp */; };
		E1BED41F237F8FEB0091278E /* ARBConfigLifetimePoints.cpp in Sources */ = {isa = PBXBuildFile; fileRef = E1BED3F7237F8FE90091278E /* ARBConfigLifetimePoints.cpp */; };
		E1BED420237F8FEB0091278E /* ARBDogRunOtherPoints.cpp in Sources */ = {isa = PBXBuildFile; fileRef = E1BED3F8237F8FE90091278E /* ARBDogRunOtherPoints.cpp */; };
		E1BED421237F8FEB0091278E /* ARBConfigEvent.cpp in Sources */ = {isa = PBXBuildFile; fileRef = E1BED3F9237F8FE90091278E /* ARBConfigEvent.cpp */; };
		E1BED422237F8FEB0091278E /* ARBDogTitle.cpp in Sources */ = {isa = PBXBuildFile; fileRef = E1BED3FA237F8FE90091278E /* ARBDogTitle.cpp */; };
		E1BED423237F8FEB0091278E /* ARBLocalization.cpp in Sources */ = {isa = PBXBuildFile; fileRef = E1BED3FB237F8FE90091278E /* ARBLocalization.cpp */; };
		E1BED424237F8FEB0091278E /* ARBInfo.cpp in Sources */ = {isa = PBXBuildFile; fileRef = E1BED3FC237F8FE90091278E /* ARBInfo.cpp */; };
		E1BED425237F8FEB0091278E /* ARBDogExistingPoints.cpp in Sources */ = {isa = PBXBuildFile; fileRef = E1BED3FD237F8FEA0091278E /* ARBDogExistingPoints.cpp */; };
		E1BED426237F8FEB0091278E /* stdafx.cpp in Sources */ = {isa = PBXBuildFile; fileRef = E1BED3FE237F8FEA0091278E /* stdafx.cpp */; };
		E1BED427237F8FEB0091278E /* ARBConfigSubLevel.cpp in Sources */ = {isa = PBXBuildFile; fileRef = E1BED3FF237F8FEA0091278E /* ARBConfigSubLevel.cpp */; };
		E1BED428237F8FEB0091278E /* ARBDog.cpp in Sources */ = {isa = PBXBuildFile; fileRef = E1BED400237F8FEA0091278E /* ARBDog.cpp */; };
		E1BED429237F8FEB0091278E /* ARBDogTrial.cpp in Sources */ = {isa = PBXBuildFile; fileRef = E1BED401237F8FEA0091278E /* ARBDogTrial.cpp */; };
		E1BED42A237F8FEB0091278E /* ARBConfigScoring.cpp in Sources */ = {isa = PBXBuildFile; fileRef = E1BED402237F8FEA0091278E /* ARBConfigScoring.cpp */; };
		E1BED42B237F8FEB0091278E /* ARBInfoItem.cpp in Sources */ = {isa = PBXBuildFile; fileRef = E1BED403237F8FEA0091278E /* ARBInfoItem.cpp */; };
		E1CAE56816B5BF4900B33FE5 /* arbWarningPop.h in Headers */ = {isa = PBXBuildFile; fileRef = E1CAE56216B5BF4900B33FE5 /* arbWarningPop.h */; };
		E1CAE56916B5BF4900B33FE5 /* arbWarningPush.h in Headers */ = {isa = PBXBuildFile; fileRef = E1CAE56316B5BF4900B33FE5 /* arbWarningPush.h */; };
		E1CAE56A16B5BF4900B33FE5 /* SetupARBPost.h in Headers */ = {isa = PBXBuildFile; fileRef = E1CAE56416B5BF4900B33FE5 /* SetupARBPost.h */; };
		E1CAE56B16B5BF4900B33FE5 /* SetupARBPre.h in Headers */ = {isa = PBXBuildFile; fileRef = E1CAE56516B5BF4900B33FE5 /* SetupARBPre.h */; };
		E1CAE56D16B5BF4900B33FE5 /* SetupWX.h in Headers */ = {isa = PBXBuildFile; fileRef = E1CAE56716B5BF4900B33FE5 /* SetupWX.h */; };
/* End PBXBuildFile section */

/* Begin PBXFileReference section */
		E110B4A8177FCFCC004071B5 /* ARB_Q.h */ = {isa = PBXFileReference; fileEncoding = 4; lastKnownFileType = sourcecode.c.h; path = ARB_Q.h; sourceTree = "<group>"; };
		E110B4A9177FCFCC004071B5 /* ARBAgilityRecordBook.h */ = {isa = PBXFileReference; fileEncoding = 4; lastKnownFileType = sourcecode.c.h; path = ARBAgilityRecordBook.h; sourceTree = "<group>"; };
		E110B4AA177FCFCC004071B5 /* ARBBase.h */ = {isa = PBXFileReference; fileEncoding = 4; lastKnownFileType = sourcecode.c.h; path = ARBBase.h; sourceTree = "<group>"; };
		E110B4AB177FCFCC004071B5 /* ARBCalcPoints.h */ = {isa = PBXFileReference; fileEncoding = 4; lastKnownFileType = sourcecode.c.h; path = ARBCalcPoints.h; sourceTree = "<group>"; };
		E110B4AC177FCFCC004071B5 /* ARBCalendar.h */ = {isa = PBXFileReference; fileEncoding = 4; lastKnownFileType = sourcecode.c.h; path = ARBCalendar.h; sourceTree = "<group>"; };
		E110B4AD177FCFCC004071B5 /* ARBConfig.h */ = {isa = PBXFileReference; fileEncoding = 4; lastKnownFileType = sourcecode.c.h; path = ARBConfig.h; sourceTree = "<group>"; };
		E110B4AE177FCFCC004071B5 /* ARBConfigAction.h */ = {isa = PBXFileReference; fileEncoding = 4; lastKnownFileType = sourcecode.c.h; path = ARBConfigAction.h; sourceTree = "<group>"; };
		E110B4AF177FCFCC004071B5 /* ARBConfigCalSite.h */ = {isa = PBXFileReference; fileEncoding = 4; lastKnownFileType = sourcecode.c.h; path = ARBConfigCalSite.h; sourceTree = "<group>"; };
		E110B4B0177FCFCC004071B5 /* ARBConfigDivision.h */ = {isa = PBXFileReference; fileEncoding = 4; lastKnownFileType = sourcecode.c.h; path = ARBConfigDivision.h; sourceTree = "<group>"; };
		E110B4B1177FCFCC004071B5 /* ARBConfigEvent.h */ = {isa = PBXFileReference; fileEncoding = 4; lastKnownFileType = sourcecode.c.h; path = ARBConfigEvent.h; sourceTree = "<group>"; };
		E110B4B2177FCFCC004071B5 /* ARBConfigFault.h */ = {isa = PBXFileReference; fileEncoding = 4; lastKnownFileType = sourcecode.c.h; path = ARBConfigFault.h; sourceTree = "<group>"; };
		E110B4B3177FCFCC004071B5 /* ARBConfigLevel.h */ = {isa = PBXFileReference; fileEncoding = 4; lastKnownFileType = sourcecode.c.h; path = ARBConfigLevel.h; sourceTree = "<group>"; };
		E110B4B4177FCFCC004071B5 /* ARBConfigLifetimePoints.h */ = {isa = PBXFileReference; fileEncoding = 4; lastKnownFileType = sourcecode.c.h; path = ARBConfigLifetimePoints.h; sourceTree = "<group>"; };
		E110B4B5177FCFCC004071B5 /* ARBConfigMultiQ.h */ = {isa = PBXFileReference; fileEncoding = 4; lastKnownFileType = sourcecode.c.h; path = ARBConfigMultiQ.h; sourceTree = "<group>"; };
		E110B4B6177FCFCC004071B5 /* ARBConfigOtherPoints.h */ = {isa = PBXFileReference; fileEncoding = 4; lastKnownFileType = sourcecode.c.h; path = ARBConfigOtherPoints.h; sourceTree = "<group>"; };
		E110B4B7177FCFCC004071B5 /* ARBConfigPlaceInfo.h */ = {isa = PBXFileReference; fileEncoding = 4; lastKnownFileType = sourcecode.c.h; path = ARBConfigPlaceInfo.h; sourceTree = "<group>"; };
		E110B4B8177FCFCC004071B5 /* ARBConfigScoring.h */ = {isa = PBXFileReference; fileEncoding = 4; lastKnownFileType = sourcecode.c.h; path = ARBConfigScoring.h; sourceTree = "<group>"; };
		E110B4B9177FCFCC004071B5 /* ARBConfigSubLevel.h */ = {isa = PBXFileReference; fileEncoding = 4; lastKnownFileType = sourcecode.c.h; path = ARBConfigSubLevel.h; sourceTree = "<group>"; };
		E110B4BA177FCFCC004071B5 /* ARBConfigTitle.h */ = {isa = PBXFileReference; fileEncoding = 4; lastKnownFileType = sourcecode.c.h; path = ARBConfigTitle.h; sourceTree = "<group>"; };
		E110B4BB177FCFCC004071B5 /* ARBConfigTitlePoints.h */ = {isa = PBXFileReference; fileEncoding = 4; lastKnownFileType = sourcecode.c.h; path = ARBConfigTitlePoints.h; sourceTree = "<group>"; };
		E110B4BC177FCFCC004071B5 /* ARBConfigVenue.h */ = {isa = PBXFileReference; fileEncoding = 4; lastKnownFileType = sourcecode.c.h; path = ARBConfigVenue.h; sourceTree = "<group>"; };
		E110B4BD177FCFCC004071B5 /* ARBDog.h */ = {isa = PBXFileReference; fileEncoding = 4; lastKnownFileType = sourcecode.c.h; path = ARBDog.h; sourceTree = "<group>"; };
		E110B4BE177FCFCC004071B5 /* ARBDogClub.h */ = {isa = PBXFileReference; fileEncoding = 4; lastKnownFileType = sourcecode.c.h; path = ARBDogClub.h; sourceTree = "<group>"; };
		E110B4BF177FCFCC004071B5 /* ARBDogExistingPoints.h */ = {isa = PBXFileReference; fileEncoding = 4; lastKnownFileType = sourcecode.c.h; path = ARBDogExistingPoints.h; sourceTree = "<group>"; };
		E110B4C0177FCFCC004071B5 /* ARBDogNotes.h */ = {isa = PBXFileReference; fileEncoding = 4; lastKnownFileType = sourcecode.c.h; path = ARBDogNotes.h; sourceTree = "<group>"; };
		E110B4C1177FCFCC004071B5 /* ARBDogReferenceRun.h */ = {isa = PBXFileReference; fileEncoding = 4; lastKnownFileType = sourcecode.c.h; path = ARBDogReferenceRun.h; sourceTree = "<group>"; };
		E110B4C2177FCFCC004071B5 /* ARBDogRegNum.h */ = {isa = PBXFileReference; fileEncoding = 4; lastKnownFileType = sourcecode.c.h; path = ARBDogRegNum.h; sourceTree = "<group>"; };
		E110B4C3177FCFCC004071B5 /* ARBDogRun.h */ = {isa = PBXFileReference; fileEncoding = 4; lastKnownFileType = sourcecode.c.h; path = ARBDogRun.h; sourceTree = "<group>"; };
		E110B4C4177FCFCC004071B5 /* ARBDogRunOtherPoints.h */ = {isa = PBXFileReference; fileEncoding = 4; lastKnownFileType = sourcecode.c.h; path = ARBDogRunOtherPoints.h; sourceTree = "<group>"; };
		E110B4C5177FCFCC004071B5 /* ARBDogRunPartner.h */ = {isa = PBXFileReference; fileEncoding = 4; lastKnownFileType = sourcecode.c.h; path = ARBDogRunPartner.h; sourceTree = "<group>"; };
		E110B4C6177FCFCC004071B5 /* ARBDogRunScoring.h */ = {isa = PBXFileReference; fileEncoding = 4; lastKnownFileType = sourcecode.c.h; path = ARBDogRunScoring.h; sourceTree = "<group>"; };
		E110B4C7177FCFCC004071B5 /* ARBDogTitle.h */ = {isa = PBXFileReference; fileEncoding = 4; lastKnownFileType = sourcecode.c.h; path = ARBDogTitle.h; sourceTree = "<group>"; };
		E110B4C8177FCFCC004071B5 /* ARBDogTrial.h */ = {isa = PBXFileReference; fileEncoding = 4; lastKnownFileType = sourcecode.c.h; path = ARBDogTrial.h; sourceTree = "<group>"; };
		E110B4C9177FCFCC004071B5 /* ARBInfo.h */ = {isa = PBXFileReference; fileEncoding = 4; lastKnownFileType = sourcecode.c.h; path = ARBInfo.h; sourceTree = "<group>"; };
		E110B4CA177FCFCC004071B5 /* ARBInfoItem.h */ = {isa = PBXFileReference; fileEncoding = 4; lastKnownFileType = sourcecode.c.h; path = ARBInfoItem.h; sourceTree = "<group>"; };
		E110B4CB177FCFCC004071B5 /* ARBLocalization.h */ = {isa = PBXFileReference; fileEncoding = 4; lastKnownFileType = sourcecode.c.h; path = ARBLocalization.h; sourceTree = "<group>"; };
		E110B4CC177FCFCC004071B5 /* ARBStructure.h */ = {isa = PBXFileReference; fileEncoding = 4; lastKnownFileType = sourcecode.c.h; path = ARBStructure.h; sourceTree = "<group>"; };
		E110B4CD177FCFCC004071B5 /* ARBTraining.h */ = {isa = PBXFileReference; fileEncoding = 4; lastKnownFileType = sourcecode.c.h; path = ARBTraining.h; sourceTree = "<group>"; };
		E110B4CE177FCFCC004071B5 /* ARBTypes2.h */ = {isa = PBXFileReference; fileEncoding = 4; lastKnownFileType = sourcecode.c.h; path = ARBTypes2.h; sourceTree = "<group>"; };
		E161B7C9201E78FE000CCF24 /* ARBDebug.h */ = {isa = PBXFileReference; fileEncoding = 4; lastKnownFileType = sourcecode.c.h; path = ARBDebug.h; sourceTree = "<group>"; };
		E19B62EB166C08B9004DEDA4 /* libARB.a */ = {isa = PBXFileReference; explicitFileType = archive.ar; includeInIndex = 0; path = libARB.a; sourceTree = BUILT_PRODUCTS_DIR; };
		E19B65D1166C1054004DEDA4 /* ICalendarSite.h */ = {isa = PBXFileReference; fileEncoding = 4; lastKnownFileType = sourcecode.c.h; path = ICalendarSite.h; sourceTree = "<group>"; };
		E19B65D2166C1054004DEDA4 /* IProgressMeter.h */ = {isa = PBXFileReference; fileEncoding = 4; lastKnownFileType = sourcecode.c.h; path = IProgressMeter.h; sourceTree = "<group>"; };
		E19B65D4166C1054004DEDA4 /* VersionNumber.h */ = {isa = PBXFileReference; fileEncoding = 4; lastKnownFileType = sourcecode.c.h; path = VersionNumber.h; sourceTree = "<group>"; };
		E19E1A0D1C62D15C001F7FF1 /* ARBConfigLifetimeName.h */ = {isa = PBXFileReference; fileEncoding = 4; lastKnownFileType = sourcecode.c.h; path = ARBConfigLifetimeName.h; sourceTree = "<group>"; };
		E1BED3DC237F8FE50091278E /* ARBDogRegNum.cpp */ = {isa = PBXFileReference; fileEncoding = 4; lastKnownFileType = sourcecode.cpp.cpp; name = ARBDogRegNum.cpp; path = ../Libraries/ARB/ARBDogRegNum.cpp; sourceTree = "<group>"; };
		E1BED3DD237F8FE50091278E /* ARBBase.cpp */ = {isa = PBXFileReference; fileEncoding = 4; lastKnownFileType = sourcecode.cpp.cpp; name = ARBBase.cpp; path = ../Libraries/ARB/ARBBase.cpp; sourceTree = "<group>"; };
		E1BED3DE237F8FE60091278E /* ARBConfigTitle.cpp */ = {isa = PBXFileReference; fileEncoding = 4; lastKnownFileType = sourcecode.cpp.cpp; name = ARBConfigTitle.cpp; path = ../Libraries/ARB/ARBConfigTitle.cpp; sourceTree = "<group>"; };
		E1BED3DF237F8FE60091278E /* ARBDogNotes.cpp */ = {isa = PBXFileReference; fileEncoding = 4; lastKnownFileType = sourcecode.cpp.cpp; name = ARBDogNotes.cpp; path = ../Libraries/ARB/ARBDogNotes.cpp; sourceTree = "<group>"; };
		E1BED3E0237F8FE60091278E /* ARBConfigOtherPoints.cpp */ = {isa = PBXFileReference; fileEncoding = 4; lastKnownFileType = sourcecode.cpp.cpp; name = ARBConfigOtherPoints.cpp; path = ../Libraries/ARB/ARBConfigOtherPoints.cpp; sourceTree = "<group>"; };
		E1BED3E1237F8FE60091278E /* ARBCalendar.cpp */ = {isa = PBXFileReference; fileEncoding = 4; lastKnownFileType = sourcecode.cpp.cpp; name = ARBCalendar.cpp; path = ../Libraries/ARB/ARBCalendar.cpp; sourceTree = "<group>"; };
		E1BED3E2237F8FE60091278E /* ARBTraining.cpp */ = {isa = PBXFileReference; fileEncoding = 4; lastKnownFileType = sourcecode.cpp.cpp; name = ARBTraining.cpp; path = ../Libraries/ARB/ARBTraining.cpp; sourceTree = "<group>"; };
		E1BED3E3237F8FE60091278E /* ARBDogReferenceRun.cpp */ = {isa = PBXFileReference; fileEncoding = 4; lastKnownFileType = sourcecode.cpp.cpp; name = ARBDogReferenceRun.cpp; path = ../Libraries/ARB/ARBDogReferenceRun.cpp; sourceTree = "<group>"; };
		E1BED3E4237F8FE60091278E /* ARBConfigMultiQ.cpp */ = {isa = PBXFileReference; fileEncoding = 4; lastKnownFileType = sourcecode.cpp.cpp; name = ARBConfigMultiQ.cpp; path = ../Libraries/ARB/ARBConfigMultiQ.cpp; sourceTree = "<group>"; };
		E1BED3E5237F8FE60091278E /* ARBConfigDivision.cpp */ = {isa = PBXFileReference; fileEncoding = 4; lastKnownFileType = sourcecode.cpp.cpp; name = ARBConfigDivision.cpp; path = ../Libraries/ARB/ARBConfigDivision.cpp; sourceTree = "<group>"; };
		E1BED3E6237F8FE60091278E /* stdafx.h */ = {isa = PBXFileReference; fileEncoding = 4; lastKnownFileType = sourcecode.c.h; name = stdafx.h; path = ../Libraries/ARB/stdafx.h; sourceTree = "<group>"; };
		E1BED3E7237F8FE60091278E /* ARB_Q.cpp */ = {isa = PBXFileReference; fileEncoding = 4; lastKnownFileType = sourcecode.cpp.cpp; name = ARB_Q.cpp; path = ../Libraries/ARB/ARB_Q.cpp; sourceTree = "<group>"; };
		E1BED3E8237F8FE70091278E /* ARBCalcPoints.cpp */ = {isa = PBXFileReference; fileEncoding = 4; lastKnownFileType = sourcecode.cpp.cpp; name = ARBCalcPoints.cpp; path = ../Libraries/ARB/ARBCalcPoints.cpp; sourceTree = "<group>"; };
		E1BED3E9237F8FE70091278E /* ARBAgilityRecordBook.cpp */ = {isa = PBXFileReference; fileEncoding = 4; lastKnownFileType = sourcecode.cpp.cpp; name = ARBAgilityRecordBook.cpp; path = ../Libraries/ARB/ARBAgilityRecordBook.cpp; sourceTree = "<group>"; };
		E1BED3EA237F8FE70091278E /* ARBDogRunPartner.cpp */ = {isa = PBXFileReference; fileEncoding = 4; lastKnownFileType = sourcecode.cpp.cpp; name = ARBDogRunPartner.cpp; path = ../Libraries/ARB/ARBDogRunPartner.cpp; sourceTree = "<group>"; };
		E1BED3EB237F8FE70091278E /* ARBConfigVenue.cpp */ = {isa = PBXFileReference; fileEncoding = 4; lastKnownFileType = sourcecode.cpp.cpp; name = ARBConfigVenue.cpp; path = ../Libraries/ARB/ARBConfigVenue.cpp; sourceTree = "<group>"; };
		E1BED3EC237F8FE70091278E /* ARBConfigFault.cpp */ = {isa = PBXFileReference; fileEncoding = 4; lastKnownFileType = sourcecode.cpp.cpp; name = ARBConfigFault.cpp; path = ../Libraries/ARB/ARBConfigFault.cpp; sourceTree = "<group>"; };
		E1BED3ED237F8FE70091278E /* ARBConfigLevel.cpp */ = {isa = PBXFileReference; fileEncoding = 4; lastKnownFileType = sourcecode.cpp.cpp; name = ARBConfigLevel.cpp; path = ../Libraries/ARB/ARBConfigLevel.cpp; sourceTree = "<group>"; };
		E1BED3EE237F8FE70091278E /* ARBConfig.cpp */ = {isa = PBXFileReference; fileEncoding = 4; lastKnownFileType = sourcecode.cpp.cpp; name = ARBConfig.cpp; path = ../Libraries/ARB/ARBConfig.cpp; sourceTree = "<group>"; };
		E1BED3EF237F8FE70091278E /* ARBConfigAction.cpp */ = {isa = PBXFileReference; fileEncoding = 4; lastKnownFileType = sourcecode.cpp.cpp; name = ARBConfigAction.cpp; path = ../Libraries/ARB/ARBConfigAction.cpp; sourceTree = "<group>"; };
		E1BED3F0237F8FE80091278E /* ARBDogRun.cpp */ = {isa = PBXFileReference; fileEncoding = 4; lastKnownFileType = sourcecode.cpp.cpp; name = ARBDogRun.cpp; path = ../Libraries/ARB/ARBDogRun.cpp; sourceTree = "<group>"; };
		E1BED3F1237F8FE80091278E /* ARBDogRunScoring.cpp */ = {isa = PBXFileReference; fileEncoding = 4; lastKnownFileType = sourcecode.cpp.cpp; name = ARBDogRunScoring.cpp; path = ../Libraries/ARB/ARBDogRunScoring.cpp; sourceTree = "<group>"; };
		E1BED3F2237F8FE80091278E /* ARBConfigTitlePoints.cpp */ = {isa = PBXFileReference; fileEncoding = 4; lastKnownFileType = sourcecode.cpp.cpp; name = ARBConfigTitlePoints.cpp; path = ../Libraries/ARB/ARBConfigTitlePoints.cpp; sourceTree = "<group>"; };
		E1BED3F3237F8FE80091278E /* ARBConfigLifetimeName.cpp */ = {isa = PBXFileReference; fileEncoding = 4; lastKnownFileType = sourcecode.cpp.cpp; name = ARBConfigLifetimeName.cpp; path = ../Libraries/ARB/ARBConfigLifetimeName.cpp; sourceTree = "<group>"; };
		E1BED3F4237F8FE80091278E /* ARBDogClub.cpp */ = {isa = PBXFileReference; fileEncoding = 4; lastKnownFileType = sourcecode.cpp.cpp; name = ARBDogClub.cpp; path = ../Libraries/ARB/ARBDogClub.cpp; sourceTree = "<group>"; };
		E1BED3F5237F8FE80091278E /* ARBConfigPlaceInfo.cpp */ = {isa = PBXFileReference; fileEncoding = 4; lastKnownFileType = sourcecode.cpp.cpp; name = ARBConfigPlaceInfo.cpp; path = ../Libraries/ARB/ARBConfigPlaceInfo.cpp; sourceTree = "<group>"; };
		E1BED3F6237F8FE90091278E /* ARBConfigCalSite.cpp */ = {isa = PBXFileReference; fileEncoding = 4; lastKnownFileType = sourcecode.cpp.cpp; name = ARBConfigCalSite.cpp; path = ../Libraries/ARB/ARBConfigCalSite.cpp; sourceTree = "<group>"; };
		E1BED3F7237F8FE90091278E /* ARBConfigLifetimePoints.cpp */ = {isa = PBXFileReference; fileEncoding = 4; lastKnownFileType = sourcecode.cpp.cpp; name = ARBConfigLifetimePoints.cpp; path = ../Libraries/ARB/ARBConfigLifetimePoints.cpp; sourceTree = "<group>"; };
		E1BED3F8237F8FE90091278E /* ARBDogRunOtherPoints.cpp */ = {isa = PBXFileReference; fileEncoding = 4; lastKnownFileType = sourcecode.cpp.cpp; name = ARBDogRunOtherPoints.cpp; path = ../Libraries/ARB/ARBDogRunOtherPoints.cpp; sourceTree = "<group>"; };
		E1BED3F9237F8FE90091278E /* ARBConfigEvent.cpp */ = {isa = PBXFileReference; fileEncoding = 4; lastKnownFileType = sourcecode.cpp.cpp; name = ARBConfigEvent.cpp; path = ../Libraries/ARB/ARBConfigEvent.cpp; sourceTree = "<group>"; };
		E1BED3FA237F8FE90091278E /* ARBDogTitle.cpp */ = {isa = PBXFileReference; fileEncoding = 4; lastKnownFileType = sourcecode.cpp.cpp; name = ARBDogTitle.cpp; path = ../Libraries/ARB/ARBDogTitle.cpp; sourceTree = "<group>"; };
		E1BED3FB237F8FE90091278E /* ARBLocalization.cpp */ = {isa = PBXFileReference; fileEncoding = 4; lastKnownFileType = sourcecode.cpp.cpp; name = ARBLocalization.cpp; path = ../Libraries/ARB/ARBLocalization.cpp; sourceTree = "<group>"; };
		E1BED3FC237F8FE90091278E /* ARBInfo.cpp */ = {isa = PBXFileReference; fileEncoding = 4; lastKnownFileType = sourcecode.cpp.cpp; name = ARBInfo.cpp; path = ../Libraries/ARB/ARBInfo.cpp; sourceTree = "<group>"; };
		E1BED3FD237F8FEA0091278E /* ARBDogExistingPoints.cpp */ = {isa = PBXFileReference; fileEncoding = 4; lastKnownFileType = sourcecode.cpp.cpp; name = ARBDogExistingPoints.cpp; path = ../Libraries/ARB/ARBDogExistingPoints.cpp; sourceTree = "<group>"; };
		E1BED3FE237F8FEA0091278E /* stdafx.cpp */ = {isa = PBXFileReference; fileEncoding = 4; lastKnownFileType = sourcecode.cpp.cpp; name = stdafx.cpp; path = ../Libraries/ARB/stdafx.cpp; sourceTree = "<group>"; };
		E1BED3FF237F8FEA0091278E /* ARBConfigSubLevel.cpp */ = {isa = PBXFileReference; fileEncoding = 4; lastKnownFileType = sourcecode.cpp.cpp; name = ARBConfigSubLevel.cpp; path = ../Libraries/ARB/ARBConfigSubLevel.cpp; sourceTree = "<group>"; };
		E1BED400237F8FEA0091278E /* ARBDog.cpp */ = {isa = PBXFileReference; fileEncoding = 4; lastKnownFileType = sourcecode.cpp.cpp; name = ARBDog.cpp; path = ../Libraries/ARB/ARBDog.cpp; sourceTree = "<group>"; };
		E1BED401237F8FEA0091278E /* ARBDogTrial.cpp */ = {isa = PBXFileReference; fileEncoding = 4; lastKnownFileType = sourcecode.cpp.cpp; name = ARBDogTrial.cpp; path = ../Libraries/ARB/ARBDogTrial.cpp; sourceTree = "<group>"; };
		E1BED402237F8FEA0091278E /* ARBConfigScoring.cpp */ = {isa = PBXFileReference; fileEncoding = 4; lastKnownFileType = sourcecode.cpp.cpp; name = ARBConfigScoring.cpp; path = ../Libraries/ARB/ARBConfigScoring.cpp; sourceTree = "<group>"; };
		E1BED403237F8FEA0091278E /* ARBInfoItem.cpp */ = {isa = PBXFileReference; fileEncoding = 4; lastKnownFileType = sourcecode.cpp.cpp; name = ARBInfoItem.cpp; path = ../Libraries/ARB/ARBInfoItem.cpp; sourceTree = "<group>"; };
		E1CAE56216B5BF4900B33FE5 /* arbWarningPop.h */ = {isa = PBXFileReference; fileEncoding = 4; lastKnownFileType = sourcecode.c.h; path = arbWarningPop.h; sourceTree = "<group>"; };
		E1CAE56316B5BF4900B33FE5 /* arbWarningPush.h */ = {isa = PBXFileReference; fileEncoding = 4; lastKnownFileType = sourcecode.c.h; path = arbWarningPush.h; sourceTree = "<group>"; };
		E1CAE56416B5BF4900B33FE5 /* SetupARBPost.h */ = {isa = PBXFileReference; fileEncoding = 4; lastKnownFileType = sourcecode.c.h; path = SetupARBPost.h; sourceTree = "<group>"; };
		E1CAE56516B5BF4900B33FE5 /* SetupARBPre.h */ = {isa = PBXFileReference; fileEncoding = 4; lastKnownFileType = sourcecode.c.h; path = SetupARBPre.h; sourceTree = "<group>"; };
		E1CAE56716B5BF4900B33FE5 /* SetupWX.h */ = {isa = PBXFileReference; fileEncoding = 4; lastKnownFileType = sourcecode.c.h; path = SetupWX.h; sourceTree = "<group>"; };
/* End PBXFileReference section */

/* Begin PBXFrameworksBuildPhase section */
		E19B62E8166C08B9004DEDA4 /* Frameworks */ = {
			isa = PBXFrameworksBuildPhase;
			buildActionMask = 2147483647;
			files = (
			);
			runOnlyForDeploymentPostprocessing = 0;
		};
/* End PBXFrameworksBuildPhase section */

/* Begin PBXGroup section */
		E110B4A7177FCFCC004071B5 /* ARB */ = {
			isa = PBXGroup;
			children = (
				E110B4A8177FCFCC004071B5 /* ARB_Q.h */,
				E110B4A9177FCFCC004071B5 /* ARBAgilityRecordBook.h */,
				E110B4AA177FCFCC004071B5 /* ARBBase.h */,
				E110B4AB177FCFCC004071B5 /* ARBCalcPoints.h */,
				E110B4AC177FCFCC004071B5 /* ARBCalendar.h */,
				E110B4AD177FCFCC004071B5 /* ARBConfig.h */,
				E110B4AE177FCFCC004071B5 /* ARBConfigAction.h */,
				E110B4AF177FCFCC004071B5 /* ARBConfigCalSite.h */,
				E110B4B0177FCFCC004071B5 /* ARBConfigDivision.h */,
				E110B4B1177FCFCC004071B5 /* ARBConfigEvent.h */,
				E110B4B2177FCFCC004071B5 /* ARBConfigFault.h */,
				E110B4B3177FCFCC004071B5 /* ARBConfigLevel.h */,
				E19E1A0D1C62D15C001F7FF1 /* ARBConfigLifetimeName.h */,
				E110B4B4177FCFCC004071B5 /* ARBConfigLifetimePoints.h */,
				E110B4B5177FCFCC004071B5 /* ARBConfigMultiQ.h */,
				E110B4B6177FCFCC004071B5 /* ARBConfigOtherPoints.h */,
				E110B4B7177FCFCC004071B5 /* ARBConfigPlaceInfo.h */,
				E110B4B8177FCFCC004071B5 /* ARBConfigScoring.h */,
				E110B4B9177FCFCC004071B5 /* ARBConfigSubLevel.h */,
				E110B4BA177FCFCC004071B5 /* ARBConfigTitle.h */,
				E110B4BB177FCFCC004071B5 /* ARBConfigTitlePoints.h */,
				E110B4BC177FCFCC004071B5 /* ARBConfigVenue.h */,
				E161B7C9201E78FE000CCF24 /* ARBDebug.h */,
				E110B4BD177FCFCC004071B5 /* ARBDog.h */,
				E110B4BE177FCFCC004071B5 /* ARBDogClub.h */,
				E110B4BF177FCFCC004071B5 /* ARBDogExistingPoints.h */,
				E110B4C0177FCFCC004071B5 /* ARBDogNotes.h */,
				E110B4C1177FCFCC004071B5 /* ARBDogReferenceRun.h */,
				E110B4C2177FCFCC004071B5 /* ARBDogRegNum.h */,
				E110B4C3177FCFCC004071B5 /* ARBDogRun.h */,
				E110B4C4177FCFCC004071B5 /* ARBDogRunOtherPoints.h */,
				E110B4C5177FCFCC004071B5 /* ARBDogRunPartner.h */,
				E110B4C6177FCFCC004071B5 /* ARBDogRunScoring.h */,
				E110B4C7177FCFCC004071B5 /* ARBDogTitle.h */,
				E110B4C8177FCFCC004071B5 /* ARBDogTrial.h */,
				E110B4C9177FCFCC004071B5 /* ARBInfo.h */,
				E110B4CA177FCFCC004071B5 /* ARBInfoItem.h */,
				E110B4CB177FCFCC004071B5 /* ARBLocalization.h */,
				E110B4CC177FCFCC004071B5 /* ARBStructure.h */,
				E110B4CD177FCFCC004071B5 /* ARBTraining.h */,
				E110B4CE177FCFCC004071B5 /* ARBTypes2.h */,
			);
			path = ARB;
			sourceTree = "<group>";
		};
		E19B62E0166C08B9004DEDA4 = {
			isa = PBXGroup;
			children = (
				E19B62F2166C08FF004DEDA4 /* Source */,
				E19B62EC166C08B9004DEDA4 /* Products */,
			);
			sourceTree = "<group>";
		};
		E19B62EC166C08B9004DEDA4 /* Products */ = {
			isa = PBXGroup;
			children = (
				E19B62EB166C08B9004DEDA4 /* libARB.a */,
			);
			name = Products;
			sourceTree = "<group>";
		};
		E19B62F2166C08FF004DEDA4 /* Source */ = {
			isa = PBXGroup;
			children = (
				E19B65D0166C1054004DEDA4 /* Include */,
				E19B62F3166C090F004DEDA4 /* ARB */,
			);
			name = Source;
			sourceTree = "<group>";
		};
		E19B62F3166C090F004DEDA4 /* ARB */ = {
			isa = PBXGroup;
			children = (
				E1BED3E7237F8FE60091278E /* ARB_Q.cpp */,
				E1BED3E9237F8FE70091278E /* ARBAgilityRecordBook.cpp */,
				E1BED3DD237F8FE50091278E /* ARBBase.cpp */,
				E1BED3E8237F8FE70091278E /* ARBCalcPoints.cpp */,
				E1BED3E1237F8FE60091278E /* ARBCalendar.cpp */,
				E1BED3EE237F8FE70091278E /* ARBConfig.cpp */,
				E1BED3EF237F8FE70091278E /* ARBConfigAction.cpp */,
				E1BED3F6237F8FE90091278E /* ARBConfigCalSite.cpp */,
				E1BED3E5237F8FE60091278E /* ARBConfigDivision.cpp */,
				E1BED3F9237F8FE90091278E /* ARBConfigEvent.cpp */,
				E1BED3EC237F8FE70091278E /* ARBConfigFault.cpp */,
				E1BED3ED237F8FE70091278E /* ARBConfigLevel.cpp */,
				E1BED3F3237F8FE80091278E /* ARBConfigLifetimeName.cpp */,
				E1BED3F7237F8FE90091278E /* ARBConfigLifetimePoints.cpp */,
				E1BED3E4237F8FE60091278E /* ARBConfigMultiQ.cpp */,
				E1BED3E0237F8FE60091278E /* ARBConfigOtherPoints.cpp */,
				E1BED3F5237F8FE80091278E /* ARBConfigPlaceInfo.cpp */,
				E1BED402237F8FEA0091278E /* ARBConfigScoring.cpp */,
				E1BED3FF237F8FEA0091278E /* ARBConfigSubLevel.cpp */,
				E1BED3DE237F8FE60091278E /* ARBConfigTitle.cpp */,
				E1BED3F2237F8FE80091278E /* ARBConfigTitlePoints.cpp */,
				E1BED3EB237F8FE70091278E /* ARBConfigVenue.cpp */,
				E1BED400237F8FEA0091278E /* ARBDog.cpp */,
				E1BED3F4237F8FE80091278E /* ARBDogClub.cpp */,
				E1BED3FD237F8FEA0091278E /* ARBDogExistingPoints.cpp */,
				E1BED3DF237F8FE60091278E /* ARBDogNotes.cpp */,
				E1BED3E3237F8FE60091278E /* ARBDogReferenceRun.cpp */,
				E1BED3DC237F8FE50091278E /* ARBDogRegNum.cpp */,
				E1BED3F0237F8FE80091278E /* ARBDogRun.cpp */,
				E1BED3F8237F8FE90091278E /* ARBDogRunOtherPoints.cpp */,
				E1BED3EA237F8FE70091278E /* ARBDogRunPartner.cpp */,
				E1BED3F1237F8FE80091278E /* ARBDogRunScoring.cpp */,
				E1BED3FA237F8FE90091278E /* ARBDogTitle.cpp */,
				E1BED401237F8FEA0091278E /* ARBDogTrial.cpp */,
				E1BED3FC237F8FE90091278E /* ARBInfo.cpp */,
				E1BED403237F8FEA0091278E /* ARBInfoItem.cpp */,
				E1BED3FB237F8FE90091278E /* ARBLocalization.cpp */,
				E1BED3E2237F8FE60091278E /* ARBTraining.cpp */,
				E1BED3FE237F8FEA0091278E /* stdafx.cpp */,
				E1BED3E6237F8FE60091278E /* stdafx.h */,
			);
			name = ARB;
			path = ../../../ARB;
			sourceTree = "<group>";
		};
		E19B65D0166C1054004DEDA4 /* Include */ = {
			isa = PBXGroup;
			children = (
				E110B4A7177FCFCC004071B5 /* ARB */,
				E1CAE56116B5BF4900B33FE5 /* Platform */,
				E19B65D1166C1054004DEDA4 /* ICalendarSite.h */,
				E19B65D2166C1054004DEDA4 /* IProgressMeter.h */,
				E19B65D4166C1054004DEDA4 /* VersionNumber.h */,
			);
			name = Include;
			path = ../../../Include;
			sourceTree = "<group>";
		};
		E1CAE56116B5BF4900B33FE5 /* Platform */ = {
			isa = PBXGroup;
			children = (
				E1CAE56216B5BF4900B33FE5 /* arbWarningPop.h */,
				E1CAE56316B5BF4900B33FE5 /* arbWarningPush.h */,
				E1CAE56416B5BF4900B33FE5 /* SetupARBPost.h */,
				E1CAE56516B5BF4900B33FE5 /* SetupARBPre.h */,
				E1CAE56716B5BF4900B33FE5 /* SetupWX.h */,
			);
			path = Platform;
			sourceTree = "<group>";
		};
/* End PBXGroup section */

/* Begin PBXHeadersBuildPhase section */
		E19B62E9166C08B9004DEDA4 /* Headers */ = {
			isa = PBXHeadersBuildPhase;
			buildActionMask = 2147483647;
			files = (
				E19B65D5166C1054004DEDA4 /* ICalendarSite.h in Headers */,
				E19B65D6166C1054004DEDA4 /* IProgressMeter.h in Headers */,
				E19B65D7166C1054004DEDA4 /* VersionNumber.h in Headers */,
				E1CAE56816B5BF4900B33FE5 /* arbWarningPop.h in Headers */,
				E1CAE56916B5BF4900B33FE5 /* arbWarningPush.h in Headers */,
				E1CAE56A16B5BF4900B33FE5 /* SetupARBPost.h in Headers */,
				E1CAE56B16B5BF4900B33FE5 /* SetupARBPre.h in Headers */,
				E1CAE56D16B5BF4900B33FE5 /* SetupWX.h in Headers */,
				E110B4CF177FCFCC004071B5 /* ARB_Q.h in Headers */,
				E110B4D0177FCFCC004071B5 /* ARBAgilityRecordBook.h in Headers */,
				E110B4D1177FCFCC004071B5 /* ARBBase.h in Headers */,
				E110B4D2177FCFCC004071B5 /* ARBCalcPoints.h in Headers */,
				E110B4D3177FCFCC004071B5 /* ARBCalendar.h in Headers */,
				E110B4D4177FCFCC004071B5 /* ARBConfig.h in Headers */,
				E110B4D5177FCFCC004071B5 /* ARBConfigAction.h in Headers */,
				E110B4D6177FCFCC004071B5 /* ARBConfigCalSite.h in Headers */,
				E110B4D7177FCFCC004071B5 /* ARBConfigDivision.h in Headers */,
				E110B4D8177FCFCC004071B5 /* ARBConfigEvent.h in Headers */,
				E110B4D9177FCFCC004071B5 /* ARBConfigFault.h in Headers */,
				E110B4DA177FCFCC004071B5 /* ARBConfigLevel.h in Headers */,
				E110B4DB177FCFCC004071B5 /* ARBConfigLifetimePoints.h in Headers */,
				E110B4DC177FCFCC004071B5 /* ARBConfigMultiQ.h in Headers */,
				E1BED40E237F8FEB0091278E /* stdafx.h in Headers */,
				E110B4DD177FCFCC004071B5 /* ARBConfigOtherPoints.h in Headers */,
				E110B4DE177FCFCC004071B5 /* ARBConfigPlaceInfo.h in Headers */,
				E110B4DF177FCFCC004071B5 /* ARBConfigScoring.h in Headers */,
				E110B4E0177FCFCC004071B5 /* ARBConfigSubLevel.h in Headers */,
				E110B4E1177FCFCC004071B5 /* ARBConfigTitle.h in Headers */,
				E110B4E2177FCFCC004071B5 /* ARBConfigTitlePoints.h in Headers */,
				E110B4E3177FCFCC004071B5 /* ARBConfigVenue.h in Headers */,
				E19E1A0E1C62D15C001F7FF1 /* ARBConfigLifetimeName.h in Headers */,
				E110B4E4177FCFCC004071B5 /* ARBDog.h in Headers */,
				E110B4E5177FCFCC004071B5 /* ARBDogClub.h in Headers */,
				E110B4E6177FCFCC004071B5 /* ARBDogExistingPoints.h in Headers */,
				E110B4E7177FCFCC004071B5 /* ARBDogNotes.h in Headers */,
				E110B4E8177FCFCC004071B5 /* ARBDogReferenceRun.h in Headers */,
				E110B4E9177FCFCC004071B5 /* ARBDogRegNum.h in Headers */,
				E110B4EA177FCFCC004071B5 /* ARBDogRun.h in Headers */,
				E110B4EB177FCFCC004071B5 /* ARBDogRunOtherPoints.h in Headers */,
				E110B4EC177FCFCC004071B5 /* ARBDogRunPartner.h in Headers */,
				E110B4ED177FCFCC004071B5 /* ARBDogRunScoring.h in Headers */,
				E110B4EE177FCFCC004071B5 /* ARBDogTitle.h in Headers */,
				E110B4EF177FCFCC004071B5 /* ARBDogTrial.h in Headers */,
				E110B4F0177FCFCC004071B5 /* ARBInfo.h in Headers */,
				E110B4F1177FCFCC004071B5 /* ARBInfoItem.h in Headers */,
				E110B4F2177FCFCC004071B5 /* ARBLocalization.h in Headers */,
				E161B7CA201E78FE000CCF24 /* ARBDebug.h in Headers */,
				E110B4F3177FCFCC004071B5 /* ARBStructure.h in Headers */,
				E110B4F4177FCFCC004071B5 /* ARBTraining.h in Headers */,
				E110B4F5177FCFCC004071B5 /* ARBTypes2.h in Headers */,
			);
			runOnlyForDeploymentPostprocessing = 0;
		};
/* End PBXHeadersBuildPhase section */

/* Begin PBXNativeTarget section */
		E19B62EA166C08B9004DEDA4 /* ARB */ = {
			isa = PBXNativeTarget;
			buildConfigurationList = E19B62EF166C08B9004DEDA4 /* Build configuration list for PBXNativeTarget "ARB" */;
			buildPhases = (
				E19B62E7166C08B9004DEDA4 /* Sources */,
				E19B62E8166C08B9004DEDA4 /* Frameworks */,
				E19B62E9166C08B9004DEDA4 /* Headers */,
			);
			buildRules = (
			);
			dependencies = (
			);
			name = ARB;
			productName = ARB;
			productReference = E19B62EB166C08B9004DEDA4 /* libARB.a */;
			productType = "com.apple.product-type.library.static";
		};
/* End PBXNativeTarget section */

/* Begin PBXProject section */
		E19B62E2166C08B9004DEDA4 /* Project object */ = {
			isa = PBXProject;
			attributes = {
				LastUpgradeCheck = 0930;
				ORGANIZATIONNAME = "David Connet";
			};
			buildConfigurationList = E19B62E5166C08B9004DEDA4 /* Build configuration list for PBXProject "ARB" */;
			compatibilityVersion = "Xcode 10.0";
			developmentRegion = en;
			hasScannedForEncodings = 0;
			knownRegions = (
				en,
				Base,
			);
			mainGroup = E19B62E0166C08B9004DEDA4;
			productRefGroup = E19B62EC166C08B9004DEDA4 /* Products */;
			projectDirPath = "";
			projectRoot = "";
			targets = (
				E19B62EA166C08B9004DEDA4 /* ARB */,
			);
		};
/* End PBXProject section */

/* Begin PBXSourcesBuildPhase section */
		E19B62E7166C08B9004DEDA4 /* Sources */ = {
			isa = PBXSourcesBuildPhase;
			buildActionMask = 2147483647;
			files = (
				E1BED40C237F8FEB0091278E /* ARBConfigMultiQ.cpp in Sources */,
				E1BED41D237F8FEB0091278E /* ARBConfigPlaceInfo.cpp in Sources */,
				E1BED428237F8FEB0091278E /* ARBDog.cpp in Sources */,
				E1BED421237F8FEB0091278E /* ARBConfigEvent.cpp in Sources */,
				E1BED416237F8FEB0091278E /* ARBConfig.cpp in Sources */,
				E1BED41F237F8FEB0091278E /* ARBConfigLifetimePoints.cpp in Sources */,
				E1BED413237F8FEB0091278E /* ARBConfigVenue.cpp in Sources */,
				E1BED407237F8FEB0091278E /* ARBDogNotes.cpp in Sources */,
				E1BED405237F8FEB0091278E /* ARBBase.cpp in Sources */,
				E1BED41A237F8FEB0091278E /* ARBConfigTitlePoints.cpp in Sources */,
				E1BED420237F8FEB0091278E /* ARBDogRunOtherPoints.cpp in Sources */,
				E1BED40B237F8FEB0091278E /* ARBDogReferenceRun.cpp in Sources */,
				E1BED415237F8FEB0091278E /* ARBConfigLevel.cpp in Sources */,
				E1BED427237F8FEB0091278E /* ARBConfigSubLevel.cpp in Sources */,
				E1BED419237F8FEB0091278E /* ARBDogRunScoring.cpp in Sources */,
				E1BED42A237F8FEB0091278E /* ARBConfigScoring.cpp in Sources */,
				E1BED40D237F8FEB0091278E /* ARBConfigDivision.cpp in Sources */,
				E1BED40F237F8FEB0091278E /* ARB_Q.cpp in Sources */,
				E1BED40A237F8FEB0091278E /* ARBTraining.cpp in Sources */,
				E1BED423237F8FEB0091278E /* ARBLocalization.cpp in Sources */,
				E1BED406237F8FEB0091278E /* ARBConfigTitle.cpp in Sources */,
				E1BED409237F8FEB0091278E /* ARBCalendar.cpp in Sources */,
				E1BED414237F8FEB0091278E /* ARBConfigFault.cpp in Sources */,
				E1BED411237F8FEB0091278E /* ARBAgilityRecordBook.cpp in Sources */,
				E1BED418237F8FEB0091278E /* ARBDogRun.cpp in Sources */,
				E1BED408237F8FEB0091278E /* ARBConfigOtherPoints.cpp in Sources */,
				E1BED412237F8FEB0091278E /* ARBDogRunPartner.cpp in Sources */,
				E1BED404237F8FEB0091278E /* ARBDogRegNum.cpp in Sources */,
				E1BED426237F8FEB0091278E /* stdafx.cpp in Sources */,
				E1BED42B237F8FEB0091278E /* ARBInfoItem.cpp in Sources */,
				E1BED41C237F8FEB0091278E /* ARBDogClub.cpp in Sources */,
				E1BED425237F8FEB0091278E /* ARBDogExistingPoints.cpp in Sources */,
				E1BED417237F8FEB0091278E /* ARBConfigAction.cpp in Sources */,
				E1BED41E237F8FEB0091278E /* ARBConfigCalSite.cpp in Sources */,
				E1BED41B237F8FEB0091278E /* ARBConfigLifetimeName.cpp in Sources */,
				E1BED424237F8FEB0091278E /* ARBInfo.cpp in Sources */,
				E1BED410237F8FEB0091278E /* ARBCalcPoints.cpp in Sources */,
				E1BED429237F8FEB0091278E /* ARBDogTrial.cpp in Sources */,
				E1BED422237F8FEB0091278E /* ARBDogTitle.cpp in Sources */,
			);
			runOnlyForDeploymentPostprocessing = 0;
		};
/* End PBXSourcesBuildPhase section */

/* Begin XCBuildConfiguration section */
		E19B62ED166C08B9004DEDA4 /* Debug */ = {
			isa = XCBuildConfiguration;
			buildSettings = {
				ALWAYS_SEARCH_USER_PATHS = NO;
				CLANG_CXX_LANGUAGE_STANDARD = "c++14";
				CLANG_CXX_LIBRARY = "libc++";
				CLANG_WARN_BLOCK_CAPTURE_AUTORELEASING = YES;
				CLANG_WARN_BOOL_CONVERSION = YES;
				CLANG_WARN_COMMA = YES;
				CLANG_WARN_CONSTANT_CONVERSION = YES;
				CLANG_WARN_DEPRECATED_OBJC_IMPLEMENTATIONS = YES;
				CLANG_WARN_EMPTY_BODY = YES;
				CLANG_WARN_ENUM_CONVERSION = YES;
				CLANG_WARN_INFINITE_RECURSION = YES;
				CLANG_WARN_INT_CONVERSION = YES;
				CLANG_WARN_NON_LITERAL_NULL_CONVERSION = YES;
				CLANG_WARN_OBJC_IMPLICIT_RETAIN_SELF = YES;
				CLANG_WARN_OBJC_LITERAL_CONVERSION = YES;
				CLANG_WARN_RANGE_LOOP_ANALYSIS = YES;
				CLANG_WARN_STRICT_PROTOTYPES = YES;
				CLANG_WARN_SUSPICIOUS_MOVE = YES;
				CLANG_WARN_UNREACHABLE_CODE = YES;
				CLANG_WARN__DUPLICATE_METHOD_MATCH = YES;
				COPY_PHASE_STRIP = NO;
				ENABLE_STRICT_OBJC_MSGSEND = YES;
				ENABLE_TESTABILITY = YES;
				GCC_C_LANGUAGE_STANDARD = "compiler-default";
				GCC_DYNAMIC_NO_PIC = NO;
				GCC_ENABLE_OBJC_EXCEPTIONS = YES;
				GCC_NO_COMMON_BLOCKS = YES;
				GCC_OPTIMIZATION_LEVEL = 0;
				GCC_PREPROCESSOR_DEFINITIONS = (
					"DEBUG=1",
					"$(inherited)",
				);
				GCC_SYMBOLS_PRIVATE_EXTERN = NO;
				GCC_TREAT_WARNINGS_AS_ERRORS = YES;
				GCC_VERSION = "";
				GCC_WARN_64_TO_32_BIT_CONVERSION = NO;
				GCC_WARN_ABOUT_RETURN_TYPE = YES;
				GCC_WARN_SHADOW = NO;
				GCC_WARN_UNDECLARED_SELECTOR = YES;
				GCC_WARN_UNINITIALIZED_AUTOS = NO;
				GCC_WARN_UNUSED_FUNCTION = YES;
				GCC_WARN_UNUSED_VARIABLE = YES;
				MACOSX_DEPLOYMENT_TARGET = 10.7;
				ONLY_ACTIVE_ARCH = YES;
				OTHER_CFLAGS = (
					"-I$SRCROOT/../../../Include",
					"-I$SRCROOT/../../../3rdParty/LibFmt/include",
					"-I$WXBASE/wxWidgets-3.1.3/build-debug/lib/wx/include/osx_cocoa-unicode-static-3.1",
					"-I$WXBASE/wxWidgets-3.1.3/include",
					"-D_FILE_OFFSET_BITS=64",
					"-D__WXMAC__",
					"-D__WXOSX__",
					"-D__WXOSX_COCOA__",
					"-DUSE_WXWIDGETS",
				);
				SDKROOT = macosx;
			};
			name = Debug;
		};
		E19B62EE166C08B9004DEDA4 /* Release */ = {
			isa = XCBuildConfiguration;
			buildSettings = {
				ALWAYS_SEARCH_USER_PATHS = NO;
				CLANG_CXX_LANGUAGE_STANDARD = "c++14";
				CLANG_CXX_LIBRARY = "libc++";
				CLANG_WARN_BLOCK_CAPTURE_AUTORELEASING = YES;
				CLANG_WARN_BOOL_CONVERSION = YES;
				CLANG_WARN_COMMA = YES;
				CLANG_WARN_CONSTANT_CONVERSION = YES;
				CLANG_WARN_DEPRECATED_OBJC_IMPLEMENTATIONS = YES;
				CLANG_WARN_EMPTY_BODY = YES;
				CLANG_WARN_ENUM_CONVERSION = YES;
				CLANG_WARN_INFINITE_RECURSION = YES;
				CLANG_WARN_INT_CONVERSION = YES;
				CLANG_WARN_NON_LITERAL_NULL_CONVERSION = YES;
				CLANG_WARN_OBJC_IMPLICIT_RETAIN_SELF = YES;
				CLANG_WARN_OBJC_LITERAL_CONVERSION = YES;
				CLANG_WARN_RANGE_LOOP_ANALYSIS = YES;
				CLANG_WARN_STRICT_PROTOTYPES = YES;
				CLANG_WARN_SUSPICIOUS_MOVE = YES;
				CLANG_WARN_UNREACHABLE_CODE = YES;
				CLANG_WARN__DUPLICATE_METHOD_MATCH = YES;
				COPY_PHASE_STRIP = YES;
				DEBUG_INFORMATION_FORMAT = "dwarf-with-dsym";
				ENABLE_STRICT_OBJC_MSGSEND = YES;
				GCC_C_LANGUAGE_STANDARD = "compiler-default";
				GCC_ENABLE_OBJC_EXCEPTIONS = YES;
				GCC_NO_COMMON_BLOCKS = YES;
				GCC_TREAT_WARNINGS_AS_ERRORS = YES;
				GCC_VERSION = "";
				GCC_WARN_64_TO_32_BIT_CONVERSION = NO;
				GCC_WARN_ABOUT_RETURN_TYPE = YES;
				GCC_WARN_SHADOW = NO;
				GCC_WARN_UNDECLARED_SELECTOR = YES;
				GCC_WARN_UNINITIALIZED_AUTOS = YES;
				GCC_WARN_UNUSED_FUNCTION = YES;
				GCC_WARN_UNUSED_VARIABLE = YES;
				MACOSX_DEPLOYMENT_TARGET = 10.7;
				OTHER_CFLAGS = (
					"-I$SRCROOT/../../../Include",
					"-I$SRCROOT/../../../3rdParty/LibFmt/include",
					"-I$WXBASE/wxWidgets-3.1.3/build-release/lib/wx/include/osx_cocoa-unicode-static-3.1",
					"-I$WXBASE/wxWidgets-3.1.3/include",
					"-D_FILE_OFFSET_BITS=64",
					"-DwxDEBUG_LEVEL=0",
					"-D__WXMAC__",
					"-D__WXOSX__",
					"-D__WXOSX_COCOA__",
					"-DUSE_WXWIDGETS",
				);
				SDKROOT = macosx;
			};
			name = Release;
		};
		E19B62F0166C08B9004DEDA4 /* Debug */ = {
			isa = XCBuildConfiguration;
			buildSettings = {
				CLANG_ENABLE_OBJC_WEAK = YES;
				COMBINE_HIDPI_IMAGES = YES;
				EXECUTABLE_PREFIX = lib;
				PRODUCT_NAME = "$(TARGET_NAME)";
			};
			name = Debug;
		};
		E19B62F1166C08B9004DEDA4 /* Release */ = {
			isa = XCBuildConfiguration;
			buildSettings = {
				CLANG_ENABLE_OBJC_WEAK = YES;
				COMBINE_HIDPI_IMAGES = YES;
				EXECUTABLE_PREFIX = lib;
				PRODUCT_NAME = "$(TARGET_NAME)";
			};
			name = Release;
		};
/* End XCBuildConfiguration section */

/* Begin XCConfigurationList section */
		E19B62E5166C08B9004DEDA4 /* Build configuration list for PBXProject "ARB" */ = {
			isa = XCConfigurationList;
			buildConfigurations = (
				E19B62ED166C08B9004DEDA4 /* Debug */,
				E19B62EE166C08B9004DEDA4 /* Release */,
			);
			defaultConfigurationIsVisible = 0;
			defaultConfigurationName = Release;
		};
		E19B62EF166C08B9004DEDA4 /* Build configuration list for PBXNativeTarget "ARB" */ = {
			isa = XCConfigurationList;
			buildConfigurations = (
				E19B62F0166C08B9004DEDA4 /* Debug */,
				E19B62F1166C08B9004DEDA4 /* Release */,
			);
			defaultConfigurationIsVisible = 0;
			defaultConfigurationName = Release;
		};
/* End XCConfigurationList section */
	};
	rootObject = E19B62E2166C08B9004DEDA4 /* Project object */;
}
