Microsoft Visual Studio Solution File, Format Version 12.00
# Visual Studio 2012
Project("{8BC9CEB8-8B4A-11D0-8D11-00A0C91BC942}") = "UnitTest++", "UnitTest++.vcxproj", "{64A4FEFE-0461-4E95-8CC1-91EF5F57DBC6}"
EndProject
Project("{8BC9CEB8-8B4A-11D0-8D11-00A0C91BC942}") = "TestARB", "TestARB.vcxproj", "{5870EA58-CDEC-45E7-AA2F-2BE93A56DF9E}"
EndProject
Project("{8BC9CEB8-8B4A-11D0-8D11-00A0C91BC942}") = "LibARB", "LibARB.vcxproj", "{23B8E184-6287-4AF6-B7BB-6E1A9D26DA89}"
EndProject
Project("{8BC9CEB8-8B4A-11D0-8D11-00A0C91BC942}") = "LibArchive", "LibArchive.vcxproj", "{A4B37E95-3D26-47D2-B1A6-2F3D3AF3B83C}"
EndProject
Project("{8BC9CEB8-8B4A-11D0-8D11-00A0C91BC942}") = "LibARBCommon", "LibARBCommon.vcxproj", "{C13FFB93-0F55-4675-8BB8-0A8876814A16}"
EndProject
Project("{8BC9CEB8-8B4A-11D0-8D11-00A0C91BC942}") = "LibTidyHtml", "LibTidyHtml.vcxproj", "{05967875-9726-4F06-8EC8-DB6170C00BF3}"
EndProject
Global
	GlobalSection(SolutionConfigurationPlatforms) = preSolution
		Debug|Win32 = Debug|Win32
		Debug|x64 = Debug|x64
		Release|Win32 = Release|Win32
		Release|x64 = Release|x64
	EndGlobalSection
	GlobalSection(ProjectConfigurationPlatforms) = postSolution
		{64A4FEFE-0461-4E95-8CC1-91EF5F57DBC6}.Debug|Win32.ActiveCfg = Debug|Win32
		{64A4FEFE-0461-4E95-8CC1-91EF5F57DBC6}.Debug|Win32.Build.0 = Debug|Win32
		{64A4FEFE-0461-4E95-8CC1-91EF5F57DBC6}.Debug|x64.ActiveCfg = Debug|x64
		{64A4FEFE-0461-4E95-8CC1-91EF5F57DBC6}.Debug|x64.Build.0 = Debug|x64
		{64A4FEFE-0461-4E95-8CC1-91EF5F57DBC6}.Release|Win32.ActiveCfg = Release|Win32
		{64A4FEFE-0461-4E95-8CC1-91EF5F57DBC6}.Release|Win32.Build.0 = Release|Win32
		{64A4FEFE-0461-4E95-8CC1-91EF5F57DBC6}.Release|x64.ActiveCfg = Release|x64
		{64A4FEFE-0461-4E95-8CC1-91EF5F57DBC6}.Release|x64.Build.0 = Release|x64
		{5870EA58-CDEC-45E7-AA2F-2BE93A56DF9E}.Debug|Win32.ActiveCfg = Debug|Win32
		{5870EA58-CDEC-45E7-AA2F-2BE93A56DF9E}.Debug|Win32.Build.0 = Debug|Win32
		{5870EA58-CDEC-45E7-AA2F-2BE93A56DF9E}.Debug|x64.ActiveCfg = Debug|x64
		{5870EA58-CDEC-45E7-AA2F-2BE93A56DF9E}.Debug|x64.Build.0 = Debug|x64
		{5870EA58-CDEC-45E7-AA2F-2BE93A56DF9E}.Release|Win32.ActiveCfg = Release|Win32
		{5870EA58-CDEC-45E7-AA2F-2BE93A56DF9E}.Release|Win32.Build.0 = Release|Win32
		{5870EA58-CDEC-45E7-AA2F-2BE93A56DF9E}.Release|x64.ActiveCfg = Release|x64
		{5870EA58-CDEC-45E7-AA2F-2BE93A56DF9E}.Release|x64.Build.0 = Release|x64
		{23B8E184-6287-4AF6-B7BB-6E1A9D26DA89}.Debug|Win32.ActiveCfg = Debug|Win32
		{23B8E184-6287-4AF6-B7BB-6E1A9D26DA89}.Debug|Win32.Build.0 = Debug|Win32
		{23B8E184-6287-4AF6-B7BB-6E1A9D26DA89}.Debug|x64.ActiveCfg = Debug|x64
		{23B8E184-6287-4AF6-B7BB-6E1A9D26DA89}.Debug|x64.Build.0 = Debug|x64
		{23B8E184-6287-4AF6-B7BB-6E1A9D26DA89}.Release|Win32.ActiveCfg = Release|Win32
		{23B8E184-6287-4AF6-B7BB-6E1A9D26DA89}.Release|Win32.Build.0 = Release|Win32
		{23B8E184-6287-4AF6-B7BB-6E1A9D26DA89}.Release|x64.ActiveCfg = Release|x64
		{23B8E184-6287-4AF6-B7BB-6E1A9D26DA89}.Release|x64.Build.0 = Release|x64
		{A4B37E95-3D26-47D2-B1A6-2F3D3AF3B83C}.Debug|Win32.ActiveCfg = Debug|Win32
		{A4B37E95-3D26-47D2-B1A6-2F3D3AF3B83C}.Debug|Win32.Build.0 = Debug|Win32
		{A4B37E95-3D26-47D2-B1A6-2F3D3AF3B83C}.Debug|x64.ActiveCfg = Debug|x64
		{A4B37E95-3D26-47D2-B1A6-2F3D3AF3B83C}.Debug|x64.Build.0 = Debug|x64
		{A4B37E95-3D26-47D2-B1A6-2F3D3AF3B83C}.Release|Win32.ActiveCfg = Release|Win32
		{A4B37E95-3D26-47D2-B1A6-2F3D3AF3B83C}.Release|Win32.Build.0 = Release|Win32
		{A4B37E95-3D26-47D2-B1A6-2F3D3AF3B83C}.Release|x64.ActiveCfg = Release|x64
		{A4B37E95-3D26-47D2-B1A6-2F3D3AF3B83C}.Release|x64.Build.0 = Release|x64
		{C13FFB93-0F55-4675-8BB8-0A8876814A16}.Debug|Win32.ActiveCfg = Debug|Win32
		{C13FFB93-0F55-4675-8BB8-0A8876814A16}.Debug|Win32.Build.0 = Debug|Win32
		{C13FFB93-0F55-4675-8BB8-0A8876814A16}.Debug|x64.ActiveCfg = Debug|x64
		{C13FFB93-0F55-4675-8BB8-0A8876814A16}.Debug|x64.Build.0 = Debug|x64
		{C13FFB93-0F55-4675-8BB8-0A8876814A16}.Release|Win32.ActiveCfg = Release|Win32
		{C13FFB93-0F55-4675-8BB8-0A8876814A16}.Release|Win32.Build.0 = Release|Win32
		{C13FFB93-0F55-4675-8BB8-0A8876814A16}.Release|x64.ActiveCfg = Release|x64
		{C13FFB93-0F55-4675-8BB8-0A8876814A16}.Release|x64.Build.0 = Release|x64
		{05967875-9726-4F06-8EC8-DB6170C00BF3}.Debug|Win32.ActiveCfg = Debug|Win32
		{05967875-9726-4F06-8EC8-DB6170C00BF3}.Debug|Win32.Build.0 = Debug|Win32
		{05967875-9726-4F06-8EC8-DB6170C00BF3}.Debug|x64.ActiveCfg = Debug|x64
		{05967875-9726-4F06-8EC8-DB6170C00BF3}.Debug|x64.Build.0 = Debug|x64
		{05967875-9726-4F06-8EC8-DB6170C00BF3}.Release|Win32.ActiveCfg = Release|Win32
		{05967875-9726-4F06-8EC8-DB6170C00BF3}.Release|Win32.Build.0 = Release|Win32
		{05967875-9726-4F06-8EC8-DB6170C00BF3}.Release|x64.ActiveCfg = Release|x64
		{05967875-9726-4F06-8EC8-DB6170C00BF3}.Release|x64.Build.0 = Release|x64
	EndGlobalSection
	GlobalSection(SolutionProperties) = preSolution
		HideSolutionNode = FALSE
	EndGlobalSection
EndGlobal
