<?xml version="1.0" encoding="utf-8"?>
<Project ToolsVersion="4.0" xmlns="http://schemas.microsoft.com/developer/msbuild/2003">
  <ItemGroup>
    <Filter Include="Source Files">
      <UniqueIdentifier>{55d3009e-c546-4c54-9f12-5ddd8e8e6644}</UniqueIdentifier>
      <Extensions>cpp;c;cc;cxx;def;odl;idl;hpj;bat;asm;asmx</Extensions>
    </Filter>
    <Filter Include="Header Files">
      <UniqueIdentifier>{180e9e0b-7cad-44c2-8b23-c5a270226914}</UniqueIdentifier>
      <Extensions>h;hpp;hxx;hm;inl;inc;xsd</Extensions>
    </Filter>
    <Filter Include="Resource Files">
      <UniqueIdentifier>{982f7fee-9ea8-4ece-9ccc-da6a8513f47a}</UniqueIdentifier>
      <Extensions>rc;ico;cur;bmp;dlg;rc2;rct;bin;rgs;gif;jpg;jpeg;jpe;resx;tiff;tif;png;wav</Extensions>
    </Filter>
    <Filter Include="Include">
      <UniqueIdentifier>{6aa38eab-2675-4207-8af7-5853342395c2}</UniqueIdentifier>
    </Filter>
    <Filter Include="Include\Platform">
      <UniqueIdentifier>{76b0837f-9e50-4915-ba18-7b68def3e4b4}</UniqueIdentifier>
    </Filter>
    <Filter Include="Include\ARBCommon">
      <UniqueIdentifier>{2eb9c25a-b61f-43d9-8e53-9f402573f675}</UniqueIdentifier>
    </Filter>
  </ItemGroup>
  <ItemGroup>
    <ClCompile Include="..\..\ARBCommon\ARBBase64.cpp">
      <Filter>Source Files</Filter>
    </ClCompile>
    <ClCompile Include="..\..\ARBCommon\ARBDate.cpp">
      <Filter>Source Files</Filter>
    </ClCompile>
    <ClCompile Include="..\..\ARBCommon\ARBMsgDigest.cpp">
      <Filter>Source Files</Filter>
    </ClCompile>
    <ClCompile Include="..\..\ARBCommon\ARBTypes.cpp">
      <Filter>Source Files</Filter>
    </ClCompile>
    <ClCompile Include="..\..\ARBCommon\BinaryData.cpp">
      <Filter>Source Files</Filter>
    </ClCompile>
    <ClCompile Include="..\..\ARBCommon\BreakLine.cpp">
      <Filter>Source Files</Filter>
    </ClCompile>
    <ClCompile Include="..\..\ARBCommon\Element.cpp">
      <Filter>Source Files</Filter>
    </ClCompile>
    <ClCompile Include="..\..\ARBCommon\StringUtil.cpp">
      <Filter>Source Files</Filter>
    </ClCompile>
    <ClCompile Include="..\..\ARBCommon\VersionNum.cpp">
      <Filter>Source Files</Filter>
    </ClCompile>
    <ClCompile Include="..\..\ARBCommon\stdafx.cpp">
      <Filter>Source Files</Filter>
    </ClCompile>
    <ClCompile Include="..\..\ARBCommon\ARBMisc.cpp">
      <Filter>Source Files</Filter>
    </ClCompile>
  </ItemGroup>
  <ItemGroup>
    <ClInclude Include="..\..\ARBCommon\stdafx.h">
      <Filter>Header Files</Filter>
    </ClInclude>
    <ClInclude Include="..\..\Include\Platform\arbWarningPop.h">
      <Filter>Include\Platform</Filter>
    </ClInclude>
    <ClInclude Include="..\..\Include\Platform\arbWarningPush.h">
      <Filter>Include\Platform</Filter>
    </ClInclude>
    <ClInclude Include="..\..\Include\Platform\SetupARBPost.h">
      <Filter>Include\Platform</Filter>
    </ClInclude>
    <ClInclude Include="..\..\Include\Platform\SetupARBPre.h">
      <Filter>Include\Platform</Filter>
    </ClInclude>
    <ClInclude Include="..\..\Include\Platform\SetupWX.h">
      <Filter>Include\Platform</Filter>
    </ClInclude>
    <ClInclude Include="..\..\Include\VersionNumber.h">
      <Filter>Include</Filter>
    </ClInclude>
    <ClInclude Include="..\..\Include\ARBCommon\ARBBase64.h">
      <Filter>Include\ARBCommon</Filter>
    </ClInclude>
    <ClInclude Include="..\..\Include\ARBCommon\VersionNum.h">
      <Filter>Include\ARBCommon</Filter>
    </ClInclude>
    <ClInclude Include="..\..\Include\ARBCommon\ARBDate.h">
      <Filter>Include\ARBCommon</Filter>
    </ClInclude>
    <ClInclude Include="..\..\Include\ARBCommon\ARBMsgDigest.h">
      <Filter>Include\ARBCommon</Filter>
    </ClInclude>
    <ClInclude Include="..\..\Include\ARBCommon\ARBTypes.h">
      <Filter>Include\ARBCommon</Filter>
    </ClInclude>
    <ClInclude Include="..\..\Include\ARBCommon\BinaryData.h">
      <Filter>Include\ARBCommon</Filter>
    </ClInclude>
    <ClInclude Include="..\..\Include\ARBCommon\BreakLine.h">
      <Filter>Include\ARBCommon</Filter>
    </ClInclude>
    <ClInclude Include="..\..\Include\ARBCommon\Element.h">
      <Filter>Include\ARBCommon</Filter>
    </ClInclude>
    <ClInclude Include="..\..\Include\ARBCommon\StringUtil.h">
      <Filter>Include\ARBCommon</Filter>
    </ClInclude>
    <ClInclude Include="..\..\Include\ARBCommon\ARBMisc.h">
      <Filter>Include\ARBCommon</Filter>
    </ClInclude>
  </ItemGroup>
</Project>