<?xml version="1.0" encoding="utf-8"?>
<Project ToolsVersion="4.0" xmlns="http://schemas.microsoft.com/developer/msbuild/2003">
  <ItemGroup>
    <Filter Include="Source Files">
      <UniqueIdentifier>{718D9CED-72EB-4A38-8517-BC03AE844060}</UniqueIdentifier>
      <Extensions>cpp;c;cc;cxx;def;odl;idl;hpj;bat;asm;asmx</Extensions>
    </Filter>
    <Filter Include="Header Files">
      <UniqueIdentifier>{9DF372DE-C31D-44D4-BDB1-28D168BD0C30}</UniqueIdentifier>
      <Extensions>h;hpp;hxx;hm;inl;inc;xsd</Extensions>
    </Filter>
    <Filter Include="Resource Files">
      <UniqueIdentifier>{E1B4C1A5-7666-48C3-AF3F-66FC44216E3B}</UniqueIdentifier>
      <Extensions>rc;ico;cur;bmp;dlg;rc2;rct;bin;rgs;gif;jpg;jpeg;jpe;resx;tiff;tif;png;wav</Extensions>
    </Filter>
    <Filter Include="Include">
      <UniqueIdentifier>{2ac178b3-1962-4006-aa7e-584e9392915c}</UniqueIdentifier>
    </Filter>
    <Filter Include="Include\Platform">
      <UniqueIdentifier>{6eefa7b1-2ef7-4d66-9172-5d4cc15dcc28}</UniqueIdentifier>
    </Filter>
  </ItemGroup>
  <ItemGroup>
    <ClCompile Include="..\..\TestARB\ConfigHandler.cpp">
      <Filter>Source Files</Filter>
    </ClCompile>
    <ClCompile Include="..\..\TestARB\Local.cpp">
      <Filter>Source Files</Filter>
    </ClCompile>
    <ClCompile Include="..\..\TestARB\stdafx.cpp">
      <Filter>Source Files</Filter>
    </ClCompile>
    <ClCompile Include="..\..\TestARB\TestAgilityRecordBook.cpp">
      <Filter>Source Files</Filter>
    </ClCompile>
    <ClCompile Include="..\..\TestARB\TestARB.cpp">
      <Filter>Source Files</Filter>
    </ClCompile>
    <ClCompile Include="..\..\TestARB\TestBinaryData.cpp">
      <Filter>Source Files</Filter>
    </ClCompile>
    <ClCompile Include="..\..\TestARB\TestCalendar.cpp">
      <Filter>Source Files</Filter>
    </ClCompile>
    <ClCompile Include="..\..\TestARB\TestConfig.cpp">
      <Filter>Source Files</Filter>
    </ClCompile>
    <ClCompile Include="..\..\TestARB\TestConfigAction.cpp">
      <Filter>Source Files</Filter>
    </ClCompile>
    <ClCompile Include="..\..\TestARB\TestConfigCalSite.cpp">
      <Filter>Source Files</Filter>
    </ClCompile>
    <ClCompile Include="..\..\TestARB\TestConfigDivision.cpp">
      <Filter>Source Files</Filter>
    </ClCompile>
    <ClCompile Include="..\..\TestARB\TestConfigEvent.cpp">
      <Filter>Source Files</Filter>
    </ClCompile>
    <ClCompile Include="..\..\TestARB\TestConfigFault.cpp">
      <Filter>Source Files</Filter>
    </ClCompile>
    <ClCompile Include="..\..\TestARB\TestConfigLevel.cpp">
      <Filter>Source Files</Filter>
    </ClCompile>
    <ClCompile Include="..\..\TestARB\TestConfigLifetimePoints.cpp">
      <Filter>Source Files</Filter>
    </ClCompile>
    <ClCompile Include="..\..\TestARB\TestConfigMultiQ.cpp">
      <Filter>Source Files</Filter>
    </ClCompile>
    <ClCompile Include="..\..\TestARB\TestConfigOtherPoints.cpp">
      <Filter>Source Files</Filter>
    </ClCompile>
    <ClCompile Include="..\..\TestARB\TestConfigPlaceInfo.cpp">
      <Filter>Source Files</Filter>
    </ClCompile>
    <ClCompile Include="..\..\TestARB\TestConfigScoring.cpp">
      <Filter>Source Files</Filter>
    </ClCompile>
    <ClCompile Include="..\..\TestARB\TestConfigSubLevel.cpp">
      <Filter>Source Files</Filter>
    </ClCompile>
    <ClCompile Include="..\..\TestARB\TestConfigTitle.cpp">
      <Filter>Source Files</Filter>
    </ClCompile>
    <ClCompile Include="..\..\TestARB\TestConfigTitlePoints.cpp">
      <Filter>Source Files</Filter>
    </ClCompile>
    <ClCompile Include="..\..\TestARB\TestConfigVenue.cpp">
      <Filter>Source Files</Filter>
    </ClCompile>
    <ClCompile Include="..\..\TestARB\TestDate.cpp">
      <Filter>Source Files</Filter>
    </ClCompile>
    <ClCompile Include="..\..\TestARB\TestDog.cpp">
      <Filter>Source Files</Filter>
    </ClCompile>
    <ClCompile Include="..\..\TestARB\TestDogClub.cpp">
      <Filter>Source Files</Filter>
    </ClCompile>
    <ClCompile Include="..\..\TestARB\TestDogExistingPoints.cpp">
      <Filter>Source Files</Filter>
    </ClCompile>
    <ClCompile Include="..\..\TestARB\TestDogNotes.cpp">
      <Filter>Source Files</Filter>
    </ClCompile>
    <ClCompile Include="..\..\TestARB\TestDogReferenceRun.cpp">
      <Filter>Source Files</Filter>
    </ClCompile>
    <ClCompile Include="..\..\TestARB\TestDogRegNum.cpp">
      <Filter>Source Files</Filter>
    </ClCompile>
    <ClCompile Include="..\..\TestARB\TestDogRun.cpp">
      <Filter>Source Files</Filter>
    </ClCompile>
    <ClCompile Include="..\..\TestARB\TestDogRunOtherPoints.cpp">
      <Filter>Source Files</Filter>
    </ClCompile>
    <ClCompile Include="..\..\TestARB\TestDogRunPartner.cpp">
      <Filter>Source Files</Filter>
    </ClCompile>
    <ClCompile Include="..\..\TestARB\TestDogRunScoring.cpp">
      <Filter>Source Files</Filter>
    </ClCompile>
    <ClCompile Include="..\..\TestARB\TestDogTitle.cpp">
      <Filter>Source Files</Filter>
    </ClCompile>
    <ClCompile Include="..\..\TestARB\TestDogTrial.cpp">
      <Filter>Source Files</Filter>
    </ClCompile>
    <ClCompile Include="..\..\TestARB\TestDouble.cpp">
      <Filter>Source Files</Filter>
    </ClCompile>
    <ClCompile Include="..\..\TestARB\TestElement.cpp">
      <Filter>Source Files</Filter>
    </ClCompile>
    <ClCompile Include="..\..\TestARB\TestErrorCallback.cpp">
      <Filter>Source Files</Filter>
    </ClCompile>
    <ClCompile Include="..\..\TestARB\TestInfoItem.cpp">
      <Filter>Source Files</Filter>
    </ClCompile>
    <ClCompile Include="..\..\TestARB\TestMD5.cpp">
      <Filter>Source Files</Filter>
    </ClCompile>
    <ClCompile Include="..\..\TestARB\TestMisc.cpp">
      <Filter>Source Files</Filter>
    </ClCompile>
    <ClCompile Include="..\..\TestARB\TestQ.cpp">
      <Filter>Source Files</Filter>
    </ClCompile>
    <ClCompile Include="..\..\TestARB\TestString.cpp">
      <Filter>Source Files</Filter>
    </ClCompile>
    <ClCompile Include="..\..\TestARB\TestTraining.cpp">
      <Filter>Source Files</Filter>
    </ClCompile>
    <ClCompile Include="..\..\TestARB\TestVersion.cpp">
      <Filter>Source Files</Filter>
    </ClCompile>
    <ClCompile Include="..\..\TestARB\TestBreakLine.cpp">
      <Filter>Source Files</Filter>
    </ClCompile>
    <ClCompile Include="..\..\TestARB\TestCalcPoints.cpp">
      <Filter>Source Files</Filter>
    </ClCompile>
    <ClCompile Include="..\..\TestARB\TestArchive.cpp">
      <Filter>Source Files</Filter>
    </ClCompile>
  </ItemGroup>
  <ItemGroup>
    <ClInclude Include="..\..\TestARB\ConfigHandler.h">
      <Filter>Header Files</Filter>
    </ClInclude>
    <ClInclude Include="..\..\TestARB\Local.h">
      <Filter>Header Files</Filter>
    </ClInclude>
    <ClInclude Include="..\..\TestARB\stdafx.h">
      <Filter>Header Files</Filter>
    </ClInclude>
    <ClInclude Include="..\..\TestARB\TestARB.h">
      <Filter>Header Files</Filter>
    </ClInclude>
    <ClInclude Include="..\..\Include\Platform\arbWarningPop.h">
      <Filter>Include\Platform</Filter>
    </ClInclude>
    <ClInclude Include="..\..\Include\Platform\arbWarningPush.h">
      <Filter>Include\Platform</Filter>
    </ClInclude>
    <ClInclude Include="..\..\Include\Platform\SetupARBPost.h">
      <Filter>Include\Platform</Filter>
    </ClInclude>
    <ClInclude Include="..\..\Include\Platform\SetupARBPre.h">
      <Filter>Include\Platform</Filter>
    </ClInclude>
    <ClInclude Include="..\..\Include\ICalendarSite.h">
      <Filter>Include</Filter>
    </ClInclude>
    <ClInclude Include="..\..\Include\IProgressMeter.h">
      <Filter>Include</Filter>
    </ClInclude>
    <ClInclude Include="..\..\Include\VersionNumber.h">
      <Filter>Include</Filter>
    </ClInclude>
    <ClInclude Include="..\..\Include\Platform\SetupWinRT.h">
      <Filter>Include\Platform</Filter>
    </ClInclude>
  </ItemGroup>
  <ItemGroup>
    <None Include="..\..\TestARB\res\Config08_v10_2.xml">
      <Filter>Resource Files</Filter>
    </None>
    <None Include="..\..\TestARB\res\Config09_v11_0.xml">
      <Filter>Resource Files</Filter>
    </None>
    <None Include="..\..\TestARB\res\Config12_v12_1.xml">
      <Filter>Resource Files</Filter>
    </None>
    <None Include="..\..\TestARB\res\Config14_v12_2.xml">
      <Filter>Resource Files</Filter>
    </None>
    <None Include="..\..\TestARB\res\Config19_v12_5.xml">
      <Filter>Resource Files</Filter>
    </None>
    <None Include="..\..\TestARB\res\Config20_v12_6.xml">
      <Filter>Resource Files</Filter>
    </None>
    <None Include="..\..\TestARB\res\Config21_v12_7.xml">
      <Filter>Resource Files</Filter>
    </None>
    <None Include="..\..\TestARB\res\Config22_v12_7.xml">
      <Filter>Resource Files</Filter>
    </None>
    <None Include="..\..\TestARB\res\Config23_v12_8.xml">
      <Filter>Resource Files</Filter>
    </None>
    <None Include="..\..\TestARB\res\Config24_v12_8.xml">
      <Filter>Resource Files</Filter>
    </None>
    <None Include="..\..\TestARB\res\Config25_v12_9.xml">
      <Filter>Resource Files</Filter>
    </None>
    <None Include="..\..\TestARB\res\TestARB.rc2">
      <Filter>Resource Files</Filter>
    </None>
  </ItemGroup>
  <ItemGroup>
    <ResourceCompile Include="..\..\TestARB\TestARB.rc">
      <Filter>Resource Files</Filter>
    </ResourceCompile>
  </ItemGroup>
</Project>