<?xml version="1.0" encoding="utf-8"?>
<Project ToolsVersion="4.0" xmlns="http://schemas.microsoft.com/developer/msbuild/2003">
  <ItemGroup>
    <Filter Include="Source Files">
      <UniqueIdentifier>{e222a7e4-7dcf-4e87-888b-1b977daf5e62}</UniqueIdentifier>
      <Extensions>cpp;c;cxx;def;odl;idl;hpj;bat;asm</Extensions>
    </Filter>
    <Filter Include="Header Files">
      <UniqueIdentifier>{ebe833d8-72f2-431d-85fd-b60c78eca2f9}</UniqueIdentifier>
      <Extensions>h;hpp;hxx;hm;inl;inc</Extensions>
    </Filter>
    <Filter Include="Include">
      <UniqueIdentifier>{44685349-4c38-4855-9a58-3ab6cc606b0f}</UniqueIdentifier>
    </Filter>
    <Filter Include="Include\LibArchive">
      <UniqueIdentifier>{16816342-5452-4ae0-ba60-dfaa1d395309}</UniqueIdentifier>
    </Filter>
  </ItemGroup>
  <ItemGroup>
    <ClCompile Include="..\..\LibArchive\LibArchive.cpp">
      <Filter>Source Files</Filter>
    </ClCompile>
    <ClCompile Include="..\..\LibArchive\stdafx.cpp">
      <Filter>Source Files</Filter>
    </ClCompile>
  </ItemGroup>
  <ItemGroup>
    <ClInclude Include="..\..\LibArchive\stdafx.h">
      <Filter>Header Files</Filter>
    </ClInclude>
    <ClInclude Include="..\..\Include\LibArchive\LibArchive.h">
      <Filter>Include\LibArchive</Filter>
    </ClInclude>
  </ItemGroup>
</Project>