<?xml version="1.0" encoding="utf-8"?>
<Project ToolsVersion="4.0" xmlns="http://schemas.microsoft.com/developer/msbuild/2003">
  <ItemGroup>
    <Filter Include="Source Files">
      <UniqueIdentifier>{4FC737F1-C7A5-4376-A066-2A32D752A2FF}</UniqueIdentifier>
      <Extensions>cpp;c;cc;cxx;def;odl;idl;hpj;bat;asm;asmx</Extensions>
    </Filter>
    <Filter Include="Header Files">
      <UniqueIdentifier>{93995380-89BD-4b04-88EB-625FBE52EBFB}</UniqueIdentifier>
      <Extensions>h;hpp;hxx;hm;inl;inc;xsd</Extensions>
    </Filter>
    <Filter Include="Resource Files">
      <UniqueIdentifier>{67DA6AB6-F800-4c08-8B7A-83BB121AAD01}</UniqueIdentifier>
      <Extensions>rc;ico;cur;bmp;dlg;rc2;rct;bin;rgs;gif;jpg;jpeg;jpe;resx;tiff;tif;png;wav</Extensions>
    </Filter>
    <Filter Include="Resource Files\PNG">
      <UniqueIdentifier>{80d8a0cb-525f-490f-b1be-63e6c7aedd37}</UniqueIdentifier>
    </Filter>
    <Filter Include="Resource Files\Lang">
      <UniqueIdentifier>{316b896f-cac0-4af6-913d-6904803f66ae}</UniqueIdentifier>
    </Filter>
    <Filter Include="Resource Files\Lang\en_US">
      <UniqueIdentifier>{93d983de-9284-4aee-8462-d42df1a86af7}</UniqueIdentifier>
    </Filter>
    <Filter Include="Resource Files\Lang\fr_FR">
      <UniqueIdentifier>{c642b822-d4a1-406a-8074-0665072b0380}</UniqueIdentifier>
    </Filter>
    <Filter Include="Include">
      <UniqueIdentifier>{d4593a59-99ca-427c-a150-ab2efef706c2}</UniqueIdentifier>
    </Filter>
    <Filter Include="Include\Platform">
      <UniqueIdentifier>{ae2b4116-22a7-4fb6-bffd-ce5d205e38bf}</UniqueIdentifier>
    </Filter>
  </ItemGroup>
  <ItemGroup>
    <ClCompile Include="..\..\Win\AgilityBook.cpp">
      <Filter>Source Files</Filter>
    </ClCompile>
    <ClCompile Include="..\..\Win\AgilityBookCalendarListView.cpp">
      <Filter>Source Files</Filter>
    </ClCompile>
    <ClCompile Include="..\..\Win\AgilityBookCalendarView.cpp">
      <Filter>Source Files</Filter>
    </ClCompile>
    <ClCompile Include="..\..\Win\AgilityBookDoc.cpp">
      <Filter>Source Files</Filter>
    </ClCompile>
    <ClCompile Include="..\..\Win\AgilityBookPointsView.cpp">
      <Filter>Source Files</Filter>
    </ClCompile>
    <ClCompile Include="..\..\Win\AgilityBookMenu.cpp">
      <Filter>Source Files</Filter>
    </ClCompile>
    <ClCompile Include="..\..\Win\AgilityBookOptions.cpp">
      <Filter>Source Files</Filter>
    </ClCompile>
    <ClCompile Include="..\..\Win\AgilityBookPanels.cpp">
      <Filter>Source Files</Filter>
    </ClCompile>
    <ClCompile Include="..\..\Win\AgilityBookRunsView.cpp">
      <Filter>Source Files</Filter>
    </ClCompile>
    <ClCompile Include="..\..\Win\AgilityBookTrainingView.cpp">
      <Filter>Source Files</Filter>
    </ClCompile>
    <ClCompile Include="..\..\Win\AgilityBookTreeData.cpp">
      <Filter>Source Files</Filter>
    </ClCompile>
    <ClCompile Include="..\..\Win\AgilityBookTreeView.cpp">
      <Filter>Source Files</Filter>
    </ClCompile>
    <ClCompile Include="..\..\Win\ClipBoard.cpp">
      <Filter>Source Files</Filter>
    </ClCompile>
    <ClCompile Include="..\..\Win\ComboBoxQ.cpp">
      <Filter>Source Files</Filter>
    </ClCompile>
    <ClCompile Include="..\..\Win\ComboBoxVenue.cpp">
      <Filter>Source Files</Filter>
    </ClCompile>
    <ClCompile Include="..\..\Win\CommonView.cpp">
      <Filter>Source Files</Filter>
    </ClCompile>
    <ClCompile Include="..\..\Win\ConfigHandler.cpp">
      <Filter>Source Files</Filter>
    </ClCompile>
    <ClCompile Include="..\..\Win\DlgAbout.cpp">
      <Filter>Source Files</Filter>
    </ClCompile>
    <ClCompile Include="..\..\Win\DlgAssignColumns.cpp">
      <Filter>Source Files</Filter>
    </ClCompile>
    <ClCompile Include="..\..\Win\DlgCalendar.cpp">
      <Filter>Source Files</Filter>
    </ClCompile>
    <ClCompile Include="..\..\Win\DlgClub.cpp">
      <Filter>Source Files</Filter>
    </ClCompile>
    <ClCompile Include="..\..\Win\DlgConfigEvent.cpp">
      <Filter>Source Files</Filter>
    </ClCompile>
    <ClCompile Include="..\..\Win\DlgConfigEventMethod.cpp">
      <Filter>Source Files</Filter>
    </ClCompile>
    <ClCompile Include="..\..\Win\DlgConfigLifetimeName.cpp">
      <Filter>Source Files</Filter>
    </ClCompile>
    <ClCompile Include="..\..\Win\DlgConfigMultiQ.cpp">
      <Filter>Source Files</Filter>
    </ClCompile>
    <ClCompile Include="..\..\Win\DlgConfigOtherPoints.cpp">
      <Filter>Source Files</Filter>
    </ClCompile>
    <ClCompile Include="..\..\Win\DlgConfigPlaceInfo.cpp">
      <Filter>Source Files</Filter>
    </ClCompile>
    <ClCompile Include="..\..\Win\DlgConfigTitle.cpp">
      <Filter>Source Files</Filter>
    </ClCompile>
    <ClCompile Include="..\..\Win\DlgConfigTitlePoints.cpp">
      <Filter>Source Files</Filter>
    </ClCompile>
    <ClCompile Include="..\..\Win\DlgConfigUpdate.cpp">
      <Filter>Source Files</Filter>
    </ClCompile>
    <ClCompile Include="..\..\Win\DlgConfigure.cpp">
      <Filter>Source Files</Filter>
    </ClCompile>
    <ClCompile Include="..\..\Win\DlgConfigureData.cpp">
      <Filter>Source Files</Filter>
    </ClCompile>
    <ClCompile Include="..\..\Win\DlgConfigVenue.cpp">
      <Filter>Source Files</Filter>
    </ClCompile>
    <ClCompile Include="..\..\Win\DlgCRCDViewer.cpp">
      <Filter>Source Files</Filter>
    </ClCompile>
    <ClCompile Include="..\..\Win\DlgDog.cpp">
      <Filter>Source Files</Filter>
    </ClCompile>
    <ClCompile Include="..\..\Win\DlgEventSelect.cpp">
      <Filter>Source Files</Filter>
    </ClCompile>
    <ClCompile Include="..\..\Win\DlgExistingPoints.cpp">
      <Filter>Source Files</Filter>
    </ClCompile>
    <ClCompile Include="..\..\Win\DlgFault.cpp">
      <Filter>Source Files</Filter>
    </ClCompile>
    <ClCompile Include="..\..\Win\DlgFind.cpp">
      <Filter>Source Files</Filter>
    </ClCompile>
    <ClCompile Include="..\..\Win\DlgFindLinks.cpp">
      <Filter>Source Files</Filter>
    </ClCompile>
    <ClCompile Include="..\..\Win\DlgInfoNote.cpp">
      <Filter>Source Files</Filter>
    </ClCompile>
    <ClCompile Include="..\..\Win\DlgListCtrl.cpp">
      <Filter>Source Files</Filter>
    </ClCompile>
    <ClCompile Include="..\..\Win\DlgListViewer.cpp">
      <Filter>Source Files</Filter>
    </ClCompile>
    <ClCompile Include="..\..\Win\DlgMessage.cpp">
      <Filter>Source Files</Filter>
    </ClCompile>
    <ClCompile Include="..\..\Win\DlgMessageBox.cpp">
      <Filter>Source Files</Filter>
    </ClCompile>
    <ClCompile Include="..\..\Win\DlgName.cpp">
      <Filter>Source Files</Filter>
    </ClCompile>
    <ClCompile Include="..\..\Win\DlgOptions.cpp">
      <Filter>Source Files</Filter>
    </ClCompile>
    <ClCompile Include="..\..\Win\DlgOptionsCalendar.cpp">
      <Filter>Source Files</Filter>
    </ClCompile>
    <ClCompile Include="..\..\Win\DlgOptionsFilter.cpp">
      <Filter>Source Files</Filter>
    </ClCompile>
    <ClCompile Include="..\..\Win\DlgOptionsPrint.cpp">
      <Filter>Source Files</Filter>
    </ClCompile>
    <ClCompile Include="..\..\Win\DlgOptionsProgram.cpp">
      <Filter>Source Files</Filter>
    </ClCompile>
    <ClCompile Include="..\..\Win\DlgOtherPoint.cpp">
      <Filter>Source Files</Filter>
    </ClCompile>
    <ClCompile Include="..\..\Win\DlgPartner.cpp">
      <Filter>Source Files</Filter>
    </ClCompile>
    <ClCompile Include="..\..\Win\DlgPointsViewSort.cpp">
      <Filter>Source Files</Filter>
    </ClCompile>
    <ClCompile Include="..\..\Win\DlgReferenceRun.cpp">
      <Filter>Source Files</Filter>
    </ClCompile>
    <ClCompile Include="..\..\Win\DlgRegNum.cpp">
      <Filter>Source Files</Filter>
    </ClCompile>
    <ClCompile Include="..\..\Win\DlgReorder.cpp">
      <Filter>Source Files</Filter>
    </ClCompile>
    <ClCompile Include="..\..\Win\DlgRun.cpp">
      <Filter>Source Files</Filter>
    </ClCompile>
    <ClCompile Include="..\..\Win\DlgSelectDog.cpp">
      <Filter>Source Files</Filter>
    </ClCompile>
    <ClCompile Include="..\..\Win\DlgSelectURL.cpp">
      <Filter>Source Files</Filter>
    </ClCompile>
    <ClCompile Include="..\..\Win\DlgTitle.cpp">
      <Filter>Source Files</Filter>
    </ClCompile>
    <ClCompile Include="..\..\Win\DlgTraining.cpp">
      <Filter>Source Files</Filter>
    </ClCompile>
    <ClCompile Include="..\..\Win\DlgTrial.cpp">
      <Filter>Source Files</Filter>
    </ClCompile>
    <ClCompile Include="..\..\Win\FilterOptions.cpp">
      <Filter>Source Files</Filter>
    </ClCompile>
    <ClCompile Include="..\..\Win\IconList.cpp">
      <Filter>Source Files</Filter>
    </ClCompile>
    <ClCompile Include="..\..\Win\ImageHelper.cpp">
      <Filter>Source Files</Filter>
    </ClCompile>
    <ClCompile Include="..\..\Win\Localization.cpp">
      <Filter>Source Files</Filter>
    </ClCompile>
    <ClCompile Include="..\..\Win\MainFrm.cpp">
      <Filter>Source Files</Filter>
    </ClCompile>
    <ClCompile Include="..\..\Win\NamedColumns.cpp">
      <Filter>Source Files</Filter>
    </ClCompile>
    <ClCompile Include="..\..\Win\NoteButton.cpp">
      <Filter>Source Files</Filter>
    </ClCompile>
    <ClCompile Include="..\..\Win\PointsData.cpp">
      <Filter>Source Files</Filter>
    </ClCompile>
    <ClCompile Include="..\..\Win\Print.cpp">
      <Filter>Source Files</Filter>
    </ClCompile>
    <ClCompile Include="..\..\Win\stdafx.cpp">
      <Filter>Source Files</Filter>
    </ClCompile>
    <ClCompile Include="..\..\Win\TabView.cpp">
      <Filter>Source Files</Filter>
    </ClCompile>
    <ClCompile Include="..\..\Win\UpdateInfo.cpp">
      <Filter>Source Files</Filter>
    </ClCompile>
    <ClCompile Include="..\..\Win\ValidatorsQ.cpp">
      <Filter>Source Files</Filter>
    </ClCompile>
    <ClCompile Include="..\..\Win\Wizard.cpp">
      <Filter>Source Files</Filter>
    </ClCompile>
    <ClCompile Include="..\..\Win\WizardExport.cpp">
      <Filter>Source Files</Filter>
    </ClCompile>
    <ClCompile Include="..\..\Win\WizardImport.cpp">
      <Filter>Source Files</Filter>
    </ClCompile>
    <ClCompile Include="..\..\Win\WizardStart.cpp">
      <Filter>Source Files</Filter>
    </ClCompile>
    <ClCompile Include="..\..\Win\DlgDogPanelProp.cpp">
      <Filter>Source Files</Filter>
    </ClCompile>
    <ClCompile Include="..\..\Win\DlgDogPanelBase.cpp">
      <Filter>Source Files</Filter>
    </ClCompile>
    <ClCompile Include="..\..\Win\DlgDogPanelTitles.cpp">
      <Filter>Source Files</Filter>
    </ClCompile>
    <ClCompile Include="..\..\Win\DlgDogPanelPoints.cpp">
      <Filter>Source Files</Filter>
    </ClCompile>
    <ClCompile Include="..\..\Win\DlgDogPanelRegNums.cpp">
      <Filter>Source Files</Filter>
    </ClCompile>
    <ClCompile Include="..\..\Win\DlgRunPanelBase.cpp">
      <Filter>Source Files</Filter>
    </ClCompile>
    <ClCompile Include="..\..\Win\DlgRunPanelComments.cpp">
      <Filter>Source Files</Filter>
    </ClCompile>
    <ClCompile Include="..\..\Win\DlgRunPanelLinks.cpp">
      <Filter>Source Files</Filter>
    </ClCompile>
    <ClCompile Include="..\..\Win\DlgRunPanelScore.cpp">
      <Filter>Source Files</Filter>
    </ClCompile>
    <ClCompile Include="..\..\Win\DlgRunPanelCRCD.cpp">
      <Filter>Source Files</Filter>
    </ClCompile>
    <ClCompile Include="..\..\Win\DlgRunPanelRefRuns.cpp">
      <Filter>Source Files</Filter>
    </ClCompile>
    <ClCompile Include="..\..\Win\DlgInfoNoteEdit.cpp">
      <Filter>Source Files</Filter>
    </ClCompile>
  </ItemGroup>
  <ItemGroup>
    <ClInclude Include="..\..\Win\AgilityBook.h">
      <Filter>Header Files</Filter>
    </ClInclude>
    <ClInclude Include="..\..\Win\AgilityBookCalendarListView.h">
      <Filter>Header Files</Filter>
    </ClInclude>
    <ClInclude Include="..\..\Win\AgilityBookCalendarView.h">
      <Filter>Header Files</Filter>
    </ClInclude>
    <ClInclude Include="..\..\Win\AgilityBookDoc.h">
      <Filter>Header Files</Filter>
    </ClInclude>
    <ClInclude Include="..\..\Win\AgilityBookPointsView.h">
      <Filter>Header Files</Filter>
    </ClInclude>
    <ClInclude Include="..\..\Win\AgilityBookMenu.h">
      <Filter>Header Files</Filter>
    </ClInclude>
    <ClInclude Include="..\..\Win\AgilityBookOptions.h">
      <Filter>Header Files</Filter>
    </ClInclude>
    <ClInclude Include="..\..\Win\AgilityBookPanels.h">
      <Filter>Header Files</Filter>
    </ClInclude>
    <ClInclude Include="..\..\Win\AgilityBookRunsView.h">
      <Filter>Header Files</Filter>
    </ClInclude>
    <ClInclude Include="..\..\Win\AgilityBookTrainingView.h">
      <Filter>Header Files</Filter>
    </ClInclude>
    <ClInclude Include="..\..\Win\AgilityBookTreeData.h">
      <Filter>Header Files</Filter>
    </ClInclude>
    <ClInclude Include="..\..\Win\AgilityBookTreeView.h">
      <Filter>Header Files</Filter>
    </ClInclude>
    <ClInclude Include="..\..\Win\ClipBoard.h">
      <Filter>Header Files</Filter>
    </ClInclude>
    <ClInclude Include="..\..\Win\ComboBoxQ.h">
      <Filter>Header Files</Filter>
    </ClInclude>
    <ClInclude Include="..\..\Win\ComboBoxVenue.h">
      <Filter>Header Files</Filter>
    </ClInclude>
    <ClInclude Include="..\..\Win\CommonView.h">
      <Filter>Header Files</Filter>
    </ClInclude>
    <ClInclude Include="..\..\Win\ConfigHandler.h">
      <Filter>Header Files</Filter>
    </ClInclude>
    <ClInclude Include="..\..\Win\DlgAbout.h">
      <Filter>Header Files</Filter>
    </ClInclude>
    <ClInclude Include="..\..\Win\DlgAssignColumns.h">
      <Filter>Header Files</Filter>
    </ClInclude>
    <ClInclude Include="..\..\Win\DlgCalendar.h">
      <Filter>Header Files</Filter>
    </ClInclude>
    <ClInclude Include="..\..\Win\DlgClub.h">
      <Filter>Header Files</Filter>
    </ClInclude>
    <ClInclude Include="..\..\Win\DlgConfigEvent.h">
      <Filter>Header Files</Filter>
    </ClInclude>
    <ClInclude Include="..\..\Win\DlgConfigEventMethod.h">
      <Filter>Header Files</Filter>
    </ClInclude>
    <ClInclude Include="..\..\Win\DlgConfigLifetimeName.h">
      <Filter>Header Files</Filter>
    </ClInclude>
    <ClInclude Include="..\..\Win\DlgConfigMultiQ.h">
      <Filter>Header Files</Filter>
    </ClInclude>
    <ClInclude Include="..\..\Win\DlgConfigOtherPoints.h">
      <Filter>Header Files</Filter>
    </ClInclude>
    <ClInclude Include="..\..\Win\DlgConfigPlaceInfo.h">
      <Filter>Header Files</Filter>
    </ClInclude>
    <ClInclude Include="..\..\Win\DlgConfigTitle.h">
      <Filter>Header Files</Filter>
    </ClInclude>
    <ClInclude Include="..\..\Win\DlgConfigTitlePoints.h">
      <Filter>Header Files</Filter>
    </ClInclude>
    <ClInclude Include="..\..\Win\DlgConfigUpdate.h">
      <Filter>Header Files</Filter>
    </ClInclude>
    <ClInclude Include="..\..\Win\DlgConfigure.h">
      <Filter>Header Files</Filter>
    </ClInclude>
    <ClInclude Include="..\..\Win\DlgConfigureData.h">
      <Filter>Header Files</Filter>
    </ClInclude>
    <ClInclude Include="..\..\Win\DlgConfigVenue.h">
      <Filter>Header Files</Filter>
    </ClInclude>
    <ClInclude Include="..\..\Win\DlgCRCDViewer.h">
      <Filter>Header Files</Filter>
    </ClInclude>
    <ClInclude Include="..\..\Win\DlgDog.h">
      <Filter>Header Files</Filter>
    </ClInclude>
    <ClInclude Include="..\..\Win\DlgEventSelect.h">
      <Filter>Header Files</Filter>
    </ClInclude>
    <ClInclude Include="..\..\Win\DlgExistingPoints.h">
      <Filter>Header Files</Filter>
    </ClInclude>
    <ClInclude Include="..\..\Win\DlgFault.h">
      <Filter>Header Files</Filter>
    </ClInclude>
    <ClInclude Include="..\..\Win\DlgFind.h">
      <Filter>Header Files</Filter>
    </ClInclude>
    <ClInclude Include="..\..\Win\DlgFindLinks.h">
      <Filter>Header Files</Filter>
    </ClInclude>
    <ClInclude Include="..\..\Win\DlgInfoNote.h">
      <Filter>Header Files</Filter>
    </ClInclude>
    <ClInclude Include="..\..\Win\DlgListCtrl.h">
      <Filter>Header Files</Filter>
    </ClInclude>
    <ClInclude Include="..\..\Win\DlgListViewer.h">
      <Filter>Header Files</Filter>
    </ClInclude>
    <ClInclude Include="..\..\Win\DlgMessage.h">
      <Filter>Header Files</Filter>
    </ClInclude>
    <ClInclude Include="..\..\Win\DlgMessageBox.h">
      <Filter>Header Files</Filter>
    </ClInclude>
    <ClInclude Include="..\..\Win\DlgName.h">
      <Filter>Header Files</Filter>
    </ClInclude>
    <ClInclude Include="..\..\Win\DlgOptions.h">
      <Filter>Header Files</Filter>
    </ClInclude>
    <ClInclude Include="..\..\Win\DlgOptionsCalendar.h">
      <Filter>Header Files</Filter>
    </ClInclude>
    <ClInclude Include="..\..\Win\DlgOptionsFilter.h">
      <Filter>Header Files</Filter>
    </ClInclude>
    <ClInclude Include="..\..\Win\DlgOptionsPrint.h">
      <Filter>Header Files</Filter>
    </ClInclude>
    <ClInclude Include="..\..\Win\DlgOptionsProgram.h">
      <Filter>Header Files</Filter>
    </ClInclude>
    <ClInclude Include="..\..\Win\DlgOtherPoint.h">
      <Filter>Header Files</Filter>
    </ClInclude>
    <ClInclude Include="..\..\Win\DlgPartner.h">
      <Filter>Header Files</Filter>
    </ClInclude>
    <ClInclude Include="..\..\Win\DlgPointsViewSort.h">
      <Filter>Header Files</Filter>
    </ClInclude>
    <ClInclude Include="..\..\Win\DlgReferenceRun.h">
      <Filter>Header Files</Filter>
    </ClInclude>
    <ClInclude Include="..\..\Win\DlgRegNum.h">
      <Filter>Header Files</Filter>
    </ClInclude>
    <ClInclude Include="..\..\Win\DlgReorder.h">
      <Filter>Header Files</Filter>
    </ClInclude>
    <ClInclude Include="..\..\Win\DlgRun.h">
      <Filter>Header Files</Filter>
    </ClInclude>
    <ClInclude Include="..\..\Win\DlgSelectDog.h">
      <Filter>Header Files</Filter>
    </ClInclude>
    <ClInclude Include="..\..\Win\DlgSelectURL.h">
      <Filter>Header Files</Filter>
    </ClInclude>
    <ClInclude Include="..\..\Win\DlgTitle.h">
      <Filter>Header Files</Filter>
    </ClInclude>
    <ClInclude Include="..\..\Win\DlgTraining.h">
      <Filter>Header Files</Filter>
    </ClInclude>
    <ClInclude Include="..\..\Win\DlgTrial.h">
      <Filter>Header Files</Filter>
    </ClInclude>
    <ClInclude Include="..\..\Win\FilterOptions.h">
      <Filter>Header Files</Filter>
    </ClInclude>
    <ClInclude Include="..\..\Win\IconList.h">
      <Filter>Header Files</Filter>
    </ClInclude>
    <ClInclude Include="..\..\Win\ImageHelper.h">
      <Filter>Header Files</Filter>
    </ClInclude>
    <ClInclude Include="..\..\Win\Localization.h">
      <Filter>Header Files</Filter>
    </ClInclude>
    <ClInclude Include="..\..\Win\MainFrm.h">
      <Filter>Header Files</Filter>
    </ClInclude>
    <ClInclude Include="..\..\Win\NamedColumns.h">
      <Filter>Header Files</Filter>
    </ClInclude>
    <ClInclude Include="..\..\Win\NoteButton.h">
      <Filter>Header Files</Filter>
    </ClInclude>
    <ClInclude Include="..\..\Win\PointsData.h">
      <Filter>Header Files</Filter>
    </ClInclude>
    <ClInclude Include="..\..\Win\RegItems.h">
      <Filter>Header Files</Filter>
    </ClInclude>
    <ClInclude Include="..\..\Win\SetupAppARB.h">
      <Filter>Header Files</Filter>
    </ClInclude>
    <ClInclude Include="..\..\Win\stdafx.h">
      <Filter>Header Files</Filter>
    </ClInclude>
    <ClInclude Include="..\..\Win\TabView.h">
      <Filter>Header Files</Filter>
    </ClInclude>
    <ClInclude Include="..\..\Win\UpdateInfo.h">
      <Filter>Header Files</Filter>
    </ClInclude>
    <ClInclude Include="..\..\Win\ValidatorsQ.h">
      <Filter>Header Files</Filter>
    </ClInclude>
    <ClInclude Include="..\..\Win\Wizard.h">
      <Filter>Header Files</Filter>
    </ClInclude>
    <ClInclude Include="..\..\Win\WizardExport.h">
      <Filter>Header Files</Filter>
    </ClInclude>
    <ClInclude Include="..\..\Win\WizardImport.h">
      <Filter>Header Files</Filter>
    </ClInclude>
    <ClInclude Include="..\..\Win\WizardStart.h">
      <Filter>Header Files</Filter>
    </ClInclude>
    <ClInclude Include="..\..\Include\VersionInfoARB.h">
      <Filter>Include</Filter>
    </ClInclude>
    <ClInclude Include="..\..\Win\DlgDogPanelProp.h">
      <Filter>Header Files</Filter>
    </ClInclude>
    <ClInclude Include="..\..\Win\DlgDogPanelBase.h">
      <Filter>Header Files</Filter>
    </ClInclude>
    <ClInclude Include="..\..\Win\DlgDogPanelTitles.h">
      <Filter>Header Files</Filter>
    </ClInclude>
    <ClInclude Include="..\..\Win\DlgDogPanelPoints.h">
      <Filter>Header Files</Filter>
    </ClInclude>
    <ClInclude Include="..\..\Win\DlgDogPanelRegNums.h">
      <Filter>Header Files</Filter>
    </ClInclude>
    <ClInclude Include="..\..\Win\DlgRunPanelBase.h">
      <Filter>Header Files</Filter>
    </ClInclude>
    <ClInclude Include="..\..\Win\DlgRunPanelComments.h">
      <Filter>Header Files</Filter>
    </ClInclude>
    <ClInclude Include="..\..\Win\DlgRunPanelLinks.h">
      <Filter>Header Files</Filter>
    </ClInclude>
    <ClInclude Include="..\..\Win\DlgRunPanelScore.h">
      <Filter>Header Files</Filter>
    </ClInclude>
    <ClInclude Include="..\..\Win\DlgRunPanelCRCD.h">
      <Filter>Header Files</Filter>
    </ClInclude>
    <ClInclude Include="..\..\Win\DlgRunPanelRefRuns.h">
      <Filter>Header Files</Filter>
    </ClInclude>
    <ClInclude Include="..\..\Win\DlgInfoNoteEdit.h">
      <Filter>Header Files</Filter>
    </ClInclude>
  </ItemGroup>
  <ItemGroup>
    <ClInclude Include="..\..\Include\IProgressMeter.h">
      <Filter>Include</Filter>
    </ClInclude>
    <ClInclude Include="..\..\Include\VersionNumber.h">
      <Filter>Include</Filter>
    </ClInclude>
  </ItemGroup>
  <ItemGroup>
    <ClInclude Include="..\..\Include\Platform\arbWarningPop.h">
      <Filter>Include\Platform</Filter>
    </ClInclude>
    <ClInclude Include="..\..\Include\Platform\arbWarningPush.h">
      <Filter>Include\Platform</Filter>
    </ClInclude>
    <ClInclude Include="..\..\Include\Platform\SetupARBPost.h">
      <Filter>Include\Platform</Filter>
    </ClInclude>
    <ClInclude Include="..\..\Include\Platform\SetupARBPre.h">
      <Filter>Include\Platform</Filter>
    </ClInclude>
    <ClInclude Include="..\..\Include\Platform\SetupMessages.h">
      <Filter>Include\Platform</Filter>
    </ClInclude>
    <ClInclude Include="..\..\Include\Platform\SetupWX.h">
      <Filter>Include\Platform</Filter>
    </ClInclude>
  </ItemGroup>
  <ItemGroup>
    <Image Include="..\..\Win\res\AgilityBook.ico">
      <Filter>Resource Files</Filter>
    </Image>
    <Image Include="..\..\Include\images\AccConfirm.png">
      <Filter>Resource Files\PNG</Filter>
    </Image>
    <Image Include="..\..\Include\images\AccConfirm%402.png">
      <Filter>Resource Files\PNG</Filter>
    </Image>
    <Image Include="..\..\Include\images\AccNone.png">
      <Filter>Resource Files\PNG</Filter>
    </Image>
    <Image Include="..\..\Include\images\AccNone%402.png">
      <Filter>Resource Files\PNG</Filter>
    </Image>
    <Image Include="..\..\Include\images\AccTodo.png">
      <Filter>Resource Files\PNG</Filter>
    </Image>
    <Image Include="..\..\Include\images\AccTodo%402.png">
      <Filter>Resource Files\PNG</Filter>
    </Image>
    <Image Include="..\..\Include\images\AgilityBook16.png">
      <Filter>Resource Files\PNG</Filter>
    </Image>
    <Image Include="..\..\Include\images\AgilityBook16%402.png">
      <Filter>Resource Files\PNG</Filter>
    </Image>
    <Image Include="..\..\Include\images\AgilityBook32.png">
      <Filter>Resource Files\PNG</Filter>
    </Image>
    <Image Include="..\..\Include\images\AgilityBook32%402.png">
      <Filter>Resource Files\PNG</Filter>
    </Image>
    <Image Include="..\..\Include\images\AgilityBook48.png">
      <Filter>Resource Files\PNG</Filter>
    </Image>
    <Image Include="..\..\Include\images\AgilityBook48%402.png">
      <Filter>Resource Files\PNG</Filter>
    </Image>
    <Image Include="..\..\Include\images\AgilityBook256.png">
      <Filter>Resource Files\PNG</Filter>
    </Image>
    <Image Include="..\..\Include\images\calendar.png">
      <Filter>Resource Files\PNG</Filter>
    </Image>
    <Image Include="..\..\Include\images\calendar%402.png">
      <Filter>Resource Files\PNG</Filter>
    </Image>
    <Image Include="..\..\Include\images\CalEntered.png">
      <Filter>Resource Files\PNG</Filter>
    </Image>
    <Image Include="..\..\Include\images\CalEntered%402.png">
      <Filter>Resource Files\PNG</Filter>
    </Image>
    <Image Include="..\..\Include\images\CalEnteredTentative.png">
      <Filter>Resource Files\PNG</Filter>
    </Image>
    <Image Include="..\..\Include\images\CalEnteredTentative%402.png">
      <Filter>Resource Files\PNG</Filter>
    </Image>
    <Image Include="..\..\Include\images\CalPending.png">
      <Filter>Resource Files\PNG</Filter>
    </Image>
    <Image Include="..\..\Include\images\CalPending%402.png">
      <Filter>Resource Files\PNG</Filter>
    </Image>
    <Image Include="..\..\Include\images\CalPendingTentative.png">
      <Filter>Resource Files\PNG</Filter>
    </Image>
    <Image Include="..\..\Include\images\CalPendingTentative%402.png">
      <Filter>Resource Files\PNG</Filter>
    </Image>
    <Image Include="..\..\Include\images\CalPlanTentative.png">
      <Filter>Resource Files\PNG</Filter>
    </Image>
    <Image Include="..\..\Include\images\CalPlanTentative%402.png">
      <Filter>Resource Files\PNG</Filter>
    </Image>
    <Image Include="..\..\Include\images\check.png">
      <Filter>Resource Files\PNG</Filter>
    </Image>
    <Image Include="..\..\Include\images\check%402.png">
      <Filter>Resource Files\PNG</Filter>
    </Image>
    <Image Include="..\..\Include\images\checked.png">
      <Filter>Resource Files\PNG</Filter>
    </Image>
    <Image Include="..\..\Include\images\checked%402.png">
      <Filter>Resource Files\PNG</Filter>
    </Image>
    <Image Include="..\..\Include\images\crcd.png">
      <Filter>Resource Files\PNG</Filter>
    </Image>
    <Image Include="..\..\Include\images\crcd%402.png">
      <Filter>Resource Files\PNG</Filter>
    </Image>
    <Image Include="..\..\Include\images\dog.png">
      <Filter>Resource Files\PNG</Filter>
    </Image>
    <Image Include="..\..\Include\images\dog%402.png">
      <Filter>Resource Files\PNG</Filter>
    </Image>
    <Image Include="..\..\Include\images\HdrDown.png">
      <Filter>Resource Files\PNG</Filter>
    </Image>
    <Image Include="..\..\Include\images\HdrDown%402.png">
      <Filter>Resource Files\PNG</Filter>
    </Image>
    <Image Include="..\..\Include\images\HdrUp.png">
      <Filter>Resource Files\PNG</Filter>
    </Image>
    <Image Include="..\..\Include\images\HdrUp%402.png">
      <Filter>Resource Files\PNG</Filter>
    </Image>
    <Image Include="..\..\Include\images\hidden.png">
      <Filter>Resource Files\PNG</Filter>
    </Image>
    <Image Include="..\..\Include\images\hidden%402.png">
      <Filter>Resource Files\PNG</Filter>
    </Image>
    <Image Include="..\..\Include\images\Note.png">
      <Filter>Resource Files\PNG</Filter>
    </Image>
    <Image Include="..\..\Include\images\Note%402.png">
      <Filter>Resource Files\PNG</Filter>
    </Image>
    <Image Include="..\..\Include\images\NoteAdded.png">
      <Filter>Resource Files\PNG</Filter>
    </Image>
    <Image Include="..\..\Include\images\NoteAdded%402.png">
      <Filter>Resource Files\PNG</Filter>
    </Image>
    <Image Include="..\..\Include\images\NoteNote.png">
      <Filter>Resource Files\PNG</Filter>
    </Image>
    <Image Include="..\..\Include\images\NoteNote%402.png">
      <Filter>Resource Files\PNG</Filter>
    </Image>
    <Image Include="..\..\Include\images\NoteNoteAdded.png">
      <Filter>Resource Files\PNG</Filter>
    </Image>
    <Image Include="..\..\Include\images\NoteNoteAdded%402.png">
      <Filter>Resource Files\PNG</Filter>
    </Image>
    <Image Include="..\..\Include\images\points.png">
      <Filter>Resource Files\PNG</Filter>
    </Image>
    <Image Include="..\..\Include\images\points%402.png">
      <Filter>Resource Files\PNG</Filter>
    </Image>
    <Image Include="..\..\Include\images\question.png">
      <Filter>Resource Files\PNG</Filter>
    </Image>
    <Image Include="..\..\Include\images\question%402.png">
      <Filter>Resource Files\PNG</Filter>
    </Image>
    <Image Include="..\..\Include\images\run.png">
      <Filter>Resource Files\PNG</Filter>
    </Image>
    <Image Include="..\..\Include\images\run%402.png">
      <Filter>Resource Files\PNG</Filter>
    </Image>
    <Image Include="..\..\Include\images\Splash.png">
      <Filter>Resource Files\PNG</Filter>
    </Image>
    <Image Include="..\..\Include\images\title_hidden.png">
      <Filter>Resource Files\PNG</Filter>
    </Image>
    <Image Include="..\..\Include\images\title_hidden%402.png">
      <Filter>Resource Files\PNG</Filter>
    </Image>
    <Image Include="..\..\Include\images\title_hidden_have.png">
      <Filter>Resource Files\PNG</Filter>
    </Image>
    <Image Include="..\..\Include\images\title_hidden_have%402.png">
      <Filter>Resource Files\PNG</Filter>
    </Image>
    <Image Include="..\..\Include\images\title_visible.png">
      <Filter>Resource Files\PNG</Filter>
    </Image>
    <Image Include="..\..\Include\images\title_visible%402.png">
      <Filter>Resource Files\PNG</Filter>
    </Image>
    <Image Include="..\..\Include\images\title_visible_have.png">
      <Filter>Resource Files\PNG</Filter>
    </Image>
    <Image Include="..\..\Include\images\title_visible_have%402.png">
      <Filter>Resource Files\PNG</Filter>
    </Image>
    <Image Include="..\..\Include\images\toolbarAbout.png">
      <Filter>Resource Files\PNG</Filter>
    </Image>
    <Image Include="..\..\Include\images\toolbarAbout%402.png">
      <Filter>Resource Files\PNG</Filter>
    </Image>
    <Image Include="..\..\Include\images\toolbarCalendar.png">
      <Filter>Resource Files\PNG</Filter>
    </Image>
    <Image Include="..\..\Include\images\toolbarCalendar%402.png">
      <Filter>Resource Files\PNG</Filter>
    </Image>
    <Image Include="..\..\Include\images\toolbarCopy.png">
      <Filter>Resource Files\PNG</Filter>
    </Image>
    <Image Include="..\..\Include\images\toolbarCopy%402.png">
      <Filter>Resource Files\PNG</Filter>
    </Image>
    <Image Include="..\..\Include\images\toolbarCut.png">
      <Filter>Resource Files\PNG</Filter>
    </Image>
    <Image Include="..\..\Include\images\toolbarCut%402.png">
      <Filter>Resource Files\PNG</Filter>
    </Image>
    <Image Include="..\..\Include\images\toolbarDelete.png">
      <Filter>Resource Files\PNG</Filter>
    </Image>
    <Image Include="..\..\Include\images\toolbarDelete%402.png">
      <Filter>Resource Files\PNG</Filter>
    </Image>
    <Image Include="..\..\Include\images\toolbarDog.png">
      <Filter>Resource Files\PNG</Filter>
    </Image>
    <Image Include="..\..\Include\images\toolbarDog%402.png">
      <Filter>Resource Files\PNG</Filter>
    </Image>
    <Image Include="..\..\Include\images\toolbarNew.png">
      <Filter>Resource Files\PNG</Filter>
    </Image>
    <Image Include="..\..\Include\images\toolbarNew%402.png">
      <Filter>Resource Files\PNG</Filter>
    </Image>
    <Image Include="..\..\Include\images\toolbarOpen.png">
      <Filter>Resource Files\PNG</Filter>
    </Image>
    <Image Include="..\..\Include\images\toolbarOpen%402.png">
      <Filter>Resource Files\PNG</Filter>
    </Image>
    <Image Include="..\..\Include\images\toolbarPaste.png">
      <Filter>Resource Files\PNG</Filter>
    </Image>
    <Image Include="..\..\Include\images\toolbarPaste%402.png">
      <Filter>Resource Files\PNG</Filter>
    </Image>
    <Image Include="..\..\Include\images\toolbarPreview.png">
      <Filter>Resource Files\PNG</Filter>
    </Image>
    <Image Include="..\..\Include\images\toolbarPreview%402.png">
      <Filter>Resource Files\PNG</Filter>
    </Image>
    <Image Include="..\..\Include\images\toolbarPrint.png">
      <Filter>Resource Files\PNG</Filter>
    </Image>
    <Image Include="..\..\Include\images\toolbarPrint%402.png">
      <Filter>Resource Files\PNG</Filter>
    </Image>
    <Image Include="..\..\Include\images\toolbarRun.png">
      <Filter>Resource Files\PNG</Filter>
    </Image>
    <Image Include="..\..\Include\images\toolbarRun%402.png">
      <Filter>Resource Files\PNG</Filter>
    </Image>
    <Image Include="..\..\Include\images\toolbarSave.png">
      <Filter>Resource Files\PNG</Filter>
    </Image>
    <Image Include="..\..\Include\images\toolbarSave%402.png">
      <Filter>Resource Files\PNG</Filter>
    </Image>
    <Image Include="..\..\Include\images\toolbarTitle.png">
      <Filter>Resource Files\PNG</Filter>
    </Image>
    <Image Include="..\..\Include\images\toolbarTitle%402.png">
      <Filter>Resource Files\PNG</Filter>
    </Image>
    <Image Include="..\..\Include\images\toolbarTraining.png">
      <Filter>Resource Files\PNG</Filter>
    </Image>
    <Image Include="..\..\Include\images\toolbarTraining%402.png">
      <Filter>Resource Files\PNG</Filter>
    </Image>
    <Image Include="..\..\Include\images\toolbarTrial.png">
      <Filter>Resource Files\PNG</Filter>
    </Image>
    <Image Include="..\..\Include\images\toolbarTrial%402.png">
      <Filter>Resource Files\PNG</Filter>
    </Image>
    <Image Include="..\..\Include\images\training.png">
      <Filter>Resource Files\PNG</Filter>
    </Image>
    <Image Include="..\..\Include\images\training%402.png">
      <Filter>Resource Files\PNG</Filter>
    </Image>
    <Image Include="..\..\Include\images\trial.png">
      <Filter>Resource Files\PNG</Filter>
    </Image>
    <Image Include="..\..\Include\images\trial%402.png">
      <Filter>Resource Files\PNG</Filter>
    </Image>
    <Image Include="..\..\Include\images\unchecked.png">
      <Filter>Resource Files\PNG</Filter>
    </Image>
    <Image Include="..\..\Include\images\unchecked%402.png">
      <Filter>Resource Files\PNG</Filter>
    </Image>
    <Image Include="..\..\Include\images\venue_aac.png">
      <Filter>Resource Files\PNG</Filter>
    </Image>
    <Image Include="..\..\Include\images\venue_aac%402.png">
      <Filter>Resource Files\PNG</Filter>
    </Image>
    <Image Include="..\..\Include\images\venue_akc.png">
      <Filter>Resource Files\PNG</Filter>
    </Image>
    <Image Include="..\..\Include\images\venue_akc%402.png">
      <Filter>Resource Files\PNG</Filter>
    </Image>
    <Image Include="..\..\Include\images\venue_asca.png">
      <Filter>Resource Files\PNG</Filter>
    </Image>
    <Image Include="..\..\Include\images\venue_asca%402.png">
      <Filter>Resource Files\PNG</Filter>
    </Image>
    <Image Include="..\..\Include\images\venue_bha.png">
      <Filter>Resource Files\PNG</Filter>
    </Image>
    <Image Include="..\..\Include\images\venue_bha%402.png">
      <Filter>Resource Files\PNG</Filter>
    </Image>
    <Image Include="..\..\Include\images\venue_ckc.png">
      <Filter>Resource Files\PNG</Filter>
    </Image>
    <Image Include="..\..\Include\images\venue_ckc%402.png">
      <Filter>Resource Files\PNG</Filter>
    </Image>
    <Image Include="..\..\Include\images\venue_ckcsc.png">
      <Filter>Resource Files\PNG</Filter>
    </Image>
    <Image Include="..\..\Include\images\venue_ckcsc%402.png">
      <Filter>Resource Files\PNG</Filter>
    </Image>
    <Image Include="..\..\Include\images\venue_cpe.png">
      <Filter>Resource Files\PNG</Filter>
    </Image>
    <Image Include="..\..\Include\images\venue_cpe%402.png">
      <Filter>Resource Files\PNG</Filter>
    </Image>
    <Image Include="..\..\Include\images\venue_docna.png">
      <Filter>Resource Files\PNG</Filter>
    </Image>
    <Image Include="..\..\Include\images\venue_docna%402.png">
      <Filter>Resource Files\PNG</Filter>
    </Image>
    <Image Include="..\..\Include\images\venue_fci.png">
      <Filter>Resource Files\PNG</Filter>
    </Image>
    <Image Include="..\..\Include\images\venue_fci%402.png">
      <Filter>Resource Files\PNG</Filter>
    </Image>
    <Image Include="..\..\Include\images\venue_nadac.png">
      <Filter>Resource Files\PNG</Filter>
    </Image>
    <Image Include="..\..\Include\images\venue_nadac%402.png">
      <Filter>Resource Files\PNG</Filter>
    </Image>
    <Image Include="..\..\Include\images\venue_scc.png">
      <Filter>Resource Files\PNG</Filter>
    </Image>
    <Image Include="..\..\Include\images\venue_scc%402.png">
      <Filter>Resource Files\PNG</Filter>
    </Image>
    <Image Include="..\..\Include\images\venue_sweep.png">
      <Filter>Resource Files\PNG</Filter>
    </Image>
    <Image Include="..\..\Include\images\venue_sweep%402.png">
      <Filter>Resource Files\PNG</Filter>
    </Image>
    <Image Include="..\..\Include\images\venue_tdaa.png">
      <Filter>Resource Files\PNG</Filter>
    </Image>
    <Image Include="..\..\Include\images\venue_tdaa%402.png">
      <Filter>Resource Files\PNG</Filter>
    </Image>
    <Image Include="..\..\Include\images\venue_ukc.png">
      <Filter>Resource Files\PNG</Filter>
    </Image>
    <Image Include="..\..\Include\images\venue_ukc%402.png">
      <Filter>Resource Files\PNG</Filter>
    </Image>
    <Image Include="..\..\Include\images\venue_uki.png">
      <Filter>Resource Files\PNG</Filter>
    </Image>
    <Image Include="..\..\Include\images\venue_uki%402.png">
      <Filter>Resource Files\PNG</Filter>
    </Image>
    <Image Include="..\..\Include\images\venue_usdaa.png">
      <Filter>Resource Files\PNG</Filter>
    </Image>
    <Image Include="..\..\Include\images\venue_usdaa%402.png">
      <Filter>Resource Files\PNG</Filter>
    </Image>
    <Image Include="..\..\Include\images\venue_valor.png">
      <Filter>Resource Files\PNG</Filter>
    </Image>
    <Image Include="..\..\Include\images\venue_valor%402.png">
      <Filter>Resource Files\PNG</Filter>
    </Image>
  </ItemGroup>
  <ItemGroup>
    <None Include="..\..\Win\res\AgilityBook.rc2">
      <Filter>Resource Files</Filter>
    </None>
    <None Include="..\..\Win\res\AgilityRecordBook.dtd">
      <Filter>Resource Files</Filter>
    </None>
    <Xml Include="..\..\Win\res\DefaultConfig.xml">
      <Filter>Resource Files</Filter>
    </Xml>
    <None Include="..\..\lang\en_US\arb.po">
      <Filter>Resource Files\Lang\en_US</Filter>
    </None>
    <None Include="..\..\lang\fr_FR\arb.po">
      <Filter>Resource Files\Lang\fr_FR</Filter>
    </None>
    <None Include="..\..\lang\CompileDatafile.py">
      <Filter>Resource Files\Lang</Filter>
    </None>
    <None Include="..\..\lang\CompileLang.py">
      <Filter>Resource Files\Lang</Filter>
    </None>
  </ItemGroup>
  <ItemGroup>
    <ResourceCompile Include="..\..\Win\AgilityBook.rc">
      <Filter>Resource Files</Filter>
    </ResourceCompile>
  </ItemGroup>
  <ItemGroup>
    <Text Include="..\..\..\History.txt" />
    <Text Include="..\..\..\License.txt" />
    <Text Include="..\..\..\README.md" />
    <Text Include="..\..\..\Readme-Build.txt" />
    <Text Include="..\..\..\ReleaseProcess.txt" />
    <Text Include="..\..\..\Todo.txt" />
    <Text Include="..\..\lang\CompileDatList.txt">
      <Filter>Resource Files\Lang</Filter>
    </Text>
  </ItemGroup>
</Project>