<?xml version="1.0" encoding="utf-8"?>
<Project ToolsVersion="4.0" xmlns="http://schemas.microsoft.com/developer/msbuild/2003">
  <ItemGroup>
    <Filter Include="Source Files">
      <UniqueIdentifier>{a8ee7915-0bd4-4e9a-939d-6a0b167be240}</UniqueIdentifier>
      <Extensions>cpp;c;cxx;def;odl;idl;hpj;bat;asm</Extensions>
    </Filter>
    <Filter Include="Header Files">
      <UniqueIdentifier>{d3e9b58a-9a3f-4611-b7fd-29619423d7ae}</UniqueIdentifier>
      <Extensions>h;hpp;hxx;hm;inl;inc</Extensions>
    </Filter>
    <Filter Include="tidy">
      <UniqueIdentifier>{9e18ef32-05b7-44c6-8493-667fb95dad52}</UniqueIdentifier>
    </Filter>
    <Filter Include="Include">
      <UniqueIdentifier>{b43f1775-7c20-4f7b-8a36-b3d3c0992f7e}</UniqueIdentifier>
    </Filter>
    <Filter Include="Include\Platform">
      <UniqueIdentifier>{c0a1c9c3-3a55-4a61-904f-da10c81c0287}</UniqueIdentifier>
    </Filter>
    <Filter Include="tidy\include">
      <UniqueIdentifier>{b78a08c1-138a-45e0-8899-8fae687ec265}</UniqueIdentifier>
    </Filter>
    <Filter Include="tidy\src">
      <UniqueIdentifier>{9868bec3-6373-4ae0-b547-76be24bec4f1}</UniqueIdentifier>
    </Filter>
    <Filter Include="Resource Files">
      <UniqueIdentifier>{03b84775-c420-45a1-93f3-da87227c349a}</UniqueIdentifier>
      <Extensions>rc;ico;cur;bmp;dlg;rc2;rct;bin;rgs;gif;jpg;jpeg;jpe;resx;tiff;tif;png;wav</Extensions>
    </Filter>
    <Filter Include="Include\LibTidyHtml">
      <UniqueIdentifier>{eeca84e9-3bdd-4875-b2f8-9fcad68f0301}</UniqueIdentifier>
    </Filter>
  </ItemGroup>
  <ItemGroup>
    <ClCompile Include="..\..\3rdParty\LibTidyHtml\src\LibTidyHtml.cpp">
      <Filter>Source Files</Filter>
    </ClCompile>
    <ClCompile Include="..\..\3rdParty\LibTidyHtml\tidy\src\access.c">
      <Filter>tidy\src</Filter>
    </ClCompile>
    <ClCompile Include="..\..\3rdParty\LibTidyHtml\tidy\src\alloc.c">
      <Filter>tidy\src</Filter>
    </ClCompile>
    <ClCompile Include="..\..\3rdParty\LibTidyHtml\tidy\src\attrdict.c">
      <Filter>tidy\src</Filter>
    </ClCompile>
    <ClCompile Include="..\..\3rdParty\LibTidyHtml\tidy\src\attrs.c">
      <Filter>tidy\src</Filter>
    </ClCompile>
    <ClCompile Include="..\..\3rdParty\LibTidyHtml\tidy\src\buffio.c">
      <Filter>tidy\src</Filter>
    </ClCompile>
    <ClCompile Include="..\..\3rdParty\LibTidyHtml\tidy\src\charsets.c">
      <Filter>tidy\src</Filter>
    </ClCompile>
    <ClCompile Include="..\..\3rdParty\LibTidyHtml\tidy\src\clean.c">
      <Filter>tidy\src</Filter>
    </ClCompile>
    <ClCompile Include="..\..\3rdParty\LibTidyHtml\tidy\src\config.c">
      <Filter>tidy\src</Filter>
    </ClCompile>
    <ClCompile Include="..\..\3rdParty\LibTidyHtml\tidy\src\entities.c">
      <Filter>tidy\src</Filter>
    </ClCompile>
    <ClCompile Include="..\..\3rdParty\LibTidyHtml\tidy\src\fileio.c">
      <Filter>tidy\src</Filter>
    </ClCompile>
    <ClCompile Include="..\..\3rdParty\LibTidyHtml\tidy\src\gdoc.c">
      <Filter>tidy\src</Filter>
    </ClCompile>
    <ClCompile Include="..\..\3rdParty\LibTidyHtml\tidy\src\istack.c">
      <Filter>tidy\src</Filter>
    </ClCompile>
    <ClCompile Include="..\..\3rdParty\LibTidyHtml\tidy\src\language.c">
      <Filter>tidy\src</Filter>
    </ClCompile>
    <ClCompile Include="..\..\3rdParty\LibTidyHtml\tidy\src\lexer.c">
      <Filter>tidy\src</Filter>
    </ClCompile>
    <ClCompile Include="..\..\3rdParty\LibTidyHtml\tidy\src\mappedio.c">
      <Filter>tidy\src</Filter>
    </ClCompile>
    <ClCompile Include="..\..\3rdParty\LibTidyHtml\tidy\src\message.c">
      <Filter>tidy\src</Filter>
    </ClCompile>
    <ClCompile Include="..\..\3rdParty\LibTidyHtml\tidy\src\messageobj.c">
      <Filter>tidy\src</Filter>
    </ClCompile>
    <ClCompile Include="..\..\3rdParty\LibTidyHtml\tidy\src\parser.c">
      <Filter>tidy\src</Filter>
    </ClCompile>
    <ClCompile Include="..\..\3rdParty\LibTidyHtml\tidy\src\pprint.c">
      <Filter>tidy\src</Filter>
    </ClCompile>
    <ClCompile Include="..\..\3rdParty\LibTidyHtml\tidy\src\sprtf.c">
      <Filter>tidy\src</Filter>
    </ClCompile>
    <ClCompile Include="..\..\3rdParty\LibTidyHtml\tidy\src\streamio.c">
      <Filter>tidy\src</Filter>
    </ClCompile>
    <ClCompile Include="..\..\3rdParty\LibTidyHtml\tidy\src\tagask.c">
      <Filter>tidy\src</Filter>
    </ClCompile>
    <ClCompile Include="..\..\3rdParty\LibTidyHtml\tidy\src\tags.c">
      <Filter>tidy\src</Filter>
    </ClCompile>
    <ClCompile Include="..\..\3rdParty\LibTidyHtml\tidy\src\tidylib.c">
      <Filter>tidy\src</Filter>
    </ClCompile>
    <ClCompile Include="..\..\3rdParty\LibTidyHtml\tidy\src\tmbstr.c">
      <Filter>tidy\src</Filter>
    </ClCompile>
    <ClCompile Include="..\..\3rdParty\LibTidyHtml\tidy\src\utf8.c">
      <Filter>tidy\src</Filter>
    </ClCompile>
  </ItemGroup>
  <ItemGroup>
    <ClInclude Include="..\..\3rdParty\LibTidyHtml\tidy\include\tidy.h">
      <Filter>tidy\include</Filter>
    </ClInclude>
    <ClInclude Include="..\..\3rdParty\LibTidyHtml\tidy\include\tidybuffio.h">
      <Filter>tidy\include</Filter>
    </ClInclude>
    <ClInclude Include="..\..\3rdParty\LibTidyHtml\tidy\include\tidyenum.h">
      <Filter>tidy\include</Filter>
    </ClInclude>
    <ClInclude Include="..\..\3rdParty\LibTidyHtml\tidy\include\tidyplatform.h">
      <Filter>tidy\include</Filter>
    </ClInclude>
    <ClInclude Include="..\..\3rdParty\LibTidyHtml\tidy\src\access.h">
      <Filter>tidy\src</Filter>
    </ClInclude>
    <ClInclude Include="..\..\3rdParty\LibTidyHtml\tidy\src\attrdict.h">
      <Filter>tidy\src</Filter>
    </ClInclude>
    <ClInclude Include="..\..\3rdParty\LibTidyHtml\tidy\src\attrs.h">
      <Filter>tidy\src</Filter>
    </ClInclude>
    <ClInclude Include="..\..\3rdParty\LibTidyHtml\tidy\src\charsets.h">
      <Filter>tidy\src</Filter>
    </ClInclude>
    <ClInclude Include="..\..\3rdParty\LibTidyHtml\tidy\src\clean.h">
      <Filter>tidy\src</Filter>
    </ClInclude>
    <ClInclude Include="..\..\3rdParty\LibTidyHtml\tidy\src\config.h">
      <Filter>tidy\src</Filter>
    </ClInclude>
    <ClInclude Include="..\..\3rdParty\LibTidyHtml\tidy\src\entities.h">
      <Filter>tidy\src</Filter>
    </ClInclude>
    <ClInclude Include="..\..\3rdParty\LibTidyHtml\tidy\src\fileio.h">
      <Filter>tidy\src</Filter>
    </ClInclude>
    <ClInclude Include="..\..\3rdParty\LibTidyHtml\tidy\src\forward.h">
      <Filter>tidy\src</Filter>
    </ClInclude>
    <ClInclude Include="..\..\3rdParty\LibTidyHtml\tidy\src\gdoc.h">
      <Filter>tidy\src</Filter>
    </ClInclude>
    <ClInclude Include="..\..\3rdParty\LibTidyHtml\tidy\src\language.h">
      <Filter>tidy\src</Filter>
    </ClInclude>
    <ClInclude Include="..\..\3rdParty\LibTidyHtml\tidy\src\language_en.h">
      <Filter>tidy\src</Filter>
    </ClInclude>
    <ClInclude Include="..\..\3rdParty\LibTidyHtml\tidy\src\language_en_gb.h">
      <Filter>tidy\src</Filter>
    </ClInclude>
    <ClInclude Include="..\..\3rdParty\LibTidyHtml\tidy\src\language_es.h">
      <Filter>tidy\src</Filter>
    </ClInclude>
    <ClInclude Include="..\..\3rdParty\LibTidyHtml\tidy\src\language_es_mx.h">
      <Filter>tidy\src</Filter>
    </ClInclude>
    <ClInclude Include="..\..\3rdParty\LibTidyHtml\tidy\src\language_fr.h">
      <Filter>tidy\src</Filter>
    </ClInclude>
    <ClInclude Include="..\..\3rdParty\LibTidyHtml\tidy\src\language_pt_br.h">
      <Filter>tidy\src</Filter>
    </ClInclude>
    <ClInclude Include="..\..\3rdParty\LibTidyHtml\tidy\src\language_zh_cn.h">
      <Filter>tidy\src</Filter>
    </ClInclude>
    <ClInclude Include="..\..\3rdParty\LibTidyHtml\tidy\src\lexer.h">
      <Filter>tidy\src</Filter>
    </ClInclude>
    <ClInclude Include="..\..\3rdParty\LibTidyHtml\tidy\src\mappedio.h">
      <Filter>tidy\src</Filter>
    </ClInclude>
    <ClInclude Include="..\..\3rdParty\LibTidyHtml\tidy\src\message.h">
      <Filter>tidy\src</Filter>
    </ClInclude>
    <ClInclude Include="..\..\3rdParty\LibTidyHtml\tidy\src\messageobj.h">
      <Filter>tidy\src</Filter>
    </ClInclude>
    <ClInclude Include="..\..\3rdParty\LibTidyHtml\tidy\src\parser.h">
      <Filter>tidy\src</Filter>
    </ClInclude>
    <ClInclude Include="..\..\3rdParty\LibTidyHtml\tidy\src\pprint.h">
      <Filter>tidy\src</Filter>
    </ClInclude>
    <ClInclude Include="..\..\3rdParty\LibTidyHtml\tidy\src\sprtf.h">
      <Filter>tidy\src</Filter>
    </ClInclude>
    <ClInclude Include="..\..\3rdParty\LibTidyHtml\tidy\src\streamio.h">
      <Filter>tidy\src</Filter>
    </ClInclude>
    <ClInclude Include="..\..\3rdParty\LibTidyHtml\tidy\src\tags.h">
      <Filter>tidy\src</Filter>
    </ClInclude>
    <ClInclude Include="..\..\3rdParty\LibTidyHtml\tidy\src\tidy-int.h">
      <Filter>tidy\src</Filter>
    </ClInclude>
    <ClInclude Include="..\..\3rdParty\LibTidyHtml\tidy\src\tmbstr.h">
      <Filter>tidy\src</Filter>
    </ClInclude>
    <ClInclude Include="..\..\3rdParty\LibTidyHtml\tidy\src\utf8.h">
      <Filter>tidy\src</Filter>
    </ClInclude>
    <ClInclude Include="..\..\3rdParty\LibTidyHtml\tidy\src\version.h">
      <Filter>tidy\src</Filter>
    </ClInclude>
    <ClInclude Include="..\..\3rdParty\LibTidyHtml\include\LibTidyHtml\LibTidyHtml.h">
      <Filter>Include\LibTidyHtml</Filter>
    </ClInclude>
    <ClInclude Include="..\..\Include\VersionInfoARB.h">
      <Filter>Include</Filter>
    </ClInclude>
    <ClInclude Include="..\..\Include\VersionNumber.h">
      <Filter>Include</Filter>
    </ClInclude>
  </ItemGroup>
  <ItemGroup>
    <ClInclude Include="..\..\3rdParty\LibTidyHtml\src\stdafx.h">
      <Filter>Header Files</Filter>
    </ClInclude>
    <ClInclude Include="..\..\Include\Platform\SetupARBPost.h">
      <Filter>Include\Platform</Filter>
    </ClInclude>
    <ClInclude Include="..\..\Include\Platform\SetupARBPre.h">
      <Filter>Include\Platform</Filter>
    </ClInclude>
  </ItemGroup>
  <ItemGroup>
    <ResourceCompile Include="..\..\3rdParty\LibTidyHtml\LibTidyHtml.rc">
      <Filter>Resource Files</Filter>
    </ResourceCompile>
  </ItemGroup>
  <ItemGroup>
    <None Include="..\..\3rdParty\LibTidyHtml\res\LibTidyHtml.rc2">
      <Filter>Resource Files</Filter>
    </None>
  </ItemGroup>
</Project>