
Microsoft Visual Studio Solution File, Format Version 11.00
# Visual C++ Express 2010
Project("{8BC9CEB8-8B4A-11D0-8D11-00A0C91BC942}") = "UnitTest++.VC10", "UnitTest++.VC10.vcxproj", "{64A4FEFE-0461-4E95-8CC1-91EF5F57DBC6}"
EndProject
Project("{8BC9CEB8-8B4A-11D0-8D11-00A0C91BC942}") = "TestUnitTest++.VC10", "TestUnitTest++.VC10.vcxproj", "{9CCC3439-309E-4E85-B3B8-CE704D385D48}"
EndProject
Global
	GlobalSection(SolutionConfigurationPlatforms) = preSolution
		Debug DLL|Win32 = Debug DLL|Win32
		Debug DLL|x64 = Debug DLL|x64
		Debug LIB|Win32 = Debug LIB|Win32
		Debug LIB|x64 = Debug LIB|x64
		Release DLL|Win32 = Release DLL|Win32
		Release DLL|x64 = Release DLL|x64
		Release LIB|Win32 = Release LIB|Win32
		Release LIB|x64 = Release LIB|x64
		Unicode Debug DLL|Win32 = Unicode Debug DLL|Win32
		Unicode Debug DLL|x64 = Unicode Debug DLL|x64
		Unicode Debug LIB|Win32 = Unicode Debug LIB|Win32
		Unicode Debug LIB|x64 = Unicode Debug LIB|x64
		Unicode Release DLL|Win32 = Unicode Release DLL|Win32
		Unicode Release DLL|x64 = Unicode Release DLL|x64
		Unicode Release LIB|Win32 = Unicode Release LIB|Win32
		Unicode Release LIB|x64 = Unicode Release LIB|x64
	EndGlobalSection
	GlobalSection(ProjectConfigurationPlatforms) = postSolution
		{64A4FEFE-0461-4E95-8CC1-91EF5F57DBC6}.Debug DLL|Win32.ActiveCfg = Debug DLL|Win32
		{64A4FEFE-0461-4E95-8CC1-91EF5F57DBC6}.Debug DLL|Win32.Build.0 = Debug DLL|Win32
		{64A4FEFE-0461-4E95-8CC1-91EF5F57DBC6}.Debug DLL|x64.ActiveCfg = Debug DLL|x64
		{64A4FEFE-0461-4E95-8CC1-91EF5F57DBC6}.Debug DLL|x64.Build.0 = Debug DLL|x64
		{64A4FEFE-0461-4E95-8CC1-91EF5F57DBC6}.Debug LIB|Win32.ActiveCfg = Debug LIB|Win32
		{64A4FEFE-0461-4E95-8CC1-91EF5F57DBC6}.Debug LIB|Win32.Build.0 = Debug LIB|Win32
		{64A4FEFE-0461-4E95-8CC1-91EF5F57DBC6}.Debug LIB|x64.ActiveCfg = Debug LIB|x64
		{64A4FEFE-0461-4E95-8CC1-91EF5F57DBC6}.Debug LIB|x64.Build.0 = Debug LIB|x64
		{64A4FEFE-0461-4E95-8CC1-91EF5F57DBC6}.Release DLL|Win32.ActiveCfg = Release DLL|Win32
		{64A4FEFE-0461-4E95-8CC1-91EF5F57DBC6}.Release DLL|Win32.Build.0 = Release DLL|Win32
		{64A4FEFE-0461-4E95-8CC1-91EF5F57DBC6}.Release DLL|x64.ActiveCfg = Release DLL|x64
		{64A4FEFE-0461-4E95-8CC1-91EF5F57DBC6}.Release DLL|x64.Build.0 = Release DLL|x64
		{64A4FEFE-0461-4E95-8CC1-91EF5F57DBC6}.Release LIB|Win32.ActiveCfg = Release LIB|Win32
		{64A4FEFE-0461-4E95-8CC1-91EF5F57DBC6}.Release LIB|Win32.Build.0 = Release LIB|Win32
		{64A4FEFE-0461-4E95-8CC1-91EF5F57DBC6}.Release LIB|x64.ActiveCfg = Release LIB|x64
		{64A4FEFE-0461-4E95-8CC1-91EF5F57DBC6}.Release LIB|x64.Build.0 = Release LIB|x64
		{64A4FEFE-0461-4E95-8CC1-91EF5F57DBC6}.Unicode Debug DLL|Win32.ActiveCfg = Unicode Debug DLL|Win32
		{64A4FEFE-0461-4E95-8CC1-91EF5F57DBC6}.Unicode Debug DLL|Win32.Build.0 = Unicode Debug DLL|Win32
		{64A4FEFE-0461-4E95-8CC1-91EF5F57DBC6}.Unicode Debug DLL|x64.ActiveCfg = Unicode Debug DLL|x64
		{64A4FEFE-0461-4E95-8CC1-91EF5F57DBC6}.Unicode Debug DLL|x64.Build.0 = Unicode Debug DLL|x64
		{64A4FEFE-0461-4E95-8CC1-91EF5F57DBC6}.Unicode Debug LIB|Win32.ActiveCfg = Unicode Debug LIB|Win32
		{64A4FEFE-0461-4E95-8CC1-91EF5F57DBC6}.Unicode Debug LIB|Win32.Build.0 = Unicode Debug LIB|Win32
		{64A4FEFE-0461-4E95-8CC1-91EF5F57DBC6}.Unicode Debug LIB|x64.ActiveCfg = Unicode Debug LIB|x64
		{64A4FEFE-0461-4E95-8CC1-91EF5F57DBC6}.Unicode Debug LIB|x64.Build.0 = Unicode Debug LIB|x64
		{64A4FEFE-0461-4E95-8CC1-91EF5F57DBC6}.Unicode Release DLL|Win32.ActiveCfg = Unicode Release DLL|Win32
		{64A4FEFE-0461-4E95-8CC1-91EF5F57DBC6}.Unicode Release DLL|Win32.Build.0 = Unicode Release DLL|Win32
		{64A4FEFE-0461-4E95-8CC1-91EF5F57DBC6}.Unicode Release DLL|x64.ActiveCfg = Unicode Release DLL|x64
		{64A4FEFE-0461-4E95-8CC1-91EF5F57DBC6}.Unicode Release DLL|x64.Build.0 = Unicode Release DLL|x64
		{64A4FEFE-0461-4E95-8CC1-91EF5F57DBC6}.Unicode Release LIB|Win32.ActiveCfg = Unicode Release LIB|Win32
		{64A4FEFE-0461-4E95-8CC1-91EF5F57DBC6}.Unicode Release LIB|Win32.Build.0 = Unicode Release LIB|Win32
		{64A4FEFE-0461-4E95-8CC1-91EF5F57DBC6}.Unicode Release LIB|x64.ActiveCfg = Unicode Release LIB|x64
		{64A4FEFE-0461-4E95-8CC1-91EF5F57DBC6}.Unicode Release LIB|x64.Build.0 = Unicode Release LIB|x64
		{9CCC3439-309E-4E85-B3B8-CE704D385D48}.Debug DLL|Win32.ActiveCfg = Debug DLL|Win32
		{9CCC3439-309E-4E85-B3B8-CE704D385D48}.Debug DLL|Win32.Build.0 = Debug DLL|Win32
		{9CCC3439-309E-4E85-B3B8-CE704D385D48}.Debug DLL|x64.ActiveCfg = Debug DLL|x64
		{9CCC3439-309E-4E85-B3B8-CE704D385D48}.Debug DLL|x64.Build.0 = Debug DLL|x64
		{9CCC3439-309E-4E85-B3B8-CE704D385D48}.Debug LIB|Win32.ActiveCfg = Debug LIB|Win32
		{9CCC3439-309E-4E85-B3B8-CE704D385D48}.Debug LIB|Win32.Build.0 = Debug LIB|Win32
		{9CCC3439-309E-4E85-B3B8-CE704D385D48}.Debug LIB|x64.ActiveCfg = Debug LIB|x64
		{9CCC3439-309E-4E85-B3B8-CE704D385D48}.Debug LIB|x64.Build.0 = Debug LIB|x64
		{9CCC3439-309E-4E85-B3B8-CE704D385D48}.Release DLL|Win32.ActiveCfg = Release DLL|Win32
		{9CCC3439-309E-4E85-B3B8-CE704D385D48}.Release DLL|Win32.Build.0 = Release DLL|Win32
		{9CCC3439-309E-4E85-B3B8-CE704D385D48}.Release DLL|x64.ActiveCfg = Release DLL|x64
		{9CCC3439-309E-4E85-B3B8-CE704D385D48}.Release DLL|x64.Build.0 = Release DLL|x64
		{9CCC3439-309E-4E85-B3B8-CE704D385D48}.Release LIB|Win32.ActiveCfg = Release LIB|Win32
		{9CCC3439-309E-4E85-B3B8-CE704D385D48}.Release LIB|Win32.Build.0 = Release LIB|Win32
		{9CCC3439-309E-4E85-B3B8-CE704D385D48}.Release LIB|x64.ActiveCfg = Release LIB|x64
		{9CCC3439-309E-4E85-B3B8-CE704D385D48}.Release LIB|x64.Build.0 = Release LIB|x64
		{9CCC3439-309E-4E85-B3B8-CE704D385D48}.Unicode Debug DLL|Win32.ActiveCfg = Unicode Debug DLL|Win32
		{9CCC3439-309E-4E85-B3B8-CE704D385D48}.Unicode Debug DLL|Win32.Build.0 = Unicode Debug DLL|Win32
		{9CCC3439-309E-4E85-B3B8-CE704D385D48}.Unicode Debug DLL|x64.ActiveCfg = Unicode Debug DLL|x64
		{9CCC3439-309E-4E85-B3B8-CE704D385D48}.Unicode Debug DLL|x64.Build.0 = Unicode Debug DLL|x64
		{9CCC3439-309E-4E85-B3B8-CE704D385D48}.Unicode Debug LIB|Win32.ActiveCfg = Unicode Debug LIB|Win32
		{9CCC3439-309E-4E85-B3B8-CE704D385D48}.Unicode Debug LIB|Win32.Build.0 = Unicode Debug LIB|Win32
		{9CCC3439-309E-4E85-B3B8-CE704D385D48}.Unicode Debug LIB|x64.ActiveCfg = Unicode Debug LIB|x64
		{9CCC3439-309E-4E85-B3B8-CE704D385D48}.Unicode Debug LIB|x64.Build.0 = Unicode Debug LIB|x64
		{9CCC3439-309E-4E85-B3B8-CE704D385D48}.Unicode Release DLL|Win32.ActiveCfg = Unicode Release DLL|Win32
		{9CCC3439-309E-4E85-B3B8-CE704D385D48}.Unicode Release DLL|Win32.Build.0 = Unicode Release DLL|Win32
		{9CCC3439-309E-4E85-B3B8-CE704D385D48}.Unicode Release DLL|x64.ActiveCfg = Unicode Release DLL|x64
		{9CCC3439-309E-4E85-B3B8-CE704D385D48}.Unicode Release DLL|x64.Build.0 = Unicode Release DLL|x64
		{9CCC3439-309E-4E85-B3B8-CE704D385D48}.Unicode Release LIB|Win32.ActiveCfg = Unicode Release LIB|Win32
		{9CCC3439-309E-4E85-B3B8-CE704D385D48}.Unicode Release LIB|Win32.Build.0 = Unicode Release LIB|Win32
		{9CCC3439-309E-4E85-B3B8-CE704D385D48}.Unicode Release LIB|x64.ActiveCfg = Unicode Release LIB|x64
		{9CCC3439-309E-4E85-B3B8-CE704D385D48}.Unicode Release LIB|x64.Build.0 = Unicode Release LIB|x64
	EndGlobalSection
	GlobalSection(SolutionProperties) = preSolution
		HideSolutionNode = FALSE
	EndGlobalSection
EndGlobal
