// !$*UTF8*$!
{
	archiveVersion = 1;
	classes = {
	};
	objectVersion = 46;
	objects = {

/* Begin PBXBuildFile section */
		E110B4F8177FD00C004071B5 /* LibArchive.h in Headers */ = {isa = PBXBuildFile; fileRef = E110B4F7177FD00C004071B5 /* LibArchive.h */; };
		E124BBAF16BD8F10006FBF2D /* LibArchive.cpp in Sources */ = {isa = PBXBuildFile; fileRef = E124BBA916BD8F10006FBF2D /* LibArchive.cpp */; };
		E124BBB116BD8F10006FBF2D /* stdafx.cpp in Sources */ = {isa = PBXBuildFile; fileRef = E124BBAD16BD8F10006FBF2D /* stdafx.cpp */; };
		E124BBB216BD8F10006FBF2D /* stdafx.h in Headers */ = {isa = PBXBuildFile; fileRef = E124BBAE16BD8F10006FBF2D /* stdafx.h */; };
/* End PBXBuildFile section */

/* Begin PBXFileReference section */
		E110B4F7177FD00C004071B5 /* LibArchive.h */ = {isa = PBXFileReference; fileEncoding = 4; lastKnownFileType = sourcecode.c.h; path = LibArchive.h; sourceTree = "<group>"; };
		E124BBA916BD8F10006FBF2D /* LibArchive.cpp */ = {isa = PBXFileReference; fileEncoding = 4; lastKnownFileType = sourcecode.cpp.cpp; name = LibArchive.cpp; path = ../../../LibArchive/LibArchive.cpp; sourceTree = "<group>"; };
		E124BBAD16BD8F10006FBF2D /* stdafx.cpp */ = {isa = PBXFileReference; fileEncoding = 4; lastKnownFileType = sourcecode.cpp.cpp; name = stdafx.cpp; path = ../../../LibArchive/stdafx.cpp; sourceTree = "<group>"; };
		E124BBAE16BD8F10006FBF2D /* stdafx.h */ = {isa = PBXFileReference; fileEncoding = 4; lastKnownFileType = sourcecode.c.h; name = stdafx.h; path = ../../../LibArchive/stdafx.h; sourceTree = "<group>"; };
		E161079516BD89D3006B9BC0 /* libLibArchive.a */ = {isa = PBXFileReference; explicitFileType = archive.ar; includeInIndex = 0; path = libLibArchive.a; sourceTree = BUILT_PRODUCTS_DIR; };
/* End PBXFileReference section */

/* Begin PBXFrameworksBuildPhase section */
		E161079216BD89D3006B9BC0 /* Frameworks */ = {
			isa = PBXFrameworksBuildPhase;
			buildActionMask = 2147483647;
			files = (
			);
			runOnlyForDeploymentPostprocessing = 0;
		};
/* End PBXFrameworksBuildPhase section */

/* Begin PBXGroup section */
		E110B4F6177FD00C004071B5 /* LibArchive */ = {
			isa = PBXGroup;
			children = (
				E110B4F7177FD00C004071B5 /* LibArchive.h */,
			);
			name = LibArchive;
			path = ../../../Include/LibArchive;
			sourceTree = "<group>";
		};
		E110B4F9177FD015004071B5 /* Include */ = {
			isa = PBXGroup;
			children = (
				E110B4F6177FD00C004071B5 /* LibArchive */,
			);
			name = Include;
			sourceTree = "<group>";
		};
		E110B4FA177FD02A004071B5 /* LibArchive */ = {
			isa = PBXGroup;
			children = (
				E124BBA916BD8F10006FBF2D /* LibArchive.cpp */,
				E124BBAD16BD8F10006FBF2D /* stdafx.cpp */,
				E124BBAE16BD8F10006FBF2D /* stdafx.h */,
			);
			name = LibArchive;
			sourceTree = "<group>";
		};
		E124BBA816BD8EE5006FBF2D /* Source */ = {
			isa = PBXGroup;
			children = (
				E110B4F9177FD015004071B5 /* Include */,
				E110B4FA177FD02A004071B5 /* LibArchive */,
			);
			name = Source;
			sourceTree = "<group>";
		};
		E161078C16BD89D3006B9BC0 = {
			isa = PBXGroup;
			children = (
				E124BBA816BD8EE5006FBF2D /* Source */,
				E161079616BD89D3006B9BC0 /* Products */,
			);
			sourceTree = "<group>";
		};
		E161079616BD89D3006B9BC0 /* Products */ = {
			isa = PBXGroup;
			children = (
				E161079516BD89D3006B9BC0 /* libLibArchive.a */,
			);
			name = Products;
			sourceTree = "<group>";
		};
/* End PBXGroup section */

/* Begin PBXHeadersBuildPhase section */
		E161079316BD89D3006B9BC0 /* Headers */ = {
			isa = PBXHeadersBuildPhase;
			buildActionMask = 2147483647;
			files = (
				E124BBB216BD8F10006FBF2D /* stdafx.h in Headers */,
				E110B4F8177FD00C004071B5 /* LibArchive.h in Headers */,
			);
			runOnlyForDeploymentPostprocessing = 0;
		};
/* End PBXHeadersBuildPhase section */

/* Begin PBXNativeTarget section */
		E161079416BD89D3006B9BC0 /* LibArchive */ = {
			isa = PBXNativeTarget;
			buildConfigurationList = E161079916BD89D3006B9BC0 /* Build configuration list for PBXNativeTarget "LibArchive" */;
			buildPhases = (
				E161079116BD89D3006B9BC0 /* Sources */,
				E161079216BD89D3006B9BC0 /* Frameworks */,
				E161079316BD89D3006B9BC0 /* Headers */,
			);
			buildRules = (
			);
			dependencies = (
			);
			name = LibArchive;
			productName = LibArchive;
			productReference = E161079516BD89D3006B9BC0 /* libLibArchive.a */;
			productType = "com.apple.product-type.library.static";
		};
/* End PBXNativeTarget section */

/* Begin PBXProject section */
		E161078D16BD89D3006B9BC0 /* Project object */ = {
			isa = PBXProject;
			attributes = {
				LastUpgradeCheck = 0460;
				ORGANIZATIONNAME = "David Connet";
			};
			buildConfigurationList = E161079016BD89D3006B9BC0 /* Build configuration list for PBXProject "LibArchive" */;
			compatibilityVersion = "Xcode 3.2";
			developmentRegion = English;
			hasScannedForEncodings = 0;
			knownRegions = (
				en,
			);
			mainGroup = E161078C16BD89D3006B9BC0;
			productRefGroup = E161079616BD89D3006B9BC0 /* Products */;
			projectDirPath = "";
			projectRoot = "";
			targets = (
				E161079416BD89D3006B9BC0 /* LibArchive */,
			);
		};
/* End PBXProject section */

/* Begin PBXSourcesBuildPhase section */
		E161079116BD89D3006B9BC0 /* Sources */ = {
			isa = PBXSourcesBuildPhase;
			buildActionMask = 2147483647;
			files = (
				E124BBAF16BD8F10006FBF2D /* LibArchive.cpp in Sources */,
				E124BBB116BD8F10006FBF2D /* stdafx.cpp in Sources */,
			);
			runOnlyForDeploymentPostprocessing = 0;
		};
/* End PBXSourcesBuildPhase section */

/* Begin XCBuildConfiguration section */
		E161079716BD89D3006B9BC0 /* Debug */ = {
			isa = XCBuildConfiguration;
			buildSettings = {
				ALWAYS_SEARCH_USER_PATHS = NO;
				ARCHS = "$(ARCHS_STANDARD_32_BIT)";
				COPY_PHASE_STRIP = NO;
				GCC_C_LANGUAGE_STANDARD = "compiler-default";
				GCC_DYNAMIC_NO_PIC = NO;
				GCC_ENABLE_OBJC_EXCEPTIONS = YES;
				GCC_OPTIMIZATION_LEVEL = 0;
				GCC_PREPROCESSOR_DEFINITIONS = (
					"DEBUG=1",
					"$(inherited)",
				);
				GCC_SYMBOLS_PRIVATE_EXTERN = NO;
				GCC_TREAT_WARNINGS_AS_ERRORS = YES;
				GCC_VERSION = "";
				GCC_WARN_64_TO_32_BIT_CONVERSION = NO;
				GCC_WARN_ABOUT_RETURN_TYPE = YES;
				GCC_WARN_SHADOW = YES;
				GCC_WARN_UNINITIALIZED_AUTOS = NO;
				GCC_WARN_UNUSED_VARIABLE = YES;
				MACOSX_DEPLOYMENT_TARGET = 10.5;
				ONLY_ACTIVE_ARCH = YES;
				OTHER_CFLAGS = (
					"-I$SRCROOT/../../../Include",
					"-isystem",
					$BOOST_ROOT,
					"-I$WXBASE/wxWidgets-3.0.0/build-cocoa-debug/lib/wx/include/osx_cocoa-unicode-static-3.0",
					"-I$WXBASE/wxWidgets-3.0.0/include",
					"-D_FILE_OFFSET_BITS=64",
					"-D__WXMAC__",
					"-D__WXOSX__",
					"-D__WXOSX_COCOA__",
					"-DUSE_WXWIDGETS",
				);
				SDKROOT = macosx10.8;
			};
			name = Debug;
		};
		E161079816BD89D3006B9BC0 /* Release */ = {
			isa = XCBuildConfiguration;
			buildSettings = {
				ALWAYS_SEARCH_USER_PATHS = NO;
				ARCHS = "$(ARCHS_STANDARD_32_BIT)";
				COPY_PHASE_STRIP = YES;
				DEBUG_INFORMATION_FORMAT = "dwarf-with-dsym";
				GCC_C_LANGUAGE_STANDARD = "compiler-default";
				GCC_ENABLE_OBJC_EXCEPTIONS = YES;
				GCC_TREAT_WARNINGS_AS_ERRORS = YES;
				GCC_VERSION = "";
				GCC_WARN_64_TO_32_BIT_CONVERSION = NO;
				GCC_WARN_ABOUT_RETURN_TYPE = YES;
				GCC_WARN_SHADOW = YES;
				GCC_WARN_UNINITIALIZED_AUTOS = YES;
				GCC_WARN_UNUSED_VARIABLE = YES;
				MACOSX_DEPLOYMENT_TARGET = 10.5;
				OTHER_CFLAGS = (
					"-I$SRCROOT/../../../Include",
					"-isystem",
					$BOOST_ROOT,
					"-I$WXBASE/wxWidgets-3.0.0/build-cocoa/lib/wx/include/osx_cocoa-unicode-static-3.0",
					"-I$WXBASE/wxWidgets-3.0.0/include",
					"-D_FILE_OFFSET_BITS=64",
					"-DwxDEBUG_LEVEL=0",
					"-D__WXMAC__",
					"-D__WXOSX__",
					"-D__WXOSX_COCOA__",
					"-DUSE_WXWIDGETS",
				);
				SDKROOT = macosx10.8;
			};
			name = Release;
		};
		E161079A16BD89D3006B9BC0 /* Debug */ = {
			isa = XCBuildConfiguration;
			buildSettings = {
				EXECUTABLE_PREFIX = lib;
				PRODUCT_NAME = "$(TARGET_NAME)";
			};
			name = Debug;
		};
		E161079B16BD89D3006B9BC0 /* Release */ = {
			isa = XCBuildConfiguration;
			buildSettings = {
				EXECUTABLE_PREFIX = lib;
				PRODUCT_NAME = "$(TARGET_NAME)";
			};
			name = Release;
		};
/* End XCBuildConfiguration section */

/* Begin XCConfigurationList section */
		E161079016BD89D3006B9BC0 /* Build configuration list for PBXProject "LibArchive" */ = {
			isa = XCConfigurationList;
			buildConfigurations = (
				E161079716BD89D3006B9BC0 /* Debug */,
				E161079816BD89D3006B9BC0 /* Release */,
			);
			defaultConfigurationIsVisible = 0;
			defaultConfigurationName = Release;
		};
		E161079916BD89D3006B9BC0 /* Build configuration list for PBXNativeTarget "LibArchive" */ = {
			isa = XCConfigurationList;
			buildConfigurations = (
				E161079A16BD89D3006B9BC0 /* Debug */,
				E161079B16BD89D3006B9BC0 /* Release */,
			);
			defaultConfigurationIsVisible = 0;
			defaultConfigurationName = Release;
		};
/* End XCConfigurationList section */
	};
	rootObject = E161078D16BD89D3006B9BC0 /* Project object */;
}
