<?xml version="1.0" encoding="utf-8"?>
<Project ToolsVersion="4.0" xmlns="http://schemas.microsoft.com/developer/msbuild/2003">
  <ItemGroup>
    <Filter Include="Source Files">
      <UniqueIdentifier>{69a52edb-e4d7-4e24-91c4-99b8fc499029}</UniqueIdentifier>
      <Extensions>cpp;c;cc;cxx;def;odl;idl;hpj;bat;asm;asmx</Extensions>
    </Filter>
    <Filter Include="Header Files">
      <UniqueIdentifier>{6679507e-dce0-49f6-a71b-991d12894cb9}</UniqueIdentifier>
      <Extensions>h;hpp;hxx;hm;inl;inc;xsd</Extensions>
    </Filter>
    <Filter Include="Resource Files">
      <UniqueIdentifier>{123a0f54-6ff9-4974-9d4c-3641c262a264}</UniqueIdentifier>
      <Extensions>rc;ico;cur;bmp;dlg;rc2;rct;bin;rgs;gif;jpg;jpeg;jpe;resx;tiff;tif;png;wav</Extensions>
    </Filter>
    <Filter Include="Include">
      <UniqueIdentifier>{1f94fd9f-2ba8-4d66-a753-922142697a04}</UniqueIdentifier>
    </Filter>
    <Filter Include="Include\Platform">
      <UniqueIdentifier>{2fdd11a1-9248-4cb8-8b7a-a0c689a41383}</UniqueIdentifier>
    </Filter>
    <Filter Include="Include\ARB">
      <UniqueIdentifier>{9C6ae5d4-0c2d-4b40-97cf-8960ad1c9c39}</UniqueIdentifier>
    </Filter>
  </ItemGroup>
  <ItemGroup>
    <ClCompile Include="..\..\ARB\ARBAgilityRecordBook.cpp">
      <Filter>Source Files</Filter>
    </ClCompile>
    <ClCompile Include="..\..\ARB\ARBBase.cpp">
      <Filter>Source Files</Filter>
    </ClCompile>
    <ClCompile Include="..\..\ARB\ARBCalendar.cpp">
      <Filter>Source Files</Filter>
    </ClCompile>
    <ClCompile Include="..\..\ARB\ARBConfig.cpp">
      <Filter>Source Files</Filter>
    </ClCompile>
    <ClCompile Include="..\..\ARB\ARBConfigAction.cpp">
      <Filter>Source Files</Filter>
    </ClCompile>
    <ClCompile Include="..\..\ARB\ARBConfigCalSite.cpp">
      <Filter>Source Files</Filter>
    </ClCompile>
    <ClCompile Include="..\..\ARB\ARBConfigDivision.cpp">
      <Filter>Source Files</Filter>
    </ClCompile>
    <ClCompile Include="..\..\ARB\ARBConfigEvent.cpp">
      <Filter>Source Files</Filter>
    </ClCompile>
    <ClCompile Include="..\..\ARB\ARBConfigFault.cpp">
      <Filter>Source Files</Filter>
    </ClCompile>
    <ClCompile Include="..\..\ARB\ARBConfigLevel.cpp">
      <Filter>Source Files</Filter>
    </ClCompile>
    <ClCompile Include="..\..\ARB\ARBConfigLifetimePoints.cpp">
      <Filter>Source Files</Filter>
    </ClCompile>
    <ClCompile Include="..\..\ARB\ARBConfigMultiQ.cpp">
      <Filter>Source Files</Filter>
    </ClCompile>
    <ClCompile Include="..\..\ARB\ARBConfigOtherPoints.cpp">
      <Filter>Source Files</Filter>
    </ClCompile>
    <ClCompile Include="..\..\ARB\ARBConfigPlaceInfo.cpp">
      <Filter>Source Files</Filter>
    </ClCompile>
    <ClCompile Include="..\..\ARB\ARBConfigScoring.cpp">
      <Filter>Source Files</Filter>
    </ClCompile>
    <ClCompile Include="..\..\ARB\ARBConfigSubLevel.cpp">
      <Filter>Source Files</Filter>
    </ClCompile>
    <ClCompile Include="..\..\ARB\ARBConfigTitle.cpp">
      <Filter>Source Files</Filter>
    </ClCompile>
    <ClCompile Include="..\..\ARB\ARBConfigTitlePoints.cpp">
      <Filter>Source Files</Filter>
    </ClCompile>
    <ClCompile Include="..\..\ARB\ARBConfigVenue.cpp">
      <Filter>Source Files</Filter>
    </ClCompile>
    <ClCompile Include="..\..\ARB\ARBDog.cpp">
      <Filter>Source Files</Filter>
    </ClCompile>
    <ClCompile Include="..\..\ARB\ARBDogClub.cpp">
      <Filter>Source Files</Filter>
    </ClCompile>
    <ClCompile Include="..\..\ARB\ARBDogExistingPoints.cpp">
      <Filter>Source Files</Filter>
    </ClCompile>
    <ClCompile Include="..\..\ARB\ARBDogNotes.cpp">
      <Filter>Source Files</Filter>
    </ClCompile>
    <ClCompile Include="..\..\ARB\ARBDogReferenceRun.cpp">
      <Filter>Source Files</Filter>
    </ClCompile>
    <ClCompile Include="..\..\ARB\ARBDogRegNum.cpp">
      <Filter>Source Files</Filter>
    </ClCompile>
    <ClCompile Include="..\..\ARB\ARBDogRun.cpp">
      <Filter>Source Files</Filter>
    </ClCompile>
    <ClCompile Include="..\..\ARB\ARBDogRunOtherPoints.cpp">
      <Filter>Source Files</Filter>
    </ClCompile>
    <ClCompile Include="..\..\ARB\ARBDogRunPartner.cpp">
      <Filter>Source Files</Filter>
    </ClCompile>
    <ClCompile Include="..\..\ARB\ARBDogRunScoring.cpp">
      <Filter>Source Files</Filter>
    </ClCompile>
    <ClCompile Include="..\..\ARB\ARBDogTitle.cpp">
      <Filter>Source Files</Filter>
    </ClCompile>
    <ClCompile Include="..\..\ARB\ARBDogTrial.cpp">
      <Filter>Source Files</Filter>
    </ClCompile>
    <ClCompile Include="..\..\ARB\ARBInfo.cpp">
      <Filter>Source Files</Filter>
    </ClCompile>
    <ClCompile Include="..\..\ARB\ARBInfoItem.cpp">
      <Filter>Source Files</Filter>
    </ClCompile>
    <ClCompile Include="..\..\ARB\ARBLocalization.cpp">
      <Filter>Source Files</Filter>
    </ClCompile>
    <ClCompile Include="..\..\ARB\ARBTraining.cpp">
      <Filter>Source Files</Filter>
    </ClCompile>
    <ClCompile Include="..\..\ARB\stdafx.cpp">
      <Filter>Source Files</Filter>
    </ClCompile>
    <ClCompile Include="..\..\ARB\ARBCalcPoints.cpp">
      <Filter>Source Files</Filter>
    </ClCompile>
    <ClCompile Include="..\..\ARB\ARB_Q.cpp">
      <Filter>Source Files</Filter>
    </ClCompile>
  </ItemGroup>
  <ItemGroup>
    <ClInclude Include="..\..\ARB\stdafx.h">
      <Filter>Header Files</Filter>
    </ClInclude>
    <ClInclude Include="..\..\Include\Platform\arbWarningPop.h">
      <Filter>Include\Platform</Filter>
    </ClInclude>
    <ClInclude Include="..\..\Include\Platform\arbWarningPush.h">
      <Filter>Include\Platform</Filter>
    </ClInclude>
    <ClInclude Include="..\..\Include\Platform\SetupARBPost.h">
      <Filter>Include\Platform</Filter>
    </ClInclude>
    <ClInclude Include="..\..\Include\Platform\SetupARBPre.h">
      <Filter>Include\Platform</Filter>
    </ClInclude>
    <ClInclude Include="..\..\Include\Platform\SetupWX.h">
      <Filter>Include\Platform</Filter>
    </ClInclude>
    <ClInclude Include="..\..\Include\ICalendarSite.h">
      <Filter>Include</Filter>
    </ClInclude>
    <ClInclude Include="..\..\Include\IProgressMeter.h">
      <Filter>Include</Filter>
    </ClInclude>
    <ClInclude Include="..\..\Include\VersionNumber.h">
      <Filter>Include</Filter>
    </ClInclude>
    <ClInclude Include="..\..\Include\ARB\ARB_Q.h">
      <Filter>Include\ARB</Filter>
    </ClInclude>
    <ClInclude Include="..\..\Include\ARB\ARBTypes2.h">
      <Filter>Include\ARB</Filter>
    </ClInclude>
    <ClInclude Include="..\..\Include\ARB\ARBAgilityRecordBook.h">
      <Filter>Include\ARB</Filter>
    </ClInclude>
    <ClInclude Include="..\..\Include\ARB\ARBBase.h">
      <Filter>Include\ARB</Filter>
    </ClInclude>
    <ClInclude Include="..\..\Include\ARB\ARBCalcPoints.h">
      <Filter>Include\ARB</Filter>
    </ClInclude>
    <ClInclude Include="..\..\Include\ARB\ARBCalendar.h">
      <Filter>Include\ARB</Filter>
    </ClInclude>
    <ClInclude Include="..\..\Include\ARB\ARBConfig.h">
      <Filter>Include\ARB</Filter>
    </ClInclude>
    <ClInclude Include="..\..\Include\ARB\ARBConfigAction.h">
      <Filter>Include\ARB</Filter>
    </ClInclude>
    <ClInclude Include="..\..\Include\ARB\ARBConfigCalSite.h">
      <Filter>Include\ARB</Filter>
    </ClInclude>
    <ClInclude Include="..\..\Include\ARB\ARBConfigDivision.h">
      <Filter>Include\ARB</Filter>
    </ClInclude>
    <ClInclude Include="..\..\Include\ARB\ARBConfigEvent.h">
      <Filter>Include\ARB</Filter>
    </ClInclude>
    <ClInclude Include="..\..\Include\ARB\ARBConfigFault.h">
      <Filter>Include\ARB</Filter>
    </ClInclude>
    <ClInclude Include="..\..\Include\ARB\ARBConfigLevel.h">
      <Filter>Include\ARB</Filter>
    </ClInclude>
    <ClInclude Include="..\..\Include\ARB\ARBConfigLifetimePoints.h">
      <Filter>Include\ARB</Filter>
    </ClInclude>
    <ClInclude Include="..\..\Include\ARB\ARBConfigMultiQ.h">
      <Filter>Include\ARB</Filter>
    </ClInclude>
    <ClInclude Include="..\..\Include\ARB\ARBConfigOtherPoints.h">
      <Filter>Include\ARB</Filter>
    </ClInclude>
    <ClInclude Include="..\..\Include\ARB\ARBConfigPlaceInfo.h">
      <Filter>Include\ARB</Filter>
    </ClInclude>
    <ClInclude Include="..\..\Include\ARB\ARBConfigScoring.h">
      <Filter>Include\ARB</Filter>
    </ClInclude>
    <ClInclude Include="..\..\Include\ARB\ARBConfigSubLevel.h">
      <Filter>Include\ARB</Filter>
    </ClInclude>
    <ClInclude Include="..\..\Include\ARB\ARBConfigTitle.h">
      <Filter>Include\ARB</Filter>
    </ClInclude>
    <ClInclude Include="..\..\Include\ARB\ARBConfigTitlePoints.h">
      <Filter>Include\ARB</Filter>
    </ClInclude>
    <ClInclude Include="..\..\Include\ARB\ARBConfigVenue.h">
      <Filter>Include\ARB</Filter>
    </ClInclude>
    <ClInclude Include="..\..\Include\ARB\ARBDog.h">
      <Filter>Include\ARB</Filter>
    </ClInclude>
    <ClInclude Include="..\..\Include\ARB\ARBDogClub.h">
      <Filter>Include\ARB</Filter>
    </ClInclude>
    <ClInclude Include="..\..\Include\ARB\ARBDogExistingPoints.h">
      <Filter>Include\ARB</Filter>
    </ClInclude>
    <ClInclude Include="..\..\Include\ARB\ARBDogNotes.h">
      <Filter>Include\ARB</Filter>
    </ClInclude>
    <ClInclude Include="..\..\Include\ARB\ARBDogReferenceRun.h">
      <Filter>Include\ARB</Filter>
    </ClInclude>
    <ClInclude Include="..\..\Include\ARB\ARBDogRegNum.h">
      <Filter>Include\ARB</Filter>
    </ClInclude>
    <ClInclude Include="..\..\Include\ARB\ARBDogRun.h">
      <Filter>Include\ARB</Filter>
    </ClInclude>
    <ClInclude Include="..\..\Include\ARB\ARBDogRunOtherPoints.h">
      <Filter>Include\ARB</Filter>
    </ClInclude>
    <ClInclude Include="..\..\Include\ARB\ARBDogRunPartner.h">
      <Filter>Include\ARB</Filter>
    </ClInclude>
    <ClInclude Include="..\..\Include\ARB\ARBDogRunScoring.h">
      <Filter>Include\ARB</Filter>
    </ClInclude>
    <ClInclude Include="..\..\Include\ARB\ARBDogTitle.h">
      <Filter>Include\ARB</Filter>
    </ClInclude>
    <ClInclude Include="..\..\Include\ARB\ARBDogTrial.h">
      <Filter>Include\ARB</Filter>
    </ClInclude>
    <ClInclude Include="..\..\Include\ARB\ARBInfo.h">
      <Filter>Include\ARB</Filter>
    </ClInclude>
    <ClInclude Include="..\..\Include\ARB\ARBInfoItem.h">
      <Filter>Include\ARB</Filter>
    </ClInclude>
    <ClInclude Include="..\..\Include\ARB\ARBLocalization.h">
      <Filter>Include\ARB</Filter>
    </ClInclude>
    <ClInclude Include="..\..\Include\ARB\ARBStructure.h">
      <Filter>Include\ARB</Filter>
    </ClInclude>
    <ClInclude Include="..\..\Include\ARB\ARBTraining.h">
      <Filter>Include\ARB</Filter>
    </ClInclude>
  </ItemGroup>
</Project>