// !$*UTF8*$!
{
	archiveVersion = 1;
	classes = {
	};
	objectVersion = 51;
	objects = {

/* Begin PBXBuildFile section */
		E112AE9321FE3DEA00D6FE27 /* StatusBarHelper.h in Headers */ = {isa = PBXBuildFile; fileRef = E112AE9221FE3DE900D6FE27 /* StatusBarHelper.h */; };
		E198518F2170E5C5003E7B92 /* ReadHttp.h in Headers */ = {isa = PBXBuildFile; fileRef = E198517A2170E5C5003E7B92 /* ReadHttp.h */; };
		E19851902170E5C5003E7B92 /* RichEditCtrl2.h in Headers */ = {isa = PBXBuildFile; fileRef = E198517B2170E5C5003E7B92 /* RichEditCtrl2.h */; };
		E19851912170E5C5003E7B92 /* ImageManager.h in Headers */ = {isa = PBXBuildFile; fileRef = E198517C2170E5C5003E7B92 /* ImageManager.h */; };
		E19851922170E5C5003E7B92 /* MenuHelper.h in Headers */ = {isa = PBXBuildFile; fileRef = E198517D2170E5C5003E7B92 /* MenuHelper.h */; };
		E19851932170E5C5003E7B92 /* SpreadSheet.h in Headers */ = {isa = PBXBuildFile; fileRef = E198517E2170E5C5003E7B92 /* SpreadSheet.h */; };
		E19851942170E5C5003E7B92 /* DlgAuthenticate.h in Headers */ = {isa = PBXBuildFile; fileRef = E198517F2170E5C5003E7B92 /* DlgAuthenticate.h */; };
		E19851952170E5C5003E7B92 /* ListData.h in Headers */ = {isa = PBXBuildFile; fileRef = E19851802170E5C5003E7B92 /* ListData.h */; };
		E19851962170E5C5003E7B92 /* LanguageManager.h in Headers */ = {isa = PBXBuildFile; fileRef = E19851812170E5C5003E7B92 /* LanguageManager.h */; };
		E19851972170E5C5003E7B92 /* ListCtrl.h in Headers */ = {isa = PBXBuildFile; fileRef = E19851822170E5C5003E7B92 /* ListCtrl.h */; };
		E19851982170E5C5003E7B92 /* ARBWinUtilities.h in Headers */ = {isa = PBXBuildFile; fileRef = E19851832170E5C5003E7B92 /* ARBWinUtilities.h */; };
		E19851992170E5C5003E7B92 /* SetupApp.h in Headers */ = {isa = PBXBuildFile; fileRef = E19851842170E5C5003E7B92 /* SetupApp.h */; };
		E198519A2170E5C5003E7B92 /* TaskbarProgress.h in Headers */ = {isa = PBXBuildFile; fileRef = E19851852170E5C5003E7B92 /* TaskbarProgress.h */; };
		E198519B2170E5C5003E7B92 /* DlgProgress.h in Headers */ = {isa = PBXBuildFile; fileRef = E19851862170E5C5003E7B92 /* DlgProgress.h */; };
		E198519C2170E5C5003E7B92 /* RegItemsBase.h in Headers */ = {isa = PBXBuildFile; fileRef = E19851872170E5C5003E7B92 /* RegItemsBase.h */; };
		E198519D2170E5C5003E7B92 /* ColumnOrder.h in Headers */ = {isa = PBXBuildFile; fileRef = E19851882170E5C5003E7B92 /* ColumnOrder.h */; };
		E198519E2170E5C5003E7B92 /* DPI.h in Headers */ = {isa = PBXBuildFile; fileRef = E19851892170E5C5003E7B92 /* DPI.h */; };
		E198519F2170E5C5003E7B92 /* ImageHelperBase.h in Headers */ = {isa = PBXBuildFile; fileRef = E198518A2170E5C5003E7B92 /* ImageHelperBase.h */; };
		E19851A02170E5C5003E7B92 /* CheckLink.h in Headers */ = {isa = PBXBuildFile; fileRef = E198518B2170E5C5003E7B92 /* CheckLink.h */; };
		E19851A12170E5C5003E7B92 /* Validators.h in Headers */ = {isa = PBXBuildFile; fileRef = E198518C2170E5C5003E7B92 /* Validators.h */; };
		E19851A22170E5C5003E7B92 /* Widgets.h in Headers */ = {isa = PBXBuildFile; fileRef = E198518D2170E5C5003E7B92 /* Widgets.h */; };
		E19851A32170E5C5003E7B92 /* CheckTreeCtrl.h in Headers */ = {isa = PBXBuildFile; fileRef = E198518E2170E5C5003E7B92 /* CheckTreeCtrl.h */; };
		E1BED3A0237F8F730091278E /* ImageManager.cpp in Sources */ = {isa = PBXBuildFile; fileRef = E1BED386237F8F700091278E /* ImageManager.cpp */; };
		E1BED3A1237F8F730091278E /* ImageHelperBase.cpp in Sources */ = {isa = PBXBuildFile; fileRef = E1BED387237F8F710091278E /* ImageHelperBase.cpp */; };
		E1BED3A2237F8F730091278E /* LanguageManager.cpp in Sources */ = {isa = PBXBuildFile; fileRef = E1BED388237F8F710091278E /* LanguageManager.cpp */; };
		E1BED3A3237F8F730091278E /* DlgConfigAccel.h in Headers */ = {isa = PBXBuildFile; fileRef = E1BED389237F8F710091278E /* DlgConfigAccel.h */; };
		E1BED3A4237F8F730091278E /* Validators.cpp in Sources */ = {isa = PBXBuildFile; fileRef = E1BED38A237F8F710091278E /* Validators.cpp */; };
		E1BED3A5237F8F730091278E /* ListCtrl.cpp in Sources */ = {isa = PBXBuildFile; fileRef = E1BED38B237F8F710091278E /* ListCtrl.cpp */; };
		E1BED3A6237F8F730091278E /* SpreadSheet.cpp in Sources */ = {isa = PBXBuildFile; fileRef = E1BED38C237F8F710091278E /* SpreadSheet.cpp */; };
		E1BED3A7237F8F730091278E /* stdafx.h in Headers */ = {isa = PBXBuildFile; fileRef = E1BED38D237F8F710091278E /* stdafx.h */; };
		E1BED3A8237F8F730091278E /* StatusBarHelper.cpp in Sources */ = {isa = PBXBuildFile; fileRef = E1BED38E237F8F710091278E /* StatusBarHelper.cpp */; };
		E1BED3A9237F8F730091278E /* CheckTreeCtrl.cpp in Sources */ = {isa = PBXBuildFile; fileRef = E1BED38F237F8F710091278E /* CheckTreeCtrl.cpp */; };
		E1BED3AA237F8F730091278E /* DlgConfigAccel.cpp in Sources */ = {isa = PBXBuildFile; fileRef = E1BED390237F8F710091278E /* DlgConfigAccel.cpp */; };
		E1BED3AB237F8F730091278E /* DlgAuthenticate.cpp in Sources */ = {isa = PBXBuildFile; fileRef = E1BED391237F8F720091278E /* DlgAuthenticate.cpp */; };
		E1BED3AC237F8F730091278E /* ARBDebug.cpp in Sources */ = {isa = PBXBuildFile; fileRef = E1BED392237F8F720091278E /* ARBDebug.cpp */; };
		E1BED3AD237F8F730091278E /* DPI.cpp in Sources */ = {isa = PBXBuildFile; fileRef = E1BED393237F8F720091278E /* DPI.cpp */; };
		E1BED3AE237F8F730091278E /* ARBWinUtilities.cpp in Sources */ = {isa = PBXBuildFile; fileRef = E1BED394237F8F720091278E /* ARBWinUtilities.cpp */; };
		E1BED3AF237F8F730091278E /* ColumnOrder.cpp in Sources */ = {isa = PBXBuildFile; fileRef = E1BED395237F8F720091278E /* ColumnOrder.cpp */; };
		E1BED3B0237F8F730091278E /* RichEditCtrl2.cpp in Sources */ = {isa = PBXBuildFile; fileRef = E1BED396237F8F720091278E /* RichEditCtrl2.cpp */; };
		E1BED3B1237F8F730091278E /* ListData.cpp in Sources */ = {isa = PBXBuildFile; fileRef = E1BED397237F8F720091278E /* ListData.cpp */; };
		E1BED3B2237F8F730091278E /* MenuHelper.cpp in Sources */ = {isa = PBXBuildFile; fileRef = E1BED398237F8F720091278E /* MenuHelper.cpp */; };
		E1BED3B3237F8F730091278E /* ReadHttp.cpp in Sources */ = {isa = PBXBuildFile; fileRef = E1BED399237F8F720091278E /* ReadHttp.cpp */; };
		E1BED3B4237F8F730091278E /* stdafx.cpp in Sources */ = {isa = PBXBuildFile; fileRef = E1BED39A237F8F720091278E /* stdafx.cpp */; };
		E1BED3B5237F8F730091278E /* TaskbarProgress.cpp in Sources */ = {isa = PBXBuildFile; fileRef = E1BED39B237F8F730091278E /* TaskbarProgress.cpp */; };
		E1BED3B6237F8F730091278E /* Widgets.cpp in Sources */ = {isa = PBXBuildFile; fileRef = E1BED39C237F8F730091278E /* Widgets.cpp */; };
		E1BED3B7237F8F730091278E /* SetupApp.cpp in Sources */ = {isa = PBXBuildFile; fileRef = E1BED39D237F8F730091278E /* SetupApp.cpp */; };
		E1BED3B8237F8F730091278E /* DlgProgress.cpp in Sources */ = {isa = PBXBuildFile; fileRef = E1BED39E237F8F730091278E /* DlgProgress.cpp */; };
		E1BED3B9237F8F730091278E /* CheckLink.cpp in Sources */ = {isa = PBXBuildFile; fileRef = E1BED39F237F8F730091278E /* CheckLink.cpp */; };
		E1CAE56816B5BF4900B33FE5 /* arbWarningPop.h in Headers */ = {isa = PBXBuildFile; fileRef = E1CAE56216B5BF4900B33FE5 /* arbWarningPop.h */; };
		E1CAE56916B5BF4900B33FE5 /* arbWarningPush.h in Headers */ = {isa = PBXBuildFile; fileRef = E1CAE56316B5BF4900B33FE5 /* arbWarningPush.h */; };
		E1CAE56A16B5BF4900B33FE5 /* SetupARBPost.h in Headers */ = {isa = PBXBuildFile; fileRef = E1CAE56416B5BF4900B33FE5 /* SetupARBPost.h */; };
		E1CAE56B16B5BF4900B33FE5 /* SetupARBPre.h in Headers */ = {isa = PBXBuildFile; fileRef = E1CAE56516B5BF4900B33FE5 /* SetupARBPre.h */; };
		E1CAE56D16B5BF4900B33FE5 /* SetupWX.h in Headers */ = {isa = PBXBuildFile; fileRef = E1CAE56716B5BF4900B33FE5 /* SetupWX.h */; };
/* End PBXBuildFile section */

/* Begin PBXFileReference section */
		E112AE9221FE3DE900D6FE27 /* StatusBarHelper.h */ = {isa = PBXFileReference; fileEncoding = 4; lastKnownFileType = sourcecode.c.h; path = StatusBarHelper.h; sourceTree = "<group>"; };
		E198517A2170E5C5003E7B92 /* ReadHttp.h */ = {isa = PBXFileReference; fileEncoding = 4; lastKnownFileType = sourcecode.c.h; path = ReadHttp.h; sourceTree = "<group>"; };
		E198517B2170E5C5003E7B92 /* RichEditCtrl2.h */ = {isa = PBXFileReference; fileEncoding = 4; lastKnownFileType = sourcecode.c.h; path = RichEditCtrl2.h; sourceTree = "<group>"; };
		E198517C2170E5C5003E7B92 /* ImageManager.h */ = {isa = PBXFileReference; fileEncoding = 4; lastKnownFileType = sourcecode.c.h; path = ImageManager.h; sourceTree = "<group>"; };
		E198517D2170E5C5003E7B92 /* MenuHelper.h */ = {isa = PBXFileReference; fileEncoding = 4; lastKnownFileType = sourcecode.c.h; path = MenuHelper.h; sourceTree = "<group>"; };
		E198517E2170E5C5003E7B92 /* SpreadSheet.h */ = {isa = PBXFileReference; fileEncoding = 4; lastKnownFileType = sourcecode.c.h; path = SpreadSheet.h; sourceTree = "<group>"; };
		E198517F2170E5C5003E7B92 /* DlgAuthenticate.h */ = {isa = PBXFileReference; fileEncoding = 4; lastKnownFileType = sourcecode.c.h; path = DlgAuthenticate.h; sourceTree = "<group>"; };
		E19851802170E5C5003E7B92 /* ListData.h */ = {isa = PBXFileReference; fileEncoding = 4; lastKnownFileType = sourcecode.c.h; path = ListData.h; sourceTree = "<group>"; };
		E19851812170E5C5003E7B92 /* LanguageManager.h */ = {isa = PBXFileReference; fileEncoding = 4; lastKnownFileType = sourcecode.c.h; path = LanguageManager.h; sourceTree = "<group>"; };
		E19851822170E5C5003E7B92 /* ListCtrl.h */ = {isa = PBXFileReference; fileEncoding = 4; lastKnownFileType = sourcecode.c.h; path = ListCtrl.h; sourceTree = "<group>"; };
		E19851832170E5C5003E7B92 /* ARBWinUtilities.h */ = {isa = PBXFileReference; fileEncoding = 4; lastKnownFileType = sourcecode.c.h; path = ARBWinUtilities.h; sourceTree = "<group>"; };
		E19851842170E5C5003E7B92 /* SetupApp.h */ = {isa = PBXFileReference; fileEncoding = 4; lastKnownFileType = sourcecode.c.h; path = SetupApp.h; sourceTree = "<group>"; };
		E19851852170E5C5003E7B92 /* TaskbarProgress.h */ = {isa = PBXFileReference; fileEncoding = 4; lastKnownFileType = sourcecode.c.h; path = TaskbarProgress.h; sourceTree = "<group>"; };
		E19851862170E5C5003E7B92 /* DlgProgress.h */ = {isa = PBXFileReference; fileEncoding = 4; lastKnownFileType = sourcecode.c.h; path = DlgProgress.h; sourceTree = "<group>"; };
		E19851872170E5C5003E7B92 /* RegItemsBase.h */ = {isa = PBXFileReference; fileEncoding = 4; lastKnownFileType = sourcecode.c.h; path = RegItemsBase.h; sourceTree = "<group>"; };
		E19851882170E5C5003E7B92 /* ColumnOrder.h */ = {isa = PBXFileReference; fileEncoding = 4; lastKnownFileType = sourcecode.c.h; path = ColumnOrder.h; sourceTree = "<group>"; };
		E19851892170E5C5003E7B92 /* DPI.h */ = {isa = PBXFileReference; fileEncoding = 4; lastKnownFileType = sourcecode.c.h; path = DPI.h; sourceTree = "<group>"; };
		E198518A2170E5C5003E7B92 /* ImageHelperBase.h */ = {isa = PBXFileReference; fileEncoding = 4; lastKnownFileType = sourcecode.c.h; path = ImageHelperBase.h; sourceTree = "<group>"; };
		E198518B2170E5C5003E7B92 /* CheckLink.h */ = {isa = PBXFileReference; fileEncoding = 4; lastKnownFileType = sourcecode.c.h; path = CheckLink.h; sourceTree = "<group>"; };
		E198518C2170E5C5003E7B92 /* Validators.h */ = {isa = PBXFileReference; fileEncoding = 4; lastKnownFileType = sourcecode.c.h; path = Validators.h; sourceTree = "<group>"; };
		E198518D2170E5C5003E7B92 /* Widgets.h */ = {isa = PBXFileReference; fileEncoding = 4; lastKnownFileType = sourcecode.c.h; path = Widgets.h; sourceTree = "<group>"; };
		E198518E2170E5C5003E7B92 /* CheckTreeCtrl.h */ = {isa = PBXFileReference; fileEncoding = 4; lastKnownFileType = sourcecode.c.h; path = CheckTreeCtrl.h; sourceTree = "<group>"; };
		E19B62EB166C08B9004DEDA4 /* libLibARBWin.a */ = {isa = PBXFileReference; explicitFileType = archive.ar; includeInIndex = 0; path = libLibARBWin.a; sourceTree = BUILT_PRODUCTS_DIR; };
		E19B65D2166C1054004DEDA4 /* IProgressMeter.h */ = {isa = PBXFileReference; fileEncoding = 4; lastKnownFileType = sourcecode.c.h; path = IProgressMeter.h; sourceTree = "<group>"; };
		E19B65D4166C1054004DEDA4 /* VersionNumber.h */ = {isa = PBXFileReference; fileEncoding = 4; lastKnownFileType = sourcecode.c.h; path = VersionNumber.h; sourceTree = "<group>"; };
		E1BED386237F8F700091278E /* ImageManager.cpp */ = {isa = PBXFileReference; fileEncoding = 4; lastKnownFileType = sourcecode.cpp.cpp; name = ImageManager.cpp; path = ../Libraries/LibARBWin/ImageManager.cpp; sourceTree = "<group>"; };
		E1BED387237F8F710091278E /* ImageHelperBase.cpp */ = {isa = PBXFileReference; fileEncoding = 4; lastKnownFileType = sourcecode.cpp.cpp; name = ImageHelperBase.cpp; path = ../Libraries/LibARBWin/ImageHelperBase.cpp; sourceTree = "<group>"; };
		E1BED388237F8F710091278E /* LanguageManager.cpp */ = {isa = PBXFileReference; fileEncoding = 4; lastKnownFileType = sourcecode.cpp.cpp; name = LanguageManager.cpp; path = ../Libraries/LibARBWin/LanguageManager.cpp; sourceTree = "<group>"; };
		E1BED389237F8F710091278E /* DlgConfigAccel.h */ = {isa = PBXFileReference; fileEncoding = 4; lastKnownFileType = sourcecode.c.h; name = DlgConfigAccel.h; path = ../Libraries/LibARBWin/DlgConfigAccel.h; sourceTree = "<group>"; };
		E1BED38A237F8F710091278E /* Validators.cpp */ = {isa = PBXFileReference; fileEncoding = 4; lastKnownFileType = sourcecode.cpp.cpp; name = Validators.cpp; path = ../Libraries/LibARBWin/Validators.cpp; sourceTree = "<group>"; };
		E1BED38B237F8F710091278E /* ListCtrl.cpp */ = {isa = PBXFileReference; fileEncoding = 4; lastKnownFileType = sourcecode.cpp.cpp; name = ListCtrl.cpp; path = ../Libraries/LibARBWin/ListCtrl.cpp; sourceTree = "<group>"; };
		E1BED38C237F8F710091278E /* SpreadSheet.cpp */ = {isa = PBXFileReference; fileEncoding = 4; lastKnownFileType = sourcecode.cpp.cpp; name = SpreadSheet.cpp; path = ../Libraries/LibARBWin/SpreadSheet.cpp; sourceTree = "<group>"; };
		E1BED38D237F8F710091278E /* stdafx.h */ = {isa = PBXFileReference; fileEncoding = 4; lastKnownFileType = sourcecode.c.h; name = stdafx.h; path = ../Libraries/LibARBWin/stdafx.h; sourceTree = "<group>"; };
		E1BED38E237F8F710091278E /* StatusBarHelper.cpp */ = {isa = PBXFileReference; fileEncoding = 4; lastKnownFileType = sourcecode.cpp.cpp; name = StatusBarHelper.cpp; path = ../Libraries/LibARBWin/StatusBarHelper.cpp; sourceTree = "<group>"; };
		E1BED38F237F8F710091278E /* CheckTreeCtrl.cpp */ = {isa = PBXFileReference; fileEncoding = 4; lastKnownFileType = sourcecode.cpp.cpp; name = CheckTreeCtrl.cpp; path = ../Libraries/LibARBWin/CheckTreeCtrl.cpp; sourceTree = "<group>"; };
		E1BED390237F8F710091278E /* DlgConfigAccel.cpp */ = {isa = PBXFileReference; fileEncoding = 4; lastKnownFileType = sourcecode.cpp.cpp; name = DlgConfigAccel.cpp; path = ../Libraries/LibARBWin/DlgConfigAccel.cpp; sourceTree = "<group>"; };
		E1BED391237F8F720091278E /* DlgAuthenticate.cpp */ = {isa = PBXFileReference; fileEncoding = 4; lastKnownFileType = sourcecode.cpp.cpp; name = DlgAuthenticate.cpp; path = ../Libraries/LibARBWin/DlgAuthenticate.cpp; sourceTree = "<group>"; };
		E1BED392237F8F720091278E /* ARBDebug.cpp */ = {isa = PBXFileReference; fileEncoding = 4; lastKnownFileType = sourcecode.cpp.cpp; name = ARBDebug.cpp; path = ../Libraries/LibARBWin/ARBDebug.cpp; sourceTree = "<group>"; };
		E1BED393237F8F720091278E /* DPI.cpp */ = {isa = PBXFileReference; fileEncoding = 4; lastKnownFileType = sourcecode.cpp.cpp; name = DPI.cpp; path = ../Libraries/LibARBWin/DPI.cpp; sourceTree = "<group>"; };
		E1BED394237F8F720091278E /* ARBWinUtilities.cpp */ = {isa = PBXFileReference; fileEncoding = 4; lastKnownFileType = sourcecode.cpp.cpp; name = ARBWinUtilities.cpp; path = ../Libraries/LibARBWin/ARBWinUtilities.cpp; sourceTree = "<group>"; };
		E1BED395237F8F720091278E /* ColumnOrder.cpp */ = {isa = PBXFileReference; fileEncoding = 4; lastKnownFileType = sourcecode.cpp.cpp; name = ColumnOrder.cpp; path = ../Libraries/LibARBWin/ColumnOrder.cpp; sourceTree = "<group>"; };
		E1BED396237F8F720091278E /* RichEditCtrl2.cpp */ = {isa = PBXFileReference; fileEncoding = 4; lastKnownFileType = sourcecode.cpp.cpp; name = RichEditCtrl2.cpp; path = ../Libraries/LibARBWin/RichEditCtrl2.cpp; sourceTree = "<group>"; };
		E1BED397237F8F720091278E /* ListData.cpp */ = {isa = PBXFileReference; fileEncoding = 4; lastKnownFileType = sourcecode.cpp.cpp; name = ListData.cpp; path = ../Libraries/LibARBWin/ListData.cpp; sourceTree = "<group>"; };
		E1BED398237F8F720091278E /* MenuHelper.cpp */ = {isa = PBXFileReference; fileEncoding = 4; lastKnownFileType = sourcecode.cpp.cpp; name = MenuHelper.cpp; path = ../Libraries/LibARBWin/MenuHelper.cpp; sourceTree = "<group>"; };
		E1BED399237F8F720091278E /* ReadHttp.cpp */ = {isa = PBXFileReference; fileEncoding = 4; lastKnownFileType = sourcecode.cpp.cpp; name = ReadHttp.cpp; path = ../Libraries/LibARBWin/ReadHttp.cpp; sourceTree = "<group>"; };
		E1BED39A237F8F720091278E /* stdafx.cpp */ = {isa = PBXFileReference; fileEncoding = 4; lastKnownFileType = sourcecode.cpp.cpp; name = stdafx.cpp; path = ../Libraries/LibARBWin/stdafx.cpp; sourceTree = "<group>"; };
		E1BED39B237F8F730091278E /* TaskbarProgress.cpp */ = {isa = PBXFileReference; fileEncoding = 4; lastKnownFileType = sourcecode.cpp.cpp; name = TaskbarProgress.cpp; path = ../Libraries/LibARBWin/TaskbarProgress.cpp; sourceTree = "<group>"; };
		E1BED39C237F8F730091278E /* Widgets.cpp */ = {isa = PBXFileReference; fileEncoding = 4; lastKnownFileType = sourcecode.cpp.cpp; name = Widgets.cpp; path = ../Libraries/LibARBWin/Widgets.cpp; sourceTree = "<group>"; };
		E1BED39D237F8F730091278E /* SetupApp.cpp */ = {isa = PBXFileReference; fileEncoding = 4; lastKnownFileType = sourcecode.cpp.cpp; name = SetupApp.cpp; path = ../Libraries/LibARBWin/SetupApp.cpp; sourceTree = "<group>"; };
		E1BED39E237F8F730091278E /* DlgProgress.cpp */ = {isa = PBXFileReference; fileEncoding = 4; lastKnownFileType = sourcecode.cpp.cpp; name = DlgProgress.cpp; path = ../Libraries/LibARBWin/DlgProgress.cpp; sourceTree = "<group>"; };
		E1BED39F237F8F730091278E /* CheckLink.cpp */ = {isa = PBXFileReference; fileEncoding = 4; lastKnownFileType = sourcecode.cpp.cpp; name = CheckLink.cpp; path = ../Libraries/LibARBWin/CheckLink.cpp; sourceTree = "<group>"; };
		E1CAE56216B5BF4900B33FE5 /* arbWarningPop.h */ = {isa = PBXFileReference; fileEncoding = 4; lastKnownFileType = sourcecode.c.h; path = arbWarningPop.h; sourceTree = "<group>"; };
		E1CAE56316B5BF4900B33FE5 /* arbWarningPush.h */ = {isa = PBXFileReference; fileEncoding = 4; lastKnownFileType = sourcecode.c.h; path = arbWarningPush.h; sourceTree = "<group>"; };
		E1CAE56416B5BF4900B33FE5 /* SetupARBPost.h */ = {isa = PBXFileReference; fileEncoding = 4; lastKnownFileType = sourcecode.c.h; path = SetupARBPost.h; sourceTree = "<group>"; };
		E1CAE56516B5BF4900B33FE5 /* SetupARBPre.h */ = {isa = PBXFileReference; fileEncoding = 4; lastKnownFileType = sourcecode.c.h; path = SetupARBPre.h; sourceTree = "<group>"; };
		E1CAE56716B5BF4900B33FE5 /* SetupWX.h */ = {isa = PBXFileReference; fileEncoding = 4; lastKnownFileType = sourcecode.c.h; path = SetupWX.h; sourceTree = "<group>"; };
/* End PBXFileReference section */

/* Begin PBXFrameworksBuildPhase section */
		E19B62E8166C08B9004DEDA4 /* Frameworks */ = {
			isa = PBXFrameworksBuildPhase;
			buildActionMask = 2147483647;
			files = (
			);
			runOnlyForDeploymentPostprocessing = 0;
		};
/* End PBXFrameworksBuildPhase section */

/* Begin PBXGroup section */
		E110B4A7177FCFCC004071B5 /* LibARBWin */ = {
			isa = PBXGroup;
			children = (
				E19851832170E5C5003E7B92 /* ARBWinUtilities.h */,
				E198518B2170E5C5003E7B92 /* CheckLink.h */,
				E198518E2170E5C5003E7B92 /* CheckTreeCtrl.h */,
				E19851882170E5C5003E7B92 /* ColumnOrder.h */,
				E198517F2170E5C5003E7B92 /* DlgAuthenticate.h */,
				E19851862170E5C5003E7B92 /* DlgProgress.h */,
				E19851892170E5C5003E7B92 /* DPI.h */,
				E198518A2170E5C5003E7B92 /* ImageHelperBase.h */,
				E198517C2170E5C5003E7B92 /* ImageManager.h */,
				E19851812170E5C5003E7B92 /* LanguageManager.h */,
				E19851822170E5C5003E7B92 /* ListCtrl.h */,
				E19851802170E5C5003E7B92 /* ListData.h */,
				E198517D2170E5C5003E7B92 /* MenuHelper.h */,
				E198517A2170E5C5003E7B92 /* ReadHttp.h */,
				E19851872170E5C5003E7B92 /* RegItemsBase.h */,
				E198517B2170E5C5003E7B92 /* RichEditCtrl2.h */,
				E19851842170E5C5003E7B92 /* SetupApp.h */,
				E198517E2170E5C5003E7B92 /* SpreadSheet.h */,
				E112AE9221FE3DE900D6FE27 /* StatusBarHelper.h */,
				E19851852170E5C5003E7B92 /* TaskbarProgress.h */,
				E198518C2170E5C5003E7B92 /* Validators.h */,
				E198518D2170E5C5003E7B92 /* Widgets.h */,
			);
			path = LibARBWin;
			sourceTree = "<group>";
		};
		E19B62E0166C08B9004DEDA4 = {
			isa = PBXGroup;
			children = (
				E19B62F2166C08FF004DEDA4 /* Source */,
				E19B62EC166C08B9004DEDA4 /* Products */,
			);
			sourceTree = "<group>";
		};
		E19B62EC166C08B9004DEDA4 /* Products */ = {
			isa = PBXGroup;
			children = (
				E19B62EB166C08B9004DEDA4 /* libLibARBWin.a */,
			);
			name = Products;
			sourceTree = "<group>";
		};
		E19B62F2166C08FF004DEDA4 /* Source */ = {
			isa = PBXGroup;
			children = (
				E19B65D0166C1054004DEDA4 /* Include */,
				E19B62F3166C090F004DEDA4 /* LibARBWin */,
			);
			name = Source;
			sourceTree = "<group>";
		};
		E19B62F3166C090F004DEDA4 /* LibARBWin */ = {
			isa = PBXGroup;
			children = (
				E1BED392237F8F720091278E /* ARBDebug.cpp */,
				E1BED394237F8F720091278E /* ARBWinUtilities.cpp */,
				E1BED39F237F8F730091278E /* CheckLink.cpp */,
				E1BED38F237F8F710091278E /* CheckTreeCtrl.cpp */,
				E1BED395237F8F720091278E /* ColumnOrder.cpp */,
				E1BED391237F8F720091278E /* DlgAuthenticate.cpp */,
				E1BED390237F8F710091278E /* DlgConfigAccel.cpp */,
				E1BED389237F8F710091278E /* DlgConfigAccel.h */,
				E1BED39E237F8F730091278E /* DlgProgress.cpp */,
				E1BED393237F8F720091278E /* DPI.cpp */,
				E1BED387237F8F710091278E /* ImageHelperBase.cpp */,
				E1BED386237F8F700091278E /* ImageManager.cpp */,
				E1BED388237F8F710091278E /* LanguageManager.cpp */,
				E1BED38B237F8F710091278E /* ListCtrl.cpp */,
				E1BED397237F8F720091278E /* ListData.cpp */,
				E1BED398237F8F720091278E /* MenuHelper.cpp */,
				E1BED399237F8F720091278E /* ReadHttp.cpp */,
				E1BED396237F8F720091278E /* RichEditCtrl2.cpp */,
				E1BED39D237F8F730091278E /* SetupApp.cpp */,
				E1BED38C237F8F710091278E /* SpreadSheet.cpp */,
				E1BED38E237F8F710091278E /* StatusBarHelper.cpp */,
				E1BED39A237F8F720091278E /* stdafx.cpp */,
				E1BED38D237F8F710091278E /* stdafx.h */,
				E1BED39B237F8F730091278E /* TaskbarProgress.cpp */,
				E1BED38A237F8F710091278E /* Validators.cpp */,
				E1BED39C237F8F730091278E /* Widgets.cpp */,
			);
			name = LibARBWin;
			path = ../../../LibARBWin;
			sourceTree = "<group>";
		};
		E19B65D0166C1054004DEDA4 /* Include */ = {
			isa = PBXGroup;
			children = (
				E110B4A7177FCFCC004071B5 /* LibARBWin */,
				E1CAE56116B5BF4900B33FE5 /* Platform */,
				E19B65D2166C1054004DEDA4 /* IProgressMeter.h */,
				E19B65D4166C1054004DEDA4 /* VersionNumber.h */,
			);
			name = Include;
			path = ../../../Include;
			sourceTree = "<group>";
		};
		E1CAE56116B5BF4900B33FE5 /* Platform */ = {
			isa = PBXGroup;
			children = (
				E1CAE56216B5BF4900B33FE5 /* arbWarningPop.h */,
				E1CAE56316B5BF4900B33FE5 /* arbWarningPush.h */,
				E1CAE56416B5BF4900B33FE5 /* SetupARBPost.h */,
				E1CAE56516B5BF4900B33FE5 /* SetupARBPre.h */,
				E1CAE56716B5BF4900B33FE5 /* SetupWX.h */,
			);
			path = Platform;
			sourceTree = "<group>";
		};
/* End PBXGroup section */

/* Begin PBXHeadersBuildPhase section */
		E19B62E9166C08B9004DEDA4 /* Headers */ = {
			isa = PBXHeadersBuildPhase;
			buildActionMask = 2147483647;
			files = (
				E112AE9321FE3DEA00D6FE27 /* StatusBarHelper.h in Headers */,
				E198519E2170E5C5003E7B92 /* DPI.h in Headers */,
				E1BED3A7237F8F730091278E /* stdafx.h in Headers */,
				E19851902170E5C5003E7B92 /* RichEditCtrl2.h in Headers */,
				E19851A12170E5C5003E7B92 /* Validators.h in Headers */,
				E19851932170E5C5003E7B92 /* SpreadSheet.h in Headers */,
				E19851972170E5C5003E7B92 /* ListCtrl.h in Headers */,
				E19851A22170E5C5003E7B92 /* Widgets.h in Headers */,
				E1BED3A3237F8F730091278E /* DlgConfigAccel.h in Headers */,
				E19851A02170E5C5003E7B92 /* CheckLink.h in Headers */,
				E198519A2170E5C5003E7B92 /* TaskbarProgress.h in Headers */,
				E1CAE56816B5BF4900B33FE5 /* arbWarningPop.h in Headers */,
				E19851922170E5C5003E7B92 /* MenuHelper.h in Headers */,
				E19851982170E5C5003E7B92 /* ARBWinUtilities.h in Headers */,
				E1CAE56916B5BF4900B33FE5 /* arbWarningPush.h in Headers */,
				E198519B2170E5C5003E7B92 /* DlgProgress.h in Headers */,
				E1CAE56A16B5BF4900B33FE5 /* SetupARBPost.h in Headers */,
				E19851992170E5C5003E7B92 /* SetupApp.h in Headers */,
				E19851912170E5C5003E7B92 /* ImageManager.h in Headers */,
				E19851962170E5C5003E7B92 /* LanguageManager.h in Headers */,
				E19851A32170E5C5003E7B92 /* CheckTreeCtrl.h in Headers */,
				E198518F2170E5C5003E7B92 /* ReadHttp.h in Headers */,
				E198519C2170E5C5003E7B92 /* RegItemsBase.h in Headers */,
				E19851952170E5C5003E7B92 /* ListData.h in Headers */,
				E19851942170E5C5003E7B92 /* DlgAuthenticate.h in Headers */,
				E1CAE56B16B5BF4900B33FE5 /* SetupARBPre.h in Headers */,
				E198519D2170E5C5003E7B92 /* ColumnOrder.h in Headers */,
				E198519F2170E5C5003E7B92 /* ImageHelperBase.h in Headers */,
				E1CAE56D16B5BF4900B33FE5 /* SetupWX.h in Headers */,
			);
			runOnlyForDeploymentPostprocessing = 0;
		};
/* End PBXHeadersBuildPhase section */

/* Begin PBXNativeTarget section */
		E19B62EA166C08B9004DEDA4 /* LibARBWin */ = {
			isa = PBXNativeTarget;
			buildConfigurationList = E19B62EF166C08B9004DEDA4 /* Build configuration list for PBXNativeTarget "LibARBWin" */;
			buildPhases = (
				E19B62E7166C08B9004DEDA4 /* Sources */,
				E19B62E8166C08B9004DEDA4 /* Frameworks */,
				E19B62E9166C08B9004DEDA4 /* Headers */,
			);
			buildRules = (
			);
			dependencies = (
			);
			name = LibARBWin;
			productName = LibARBWin;
			productReference = E19B62EB166C08B9004DEDA4 /* libLibARBWin.a */;
			productType = "com.apple.product-type.library.static";
		};
/* End PBXNativeTarget section */

/* Begin PBXProject section */
		E19B62E2166C08B9004DEDA4 /* Project object */ = {
			isa = PBXProject;
			attributes = {
				LastUpgradeCheck = 0930;
				ORGANIZATIONNAME = "David Connet";
			};
			buildConfigurationList = E19B62E5166C08B9004DEDA4 /* Build configuration list for PBXProject "LibARBWin" */;
			compatibilityVersion = "Xcode 10.0";
			developmentRegion = en;
			hasScannedForEncodings = 0;
			knownRegions = (
				en,
				Base,
			);
			mainGroup = E19B62E0166C08B9004DEDA4;
			productRefGroup = E19B62EC166C08B9004DEDA4 /* Products */;
			projectDirPath = "";
			projectRoot = "";
			targets = (
				E19B62EA166C08B9004DEDA4 /* LibARBWin */,
			);
		};
/* End PBXProject section */

/* Begin PBXSourcesBuildPhase section */
		E19B62E7166C08B9004DEDA4 /* Sources */ = {
			isa = PBXSourcesBuildPhase;
			buildActionMask = 2147483647;
			files = (
				E1BED3A4237F8F730091278E /* Validators.cpp in Sources */,
				E1BED3A1237F8F730091278E /* ImageHelperBase.cpp in Sources */,
				E1BED3B9237F8F730091278E /* CheckLink.cpp in Sources */,
				E1BED3A5237F8F730091278E /* ListCtrl.cpp in Sources */,
				E1BED3B7237F8F730091278E /* SetupApp.cpp in Sources */,
				E1BED3B1237F8F730091278E /* ListData.cpp in Sources */,
				E1BED3A0237F8F730091278E /* ImageManager.cpp in Sources */,
				E1BED3A8237F8F730091278E /* StatusBarHelper.cpp in Sources */,
				E1BED3B2237F8F730091278E /* MenuHelper.cpp in Sources */,
				E1BED3A9237F8F730091278E /* CheckTreeCtrl.cpp in Sources */,
				E1BED3AF237F8F730091278E /* ColumnOrder.cpp in Sources */,
				E1BED3AC237F8F730091278E /* ARBDebug.cpp in Sources */,
				E1BED3A6237F8F730091278E /* SpreadSheet.cpp in Sources */,
				E1BED3AE237F8F730091278E /* ARBWinUtilities.cpp in Sources */,
				E1BED3B4237F8F730091278E /* stdafx.cpp in Sources */,
				E1BED3B5237F8F730091278E /* TaskbarProgress.cpp in Sources */,
				E1BED3AA237F8F730091278E /* DlgConfigAccel.cpp in Sources */,
				E1BED3AD237F8F730091278E /* DPI.cpp in Sources */,
				E1BED3AB237F8F730091278E /* DlgAuthenticate.cpp in Sources */,
				E1BED3B0237F8F730091278E /* RichEditCtrl2.cpp in Sources */,
				E1BED3A2237F8F730091278E /* LanguageManager.cpp in Sources */,
				E1BED3B3237F8F730091278E /* ReadHttp.cpp in Sources */,
				E1BED3B8237F8F730091278E /* DlgProgress.cpp in Sources */,
				E1BED3B6237F8F730091278E /* Widgets.cpp in Sources */,
			);
			runOnlyForDeploymentPostprocessing = 0;
		};
/* End PBXSourcesBuildPhase section */

/* Begin XCBuildConfiguration section */
		E19B62ED166C08B9004DEDA4 /* Debug */ = {
			isa = XCBuildConfiguration;
			buildSettings = {
				ALWAYS_SEARCH_USER_PATHS = NO;
				CLANG_CXX_LANGUAGE_STANDARD = "c++14";
				CLANG_CXX_LIBRARY = "libc++";
				CLANG_WARN_BLOCK_CAPTURE_AUTORELEASING = YES;
				CLANG_WARN_BOOL_CONVERSION = YES;
				CLANG_WARN_COMMA = YES;
				CLANG_WARN_CONSTANT_CONVERSION = YES;
				CLANG_WARN_DEPRECATED_OBJC_IMPLEMENTATIONS = YES;
				CLANG_WARN_EMPTY_BODY = YES;
				CLANG_WARN_ENUM_CONVERSION = YES;
				CLANG_WARN_INFINITE_RECURSION = YES;
				CLANG_WARN_INT_CONVERSION = YES;
				CLANG_WARN_NON_LITERAL_NULL_CONVERSION = YES;
				CLANG_WARN_OBJC_IMPLICIT_RETAIN_SELF = YES;
				CLANG_WARN_OBJC_LITERAL_CONVERSION = YES;
				CLANG_WARN_RANGE_LOOP_ANALYSIS = YES;
				CLANG_WARN_STRICT_PROTOTYPES = YES;
				CLANG_WARN_SUSPICIOUS_MOVE = YES;
				CLANG_WARN_UNREACHABLE_CODE = YES;
				CLANG_WARN__DUPLICATE_METHOD_MATCH = YES;
				COPY_PHASE_STRIP = NO;
				ENABLE_STRICT_OBJC_MSGSEND = YES;
				ENABLE_TESTABILITY = YES;
				GCC_C_LANGUAGE_STANDARD = "compiler-default";
				GCC_DYNAMIC_NO_PIC = NO;
				GCC_ENABLE_OBJC_EXCEPTIONS = YES;
				GCC_NO_COMMON_BLOCKS = YES;
				GCC_OPTIMIZATION_LEVEL = 0;
				GCC_PREPROCESSOR_DEFINITIONS = (
					"DEBUG=1",
					"$(inherited)",
				);
				GCC_SYMBOLS_PRIVATE_EXTERN = NO;
				GCC_TREAT_WARNINGS_AS_ERRORS = YES;
				GCC_VERSION = "";
				GCC_WARN_64_TO_32_BIT_CONVERSION = NO;
				GCC_WARN_ABOUT_RETURN_TYPE = YES;
				GCC_WARN_SHADOW = NO;
				GCC_WARN_UNDECLARED_SELECTOR = YES;
				GCC_WARN_UNINITIALIZED_AUTOS = NO;
				GCC_WARN_UNUSED_FUNCTION = YES;
				GCC_WARN_UNUSED_VARIABLE = YES;
				MACOSX_DEPLOYMENT_TARGET = 10.7;
				ONLY_ACTIVE_ARCH = YES;
				OTHER_CFLAGS = (
					"-I$SRCROOT/../../../Include",
					"-I$SRCROOT/../../../3rdParty/LibFmt/include",
					"-I$WXWIN/build-debug/lib/wx/include/osx_cocoa-unicode-static-3.1",
					"-I$WXWIN/include",
					"-D_FILE_OFFSET_BITS=64",
					"-D__WXMAC__",
					"-D__WXOSX__",
					"-D__WXOSX_COCOA__",
					"-DUSE_WXWIDGETS",
				);
				SDKROOT = macosx;
			};
			name = Debug;
		};
		E19B62EE166C08B9004DEDA4 /* Release */ = {
			isa = XCBuildConfiguration;
			buildSettings = {
				ALWAYS_SEARCH_USER_PATHS = NO;
				CLANG_CXX_LANGUAGE_STANDARD = "c++14";
				CLANG_CXX_LIBRARY = "libc++";
				CLANG_WARN_BLOCK_CAPTURE_AUTORELEASING = YES;
				CLANG_WARN_BOOL_CONVERSION = YES;
				CLANG_WARN_COMMA = YES;
				CLANG_WARN_CONSTANT_CONVERSION = YES;
				CLANG_WARN_DEPRECATED_OBJC_IMPLEMENTATIONS = YES;
				CLANG_WARN_EMPTY_BODY = YES;
				CLANG_WARN_ENUM_CONVERSION = YES;
				CLANG_WARN_INFINITE_RECURSION = YES;
				CLANG_WARN_INT_CONVERSION = YES;
				CLANG_WARN_NON_LITERAL_NULL_CONVERSION = YES;
				CLANG_WARN_OBJC_IMPLICIT_RETAIN_SELF = YES;
				CLANG_WARN_OBJC_LITERAL_CONVERSION = YES;
				CLANG_WARN_RANGE_LOOP_ANALYSIS = YES;
				CLANG_WARN_STRICT_PROTOTYPES = YES;
				CLANG_WARN_SUSPICIOUS_MOVE = YES;
				CLANG_WARN_UNREACHABLE_CODE = YES;
				CLANG_WARN__DUPLICATE_METHOD_MATCH = YES;
				COPY_PHASE_STRIP = YES;
				DEBUG_INFORMATION_FORMAT = "dwarf-with-dsym";
				ENABLE_STRICT_OBJC_MSGSEND = YES;
				GCC_C_LANGUAGE_STANDARD = "compiler-default";
				GCC_ENABLE_OBJC_EXCEPTIONS = YES;
				GCC_NO_COMMON_BLOCKS = YES;
				GCC_TREAT_WARNINGS_AS_ERRORS = YES;
				GCC_VERSION = "";
				GCC_WARN_64_TO_32_BIT_CONVERSION = NO;
				GCC_WARN_ABOUT_RETURN_TYPE = YES;
				GCC_WARN_SHADOW = NO;
				GCC_WARN_UNDECLARED_SELECTOR = YES;
				GCC_WARN_UNINITIALIZED_AUTOS = YES;
				GCC_WARN_UNUSED_FUNCTION = YES;
				GCC_WARN_UNUSED_VARIABLE = YES;
				MACOSX_DEPLOYMENT_TARGET = 10.7;
				OTHER_CFLAGS = (
					"-I$SRCROOT/../../../Include",
					"-I$SRCROOT/../../../3rdParty/LibFmt/include",
					"-I$WXWIN/build-release/lib/wx/include/osx_cocoa-unicode-static-3.1",
					"-I$WXWIN/include",
					"-D_FILE_OFFSET_BITS=64",
					"-DwxDEBUG_LEVEL=0",
					"-D__WXMAC__",
					"-D__WXOSX__",
					"-D__WXOSX_COCOA__",
					"-DUSE_WXWIDGETS",
				);
				SDKROOT = macosx;
			};
			name = Release;
		};
		E19B62F0166C08B9004DEDA4 /* Debug */ = {
			isa = XCBuildConfiguration;
			buildSettings = {
				CLANG_ENABLE_OBJC_WEAK = YES;
				COMBINE_HIDPI_IMAGES = YES;
				EXECUTABLE_PREFIX = lib;
				PRODUCT_NAME = "$(TARGET_NAME)";
			};
			name = Debug;
		};
		E19B62F1166C08B9004DEDA4 /* Release */ = {
			isa = XCBuildConfiguration;
			buildSettings = {
				CLANG_ENABLE_OBJC_WEAK = YES;
				COMBINE_HIDPI_IMAGES = YES;
				EXECUTABLE_PREFIX = lib;
				PRODUCT_NAME = "$(TARGET_NAME)";
			};
			name = Release;
		};
/* End XCBuildConfiguration section */

/* Begin XCConfigurationList section */
		E19B62E5166C08B9004DEDA4 /* Build configuration list for PBXProject "LibARBWin" */ = {
			isa = XCConfigurationList;
			buildConfigurations = (
				E19B62ED166C08B9004DEDA4 /* Debug */,
				E19B62EE166C08B9004DEDA4 /* Release */,
			);
			defaultConfigurationIsVisible = 0;
			defaultConfigurationName = Release;
		};
		E19B62EF166C08B9004DEDA4 /* Build configuration list for PBXNativeTarget "LibARBWin" */ = {
			isa = XCConfigurationList;
			buildConfigurations = (
				E19B62F0166C08B9004DEDA4 /* Debug */,
				E19B62F1166C08B9004DEDA4 /* Release */,
			);
			defaultConfigurationIsVisible = 0;
			defaultConfigurationName = Release;
		};
/* End XCConfigurationList section */
	};
	rootObject = E19B62E2166C08B9004DEDA4 /* Project object */;
}
